// !$*UTF8*$!
{
	archiveVersion = 1;
	classes = {
	};
	objectVersion = 46;
	objects = {

/* Begin PBXBuildFile section */
		1107F48817C8096300A09128 /* SRIInitialSlidingViewController.m in Sources */ = {isa = PBXBuildFile; fileRef = 1107F48717C8096300A09128 /* SRIInitialSlidingViewController.m */; };
		1107F48B17C80ABD00A09128 /* SRIMessagesViewController.m in Sources */ = {isa = PBXBuildFile; fileRef = 1107F48A17C80ABD00A09128 /* SRIMessagesViewController.m */; };
		1107F48E17C80B5C00A09128 /* SRIMenuViewController.m in Sources */ = {isa = PBXBuildFile; fileRef = 1107F48D17C80B5C00A09128 /* SRIMenuViewController.m */; };
		1107F49117C80C7300A09128 /* SRIRightViewController.m in Sources */ = {isa = PBXBuildFile; fileRef = 1107F49017C80C7200A09128 /* SRIRightViewController.m */; };
		1107F49417C8107C00A09128 /* SRINavigationTopViewController.m in Sources */ = {isa = PBXBuildFile; fileRef = 1107F49317C8107B00A09128 /* SRINavigationTopViewController.m */; };
		110FFC6B17C30B8700CA056D /* libReactiveCocoa-iOS.a in Frameworks */ = {isa = PBXBuildFile; fileRef = 110FFC6A17C30B8700CA056D /* libReactiveCocoa-iOS.a */; };
		1139D8F317BDC04900564087 /* SRIConversationEntity.m in Sources */ = {isa = PBXBuildFile; fileRef = 1139D8F217BDC04800564087 /* SRIConversationEntity.m */; };
		1139D8F617BDC04A00564087 /* SRIUserEntity.m in Sources */ = {isa = PBXBuildFile; fileRef = 1139D8F517BDC04900564087 /* SRIUserEntity.m */; };
		1139D8F917BDC04A00564087 /* SRIMessageEntity.m in Sources */ = {isa = PBXBuildFile; fileRef = 1139D8F817BDC04A00564087 /* SRIMessageEntity.m */; };
		115D778317B68C05009A09F6 /* UIKit.framework in Frameworks */ = {isa = PBXBuildFile; fileRef = 115D778217B68C05009A09F6 /* UIKit.framework */; };
		115D778517B68C05009A09F6 /* Foundation.framework in Frameworks */ = {isa = PBXBuildFile; fileRef = 115D778417B68C05009A09F6 /* Foundation.framework */; };
		115D778717B68C05009A09F6 /* CoreGraphics.framework in Frameworks */ = {isa = PBXBuildFile; fileRef = 115D778617B68C05009A09F6 /* CoreGraphics.framework */; };
		115D778D17B68C05009A09F6 /* InfoPlist.strings in Resources */ = {isa = PBXBuildFile; fileRef = 115D778B17B68C05009A09F6 /* InfoPlist.strings */; };
		115D778F17B68C05009A09F6 /* main.m in Sources */ = {isa = PBXBuildFile; fileRef = 115D778E17B68C05009A09F6 /* main.m */; };
		115D779317B68C05009A09F6 /* SRIAppDelegate.m in Sources */ = {isa = PBXBuildFile; fileRef = 115D779217B68C05009A09F6 /* SRIAppDelegate.m */; };
		115D779517B68C05009A09F6 /* Default.png in Resources */ = {isa = PBXBuildFile; fileRef = 115D779417B68C05009A09F6 /* Default.png */; };
		115D779717B68C05009A09F6 /* Default@2x.png in Resources */ = {isa = PBXBuildFile; fileRef = 115D779617B68C05009A09F6 /* Default@2x.png */; };
		115D779917B68C05009A09F6 /* Default-568h@2x.png in Resources */ = {isa = PBXBuildFile; fileRef = 115D779817B68C05009A09F6 /* Default-568h@2x.png */; };
		115D779C17B68C05009A09F6 /* MainStoryboard.storyboard in Resources */ = {isa = PBXBuildFile; fileRef = 115D779A17B68C05009A09F6 /* MainStoryboard.storyboard */; };
		115D779F17B68C05009A09F6 /* SRIViewController.m in Sources */ = {isa = PBXBuildFile; fileRef = 115D779E17B68C05009A09F6 /* SRIViewController.m */; };
		115D77A717B68C05009A09F6 /* SenTestingKit.framework in Frameworks */ = {isa = PBXBuildFile; fileRef = 115D77A617B68C05009A09F6 /* SenTestingKit.framework */; };
		115D77A817B68C05009A09F6 /* UIKit.framework in Frameworks */ = {isa = PBXBuildFile; fileRef = 115D778217B68C05009A09F6 /* UIKit.framework */; };
		115D77A917B68C05009A09F6 /* Foundation.framework in Frameworks */ = {isa = PBXBuildFile; fileRef = 115D778417B68C05009A09F6 /* Foundation.framework */; };
		115D77B117B68C05009A09F6 /* InfoPlist.strings in Resources */ = {isa = PBXBuildFile; fileRef = 115D77AF17B68C05009A09F6 /* InfoPlist.strings */; };
		115D77B417B68C05009A09F6 /* naradTests.m in Sources */ = {isa = PBXBuildFile; fileRef = 115D77B317B68C05009A09F6 /* naradTests.m */; };
		115D77D817B68C59009A09F6 /* logging_mosq.c in Sources */ = {isa = PBXBuildFile; fileRef = 115D77BF17B68C59009A09F6 /* logging_mosq.c */; };
		115D77D917B68C59009A09F6 /* logging_mosq.c in Sources */ = {isa = PBXBuildFile; fileRef = 115D77BF17B68C59009A09F6 /* logging_mosq.c */; };
		115D77DA17B68C59009A09F6 /* memory_mosq.c in Sources */ = {isa = PBXBuildFile; fileRef = 115D77C017B68C59009A09F6 /* memory_mosq.c */; };
		115D77DB17B68C59009A09F6 /* memory_mosq.c in Sources */ = {isa = PBXBuildFile; fileRef = 115D77C017B68C59009A09F6 /* memory_mosq.c */; };
		115D77DC17B68C59009A09F6 /* messages_mosq.c in Sources */ = {isa = PBXBuildFile; fileRef = 115D77C117B68C59009A09F6 /* messages_mosq.c */; };
		115D77DD17B68C59009A09F6 /* messages_mosq.c in Sources */ = {isa = PBXBuildFile; fileRef = 115D77C117B68C59009A09F6 /* messages_mosq.c */; };
		115D77DE17B68C59009A09F6 /* mosquitto.c in Sources */ = {isa = PBXBuildFile; fileRef = 115D77C217B68C59009A09F6 /* mosquitto.c */; };
		115D77DF17B68C59009A09F6 /* mosquitto.c in Sources */ = {isa = PBXBuildFile; fileRef = 115D77C217B68C59009A09F6 /* mosquitto.c */; };
		115D77E017B68C59009A09F6 /* net_mosq.c in Sources */ = {isa = PBXBuildFile; fileRef = 115D77C317B68C59009A09F6 /* net_mosq.c */; };
		115D77E117B68C59009A09F6 /* net_mosq.c in Sources */ = {isa = PBXBuildFile; fileRef = 115D77C317B68C59009A09F6 /* net_mosq.c */; };
		115D77E217B68C59009A09F6 /* read_handle_client.c in Sources */ = {isa = PBXBuildFile; fileRef = 115D77C417B68C59009A09F6 /* read_handle_client.c */; };
		115D77E317B68C59009A09F6 /* read_handle_client.c in Sources */ = {isa = PBXBuildFile; fileRef = 115D77C417B68C59009A09F6 /* read_handle_client.c */; };
		115D77E417B68C59009A09F6 /* read_handle_shared.c in Sources */ = {isa = PBXBuildFile; fileRef = 115D77C517B68C59009A09F6 /* read_handle_shared.c */; };
		115D77E517B68C59009A09F6 /* read_handle_shared.c in Sources */ = {isa = PBXBuildFile; fileRef = 115D77C517B68C59009A09F6 /* read_handle_shared.c */; };
		115D77E617B68C59009A09F6 /* read_handle.c in Sources */ = {isa = PBXBuildFile; fileRef = 115D77C617B68C59009A09F6 /* read_handle.c */; };
		115D77E717B68C59009A09F6 /* read_handle.c in Sources */ = {isa = PBXBuildFile; fileRef = 115D77C617B68C59009A09F6 /* read_handle.c */; };
		115D77E817B68C59009A09F6 /* send_client_mosq.c in Sources */ = {isa = PBXBuildFile; fileRef = 115D77C717B68C59009A09F6 /* send_client_mosq.c */; };
		115D77E917B68C59009A09F6 /* send_client_mosq.c in Sources */ = {isa = PBXBuildFile; fileRef = 115D77C717B68C59009A09F6 /* send_client_mosq.c */; };
		115D77EA17B68C59009A09F6 /* send_mosq.c in Sources */ = {isa = PBXBuildFile; fileRef = 115D77C817B68C59009A09F6 /* send_mosq.c */; };
		115D77EB17B68C59009A09F6 /* send_mosq.c in Sources */ = {isa = PBXBuildFile; fileRef = 115D77C817B68C59009A09F6 /* send_mosq.c */; };
		115D77EC17B68C59009A09F6 /* thread_mosq.c in Sources */ = {isa = PBXBuildFile; fileRef = 115D77C917B68C59009A09F6 /* thread_mosq.c */; };
		115D77ED17B68C59009A09F6 /* thread_mosq.c in Sources */ = {isa = PBXBuildFile; fileRef = 115D77C917B68C59009A09F6 /* thread_mosq.c */; };
		115D77EE17B68C59009A09F6 /* util_mosq.c in Sources */ = {isa = PBXBuildFile; fileRef = 115D77CA17B68C59009A09F6 /* util_mosq.c */; };
		115D77EF17B68C59009A09F6 /* util_mosq.c in Sources */ = {isa = PBXBuildFile; fileRef = 115D77CA17B68C59009A09F6 /* util_mosq.c */; };
		115D77F017B68C59009A09F6 /* will_mosq.c in Sources */ = {isa = PBXBuildFile; fileRef = 115D77CB17B68C59009A09F6 /* will_mosq.c */; };
		115D77F117B68C59009A09F6 /* will_mosq.c in Sources */ = {isa = PBXBuildFile; fileRef = 115D77CB17B68C59009A09F6 /* will_mosq.c */; };
		115D77F617B68C73009A09F6 /* MosquittoClient.m in Sources */ = {isa = PBXBuildFile; fileRef = 115D77F317B68C73009A09F6 /* MosquittoClient.m */; };
		115D77F717B68C73009A09F6 /* MosquittoClient.m in Sources */ = {isa = PBXBuildFile; fileRef = 115D77F317B68C73009A09F6 /* MosquittoClient.m */; };
		115D77F817B68C73009A09F6 /* MosquittoMessage.m in Sources */ = {isa = PBXBuildFile; fileRef = 115D77F517B68C73009A09F6 /* MosquittoMessage.m */; };
		115D77F917B68C73009A09F6 /* MosquittoMessage.m in Sources */ = {isa = PBXBuildFile; fileRef = 115D77F517B68C73009A09F6 /* MosquittoMessage.m */; };
		115D785D17B73C4F009A09F6 /* TBinaryProtocol.m in Sources */ = {isa = PBXBuildFile; fileRef = 115D783C17B73C4F009A09F6 /* TBinaryProtocol.m */; };
		115D785E17B73C4F009A09F6 /* TBinaryProtocol.m in Sources */ = {isa = PBXBuildFile; fileRef = 115D783C17B73C4F009A09F6 /* TBinaryProtocol.m */; };
		115D785F17B73C4F009A09F6 /* TProtocolException.m in Sources */ = {isa = PBXBuildFile; fileRef = 115D783F17B73C4F009A09F6 /* TProtocolException.m */; };
		115D786017B73C4F009A09F6 /* TProtocolException.m in Sources */ = {isa = PBXBuildFile; fileRef = 115D783F17B73C4F009A09F6 /* TProtocolException.m */; };
		115D786117B73C4F009A09F6 /* TProtocolUtil.m in Sources */ = {isa = PBXBuildFile; fileRef = 115D784217B73C4F009A09F6 /* TProtocolUtil.m */; };
		115D786217B73C4F009A09F6 /* TProtocolUtil.m in Sources */ = {isa = PBXBuildFile; fileRef = 115D784217B73C4F009A09F6 /* TProtocolUtil.m */; };
		115D786317B73C4F009A09F6 /* TSocketServer.m in Sources */ = {isa = PBXBuildFile; fileRef = 115D784517B73C4F009A09F6 /* TSocketServer.m */; };
		115D786417B73C4F009A09F6 /* TSocketServer.m in Sources */ = {isa = PBXBuildFile; fileRef = 115D784517B73C4F009A09F6 /* TSocketServer.m */; };
		115D786517B73C4F009A09F6 /* TApplicationException.m in Sources */ = {isa = PBXBuildFile; fileRef = 115D784717B73C4F009A09F6 /* TApplicationException.m */; };
		115D786617B73C4F009A09F6 /* TApplicationException.m in Sources */ = {isa = PBXBuildFile; fileRef = 115D784717B73C4F009A09F6 /* TApplicationException.m */; };
		115D786717B73C4F009A09F6 /* TException.m in Sources */ = {isa = PBXBuildFile; fileRef = 115D784917B73C4F009A09F6 /* TException.m */; };
		115D786817B73C4F009A09F6 /* TException.m in Sources */ = {isa = PBXBuildFile; fileRef = 115D784917B73C4F009A09F6 /* TException.m */; };
		115D786917B73C4F009A09F6 /* THTTPClient.m in Sources */ = {isa = PBXBuildFile; fileRef = 115D784F17B73C4F009A09F6 /* THTTPClient.m */; };
		115D786A17B73C4F009A09F6 /* THTTPClient.m in Sources */ = {isa = PBXBuildFile; fileRef = 115D784F17B73C4F009A09F6 /* THTTPClient.m */; };
		115D786B17B73C4F009A09F6 /* TMemoryBuffer.m in Sources */ = {isa = PBXBuildFile; fileRef = 115D785117B73C4F009A09F6 /* TMemoryBuffer.m */; };
		115D786C17B73C4F009A09F6 /* TMemoryBuffer.m in Sources */ = {isa = PBXBuildFile; fileRef = 115D785117B73C4F009A09F6 /* TMemoryBuffer.m */; };
		115D786D17B73C4F009A09F6 /* TNSFileHandleTransport.m in Sources */ = {isa = PBXBuildFile; fileRef = 115D785317B73C4F009A09F6 /* TNSFileHandleTransport.m */; };
		115D786E17B73C4F009A09F6 /* TNSFileHandleTransport.m in Sources */ = {isa = PBXBuildFile; fileRef = 115D785317B73C4F009A09F6 /* TNSFileHandleTransport.m */; };
		115D786F17B73C4F009A09F6 /* TNSStreamTransport.m in Sources */ = {isa = PBXBuildFile; fileRef = 115D785517B73C4F009A09F6 /* TNSStreamTransport.m */; };
		115D787017B73C4F009A09F6 /* TNSStreamTransport.m in Sources */ = {isa = PBXBuildFile; fileRef = 115D785517B73C4F009A09F6 /* TNSStreamTransport.m */; };
		115D787117B73C4F009A09F6 /* TSocketClient.m in Sources */ = {isa = PBXBuildFile; fileRef = 115D785717B73C4F009A09F6 /* TSocketClient.m */; };
		115D787217B73C4F009A09F6 /* TSocketClient.m in Sources */ = {isa = PBXBuildFile; fileRef = 115D785717B73C4F009A09F6 /* TSocketClient.m */; };
		115D787317B73C4F009A09F6 /* TTransportException.m in Sources */ = {isa = PBXBuildFile; fileRef = 115D785A17B73C4F009A09F6 /* TTransportException.m */; };
		115D787417B73C4F009A09F6 /* TTransportException.m in Sources */ = {isa = PBXBuildFile; fileRef = 115D785A17B73C4F009A09F6 /* TTransportException.m */; };
		115D787517B73C4F009A09F6 /* TSharedProcessorFactory.m in Sources */ = {isa = PBXBuildFile; fileRef = 115D785C17B73C4F009A09F6 /* TSharedProcessorFactory.m */; };
		115D787617B73C4F009A09F6 /* TSharedProcessorFactory.m in Sources */ = {isa = PBXBuildFile; fileRef = 115D785C17B73C4F009A09F6 /* TSharedProcessorFactory.m */; };
		1181043817C932A600F2B3CB /* OpenSans-SemiboldItalic.ttf in Resources */ = {isa = PBXBuildFile; fileRef = 1181042E17C932A600F2B3CB /* OpenSans-SemiboldItalic.ttf */; };
		1181043917C932A600F2B3CB /* OpenSans-Semibold.ttf in Resources */ = {isa = PBXBuildFile; fileRef = 1181042F17C932A600F2B3CB /* OpenSans-Semibold.ttf */; };
		1181043A17C932A600F2B3CB /* OpenSans-Regular.ttf in Resources */ = {isa = PBXBuildFile; fileRef = 1181043017C932A600F2B3CB /* OpenSans-Regular.ttf */; };
		1181043B17C932A600F2B3CB /* OpenSans-LightItalic.ttf in Resources */ = {isa = PBXBuildFile; fileRef = 1181043117C932A600F2B3CB /* OpenSans-LightItalic.ttf */; };
		1181043C17C932A600F2B3CB /* OpenSans-Light.ttf in Resources */ = {isa = PBXBuildFile; fileRef = 1181043217C932A600F2B3CB /* OpenSans-Light.ttf */; };
		1181043D17C932A600F2B3CB /* OpenSans-Italic.ttf in Resources */ = {isa = PBXBuildFile; fileRef = 1181043317C932A600F2B3CB /* OpenSans-Italic.ttf */; };
		1181043E17C932A600F2B3CB /* OpenSans-ExtraBoldItalic.ttf in Resources */ = {isa = PBXBuildFile; fileRef = 1181043417C932A600F2B3CB /* OpenSans-ExtraBoldItalic.ttf */; };
		1181043F17C932A600F2B3CB /* OpenSans-ExtraBold.ttf in Resources */ = {isa = PBXBuildFile; fileRef = 1181043517C932A600F2B3CB /* OpenSans-ExtraBold.ttf */; };
		1181044017C932A600F2B3CB /* OpenSans-BoldItalic.ttf in Resources */ = {isa = PBXBuildFile; fileRef = 1181043617C932A600F2B3CB /* OpenSans-BoldItalic.ttf */; };
		1181044117C932A600F2B3CB /* OpenSans-Bold.ttf in Resources */ = {isa = PBXBuildFile; fileRef = 1181043717C932A600F2B3CB /* OpenSans-Bold.ttf */; };
		1181044317C9340500F2B3CB /* nav_bg.png in Resources */ = {isa = PBXBuildFile; fileRef = 1181044217C9340500F2B3CB /* nav_bg.png */; };
		1181044917C93A5000F2B3CB /* menu_btn.png in Resources */ = {isa = PBXBuildFile; fileRef = 1181044817C93A5000F2B3CB /* menu_btn.png */; };
		1181044B17C93E2900F2B3CB /* plus_btn.png in Resources */ = {isa = PBXBuildFile; fileRef = 1181044A17C93E2800F2B3CB /* plus_btn.png */; };
		1181044E17C940DF00F2B3CB /* UIColor+FlatUI.m in Sources */ = {isa = PBXBuildFile; fileRef = 1181044D17C940DE00F2B3CB /* UIColor+FlatUI.m */; };
		1181045317CA3EE400F2B3CB /* CountryCodes.plist in Resources */ = {isa = PBXBuildFile; fileRef = 1181045217CA3EE400F2B3CB /* CountryCodes.plist */; };
		1181045617CA405700F2B3CB /* SRIVerificationViewController.m in Sources */ = {isa = PBXBuildFile; fileRef = 1181045517CA405600F2B3CB /* SRIVerificationViewController.m */; };
		1181045C17CA469F00F2B3CB /* SRIWaitingVerificationCodeViewController.m in Sources */ = {isa = PBXBuildFile; fileRef = 1181045B17CA469E00F2B3CB /* SRIWaitingVerificationCodeViewController.m */; };
		1181045E17CA49F200F2B3CB /* back_btn.png in Resources */ = {isa = PBXBuildFile; fileRef = 1181045D17CA49F200F2B3CB /* back_btn.png */; };
		1181046117CA593F00F2B3CB /* SRIRoot.m in Sources */ = {isa = PBXBuildFile; fileRef = 1181046017CA593E00F2B3CB /* SRIRoot.m */; };
		1181046417CA6D5800F2B3CB /* services.m in Sources */ = {isa = PBXBuildFile; fileRef = 1181046317CA6D5800F2B3CB /* services.m */; };
		11A5981E17B859EA00BF7647 /* RHCoreDataCollectionViewController.m in Sources */ = {isa = PBXBuildFile; fileRef = 11A5981717B859EA00BF7647 /* RHCoreDataCollectionViewController.m */; };
		11A5981F17B859EA00BF7647 /* RHCoreDataTableViewController.m in Sources */ = {isa = PBXBuildFile; fileRef = 11A5981917B859EA00BF7647 /* RHCoreDataTableViewController.m */; };
		11A5982017B859EA00BF7647 /* RHManagedObject.m in Sources */ = {isa = PBXBuildFile; fileRef = 11A5981B17B859EA00BF7647 /* RHManagedObject.m */; };
		11A5982117B859EA00BF7647 /* RHManagedObjectContextManager.m in Sources */ = {isa = PBXBuildFile; fileRef = 11A5981D17B859EA00BF7647 /* RHManagedObjectContextManager.m */; };
		11A5982E17B85AFB00BF7647 /* CoreData.framework in Frameworks */ = {isa = PBXBuildFile; fileRef = 11A5982D17B85AFB00BF7647 /* CoreData.framework */; };
		11A5983117B85B8900BF7647 /* Narad.xcdatamodel in Sources */ = {isa = PBXBuildFile; fileRef = 11A5983017B85B8900BF7647 /* Narad.xcdatamodel */; };
		11A5984617B85FBD00BF7647 /* SRIConversation.m in Sources */ = {isa = PBXBuildFile; fileRef = 11A5984517B85FBD00BF7647 /* SRIConversation.m */; };
		11BC549D17C2C187001CCDD7 /* SRISingleton.m in Sources */ = {isa = PBXBuildFile; fileRef = 11BC549C17C2C187001CCDD7 /* SRISingleton.m */; };
		11BC54A017C2C272001CCDD7 /* SRICredentialsManager.m in Sources */ = {isa = PBXBuildFile; fileRef = 11BC549F17C2C272001CCDD7 /* SRICredentialsManager.m */; };
		11BC54A217C2C450001CCDD7 /* Security.framework in Frameworks */ = {isa = PBXBuildFile; fileRef = 11BC54A117C2C450001CCDD7 /* Security.framework */; };
		11BCF1C917C2EF4E00CC2324 /* DirectMsgsViewController.m in Sources */ = {isa = PBXBuildFile; fileRef = 11BCF1C817C2EF4E00CC2324 /* DirectMsgsViewController.m */; };
		11EBF28D17B8618900550B9D /* SRIMessage.m in Sources */ = {isa = PBXBuildFile; fileRef = 11EBF28C17B8618900550B9D /* SRIMessage.m */; };
		11EBF29017B861AC00550B9D /* SRIUser.m in Sources */ = {isa = PBXBuildFile; fileRef = 11EBF28F17B861AC00550B9D /* SRIUser.m */; };
		EB70A5D1F5A543A888FAE002 /* libPods.a in Frameworks */ = {isa = PBXBuildFile; fileRef = FE7D065FAF8E48B18C41F163 /* libPods.a */; };
/* End PBXBuildFile section */

/* Begin PBXContainerItemProxy section */
		115D77AA17B68C05009A09F6 /* PBXContainerItemProxy */ = {
			isa = PBXContainerItemProxy;
			containerPortal = 115D777717B68C05009A09F6 /* Project object */;
			proxyType = 1;
			remoteGlobalIDString = 115D777E17B68C05009A09F6;
			remoteInfo = narad;
		};
/* End PBXContainerItemProxy section */

/* Begin PBXFileReference section */
		1107F48617C8096300A09128 /* SRIInitialSlidingViewController.h */ = {isa = PBXFileReference; fileEncoding = 4; lastKnownFileType = sourcecode.c.h; path = SRIInitialSlidingViewController.h; sourceTree = "<group>"; };
		1107F48717C8096300A09128 /* SRIInitialSlidingViewController.m */ = {isa = PBXFileReference; fileEncoding = 4; lastKnownFileType = sourcecode.c.objc; path = SRIInitialSlidingViewController.m; sourceTree = "<group>"; };
		1107F48917C80ABD00A09128 /* SRIMessagesViewController.h */ = {isa = PBXFileReference; fileEncoding = 4; lastKnownFileType = sourcecode.c.h; path = SRIMessagesViewController.h; sourceTree = "<group>"; };
		1107F48A17C80ABD00A09128 /* SRIMessagesViewController.m */ = {isa = PBXFileReference; fileEncoding = 4; lastKnownFileType = sourcecode.c.objc; path = SRIMessagesViewController.m; sourceTree = "<group>"; };
		1107F48C17C80B5C00A09128 /* SRIMenuViewController.h */ = {isa = PBXFileReference; fileEncoding = 4; lastKnownFileType = sourcecode.c.h; path = SRIMenuViewController.h; sourceTree = "<group>"; };
		1107F48D17C80B5C00A09128 /* SRIMenuViewController.m */ = {isa = PBXFileReference; fileEncoding = 4; lastKnownFileType = sourcecode.c.objc; path = SRIMenuViewController.m; sourceTree = "<group>"; };
		1107F48F17C80C7200A09128 /* SRIRightViewController.h */ = {isa = PBXFileReference; fileEncoding = 4; lastKnownFileType = sourcecode.c.h; path = SRIRightViewController.h; sourceTree = "<group>"; };
		1107F49017C80C7200A09128 /* SRIRightViewController.m */ = {isa = PBXFileReference; fileEncoding = 4; lastKnownFileType = sourcecode.c.objc; path = SRIRightViewController.m; sourceTree = "<group>"; };
		1107F49217C8107B00A09128 /* SRINavigationTopViewController.h */ = {isa = PBXFileReference; fileEncoding = 4; lastKnownFileType = sourcecode.c.h; path = SRINavigationTopViewController.h; sourceTree = "<group>"; };
		1107F49317C8107B00A09128 /* SRINavigationTopViewController.m */ = {isa = PBXFileReference; fileEncoding = 4; lastKnownFileType = sourcecode.c.objc; path = SRINavigationTopViewController.m; sourceTree = "<group>"; };
		110FFC6A17C30B8700CA056D /* libReactiveCocoa-iOS.a */ = {isa = PBXFileReference; lastKnownFileType = archive.ar; name = "libReactiveCocoa-iOS.a"; path = "ReactiveCocoa/ReactiveCocoaFramework/build/Release-iphoneos/libReactiveCocoa-iOS.a"; sourceTree = "<group>"; };
		1139D8F117BDC04800564087 /* SRIConversationEntity.h */ = {isa = PBXFileReference; fileEncoding = 4; lastKnownFileType = sourcecode.c.h; path = SRIConversationEntity.h; sourceTree = "<group>"; };
		1139D8F217BDC04800564087 /* SRIConversationEntity.m */ = {isa = PBXFileReference; fileEncoding = 4; lastKnownFileType = sourcecode.c.objc; path = SRIConversationEntity.m; sourceTree = "<group>"; };
		1139D8F417BDC04900564087 /* SRIUserEntity.h */ = {isa = PBXFileReference; fileEncoding = 4; lastKnownFileType = sourcecode.c.h; path = SRIUserEntity.h; sourceTree = "<group>"; };
		1139D8F517BDC04900564087 /* SRIUserEntity.m */ = {isa = PBXFileReference; fileEncoding = 4; lastKnownFileType = sourcecode.c.objc; path = SRIUserEntity.m; sourceTree = "<group>"; };
		1139D8F717BDC04A00564087 /* SRIMessageEntity.h */ = {isa = PBXFileReference; fileEncoding = 4; lastKnownFileType = sourcecode.c.h; path = SRIMessageEntity.h; sourceTree = "<group>"; };
		1139D8F817BDC04A00564087 /* SRIMessageEntity.m */ = {isa = PBXFileReference; fileEncoding = 4; lastKnownFileType = sourcecode.c.objc; path = SRIMessageEntity.m; sourceTree = "<group>"; };
		115D777F17B68C05009A09F6 /* narad.app */ = {isa = PBXFileReference; explicitFileType = wrapper.application; includeInIndex = 0; path = narad.app; sourceTree = BUILT_PRODUCTS_DIR; };
		115D778217B68C05009A09F6 /* UIKit.framework */ = {isa = PBXFileReference; lastKnownFileType = wrapper.framework; name = UIKit.framework; path = System/Library/Frameworks/UIKit.framework; sourceTree = SDKROOT; };
		115D778417B68C05009A09F6 /* Foundation.framework */ = {isa = PBXFileReference; lastKnownFileType = wrapper.framework; name = Foundation.framework; path = System/Library/Frameworks/Foundation.framework; sourceTree = SDKROOT; };
		115D778617B68C05009A09F6 /* CoreGraphics.framework */ = {isa = PBXFileReference; lastKnownFileType = wrapper.framework; name = CoreGraphics.framework; path = System/Library/Frameworks/CoreGraphics.framework; sourceTree = SDKROOT; };
		115D778A17B68C05009A09F6 /* narad-Info.plist */ = {isa = PBXFileReference; lastKnownFileType = text.plist.xml; path = "narad-Info.plist"; sourceTree = "<group>"; };
		115D778C17B68C05009A09F6 /* en */ = {isa = PBXFileReference; lastKnownFileType = text.plist.strings; name = en; path = en.lproj/InfoPlist.strings; sourceTree = "<group>"; };
		115D778E17B68C05009A09F6 /* main.m */ = {isa = PBXFileReference; lastKnownFileType = sourcecode.c.objc; path = main.m; sourceTree = "<group>"; };
		115D779017B68C05009A09F6 /* narad-Prefix.pch */ = {isa = PBXFileReference; lastKnownFileType = sourcecode.c.h; path = "narad-Prefix.pch"; sourceTree = "<group>"; };
		115D779117B68C05009A09F6 /* SRIAppDelegate.h */ = {isa = PBXFileReference; lastKnownFileType = sourcecode.c.h; path = SRIAppDelegate.h; sourceTree = "<group>"; };
		115D779217B68C05009A09F6 /* SRIAppDelegate.m */ = {isa = PBXFileReference; lastKnownFileType = sourcecode.c.objc; path = SRIAppDelegate.m; sourceTree = "<group>"; };
		115D779417B68C05009A09F6 /* Default.png */ = {isa = PBXFileReference; lastKnownFileType = image.png; path = Default.png; sourceTree = "<group>"; };
		115D779617B68C05009A09F6 /* Default@2x.png */ = {isa = PBXFileReference; lastKnownFileType = image.png; path = "Default@2x.png"; sourceTree = "<group>"; };
		115D779817B68C05009A09F6 /* Default-568h@2x.png */ = {isa = PBXFileReference; lastKnownFileType = image.png; path = "Default-568h@2x.png"; sourceTree = "<group>"; };
		115D779B17B68C05009A09F6 /* en */ = {isa = PBXFileReference; lastKnownFileType = file.storyboard; name = en; path = en.lproj/MainStoryboard.storyboard; sourceTree = "<group>"; };
		115D779D17B68C05009A09F6 /* SRIViewController.h */ = {isa = PBXFileReference; lastKnownFileType = sourcecode.c.h; path = SRIViewController.h; sourceTree = "<group>"; };
		115D779E17B68C05009A09F6 /* SRIViewController.m */ = {isa = PBXFileReference; lastKnownFileType = sourcecode.c.objc; path = SRIViewController.m; sourceTree = "<group>"; };
		115D77A517B68C05009A09F6 /* naradTests.octest */ = {isa = PBXFileReference; explicitFileType = wrapper.cfbundle; includeInIndex = 0; path = naradTests.octest; sourceTree = BUILT_PRODUCTS_DIR; };
		115D77A617B68C05009A09F6 /* SenTestingKit.framework */ = {isa = PBXFileReference; lastKnownFileType = wrapper.framework; name = SenTestingKit.framework; path = Library/Frameworks/SenTestingKit.framework; sourceTree = DEVELOPER_DIR; };
		115D77AE17B68C05009A09F6 /* naradTests-Info.plist */ = {isa = PBXFileReference; lastKnownFileType = text.plist.xml; path = "naradTests-Info.plist"; sourceTree = "<group>"; };
		115D77B017B68C05009A09F6 /* en */ = {isa = PBXFileReference; lastKnownFileType = text.plist.strings; name = en; path = en.lproj/InfoPlist.strings; sourceTree = "<group>"; };
		115D77B217B68C05009A09F6 /* naradTests.h */ = {isa = PBXFileReference; lastKnownFileType = sourcecode.c.h; path = naradTests.h; sourceTree = "<group>"; };
		115D77B317B68C05009A09F6 /* naradTests.m */ = {isa = PBXFileReference; lastKnownFileType = sourcecode.c.objc; path = naradTests.m; sourceTree = "<group>"; };
		115D77BE17B68C59009A09F6 /* config.h */ = {isa = PBXFileReference; fileEncoding = 4; lastKnownFileType = sourcecode.c.h; path = config.h; sourceTree = "<group>"; };
		115D77BF17B68C59009A09F6 /* logging_mosq.c */ = {isa = PBXFileReference; fileEncoding = 4; lastKnownFileType = sourcecode.c.c; path = logging_mosq.c; sourceTree = "<group>"; };
		115D77C017B68C59009A09F6 /* memory_mosq.c */ = {isa = PBXFileReference; fileEncoding = 4; lastKnownFileType = sourcecode.c.c; path = memory_mosq.c; sourceTree = "<group>"; };
		115D77C117B68C59009A09F6 /* messages_mosq.c */ = {isa = PBXFileReference; fileEncoding = 4; lastKnownFileType = sourcecode.c.c; path = messages_mosq.c; sourceTree = "<group>"; };
		115D77C217B68C59009A09F6 /* mosquitto.c */ = {isa = PBXFileReference; fileEncoding = 4; lastKnownFileType = sourcecode.c.c; path = mosquitto.c; sourceTree = "<group>"; };
		115D77C317B68C59009A09F6 /* net_mosq.c */ = {isa = PBXFileReference; fileEncoding = 4; lastKnownFileType = sourcecode.c.c; path = net_mosq.c; sourceTree = "<group>"; };
		115D77C417B68C59009A09F6 /* read_handle_client.c */ = {isa = PBXFileReference; fileEncoding = 4; lastKnownFileType = sourcecode.c.c; path = read_handle_client.c; sourceTree = "<group>"; };
		115D77C517B68C59009A09F6 /* read_handle_shared.c */ = {isa = PBXFileReference; fileEncoding = 4; lastKnownFileType = sourcecode.c.c; path = read_handle_shared.c; sourceTree = "<group>"; };
		115D77C617B68C59009A09F6 /* read_handle.c */ = {isa = PBXFileReference; fileEncoding = 4; lastKnownFileType = sourcecode.c.c; path = read_handle.c; sourceTree = "<group>"; };
		115D77C717B68C59009A09F6 /* send_client_mosq.c */ = {isa = PBXFileReference; fileEncoding = 4; lastKnownFileType = sourcecode.c.c; path = send_client_mosq.c; sourceTree = "<group>"; };
		115D77C817B68C59009A09F6 /* send_mosq.c */ = {isa = PBXFileReference; fileEncoding = 4; lastKnownFileType = sourcecode.c.c; path = send_mosq.c; sourceTree = "<group>"; };
		115D77C917B68C59009A09F6 /* thread_mosq.c */ = {isa = PBXFileReference; fileEncoding = 4; lastKnownFileType = sourcecode.c.c; path = thread_mosq.c; sourceTree = "<group>"; };
		115D77CA17B68C59009A09F6 /* util_mosq.c */ = {isa = PBXFileReference; fileEncoding = 4; lastKnownFileType = sourcecode.c.c; path = util_mosq.c; sourceTree = "<group>"; };
		115D77CB17B68C59009A09F6 /* will_mosq.c */ = {isa = PBXFileReference; fileEncoding = 4; lastKnownFileType = sourcecode.c.c; path = will_mosq.c; sourceTree = "<group>"; };
		115D77CC17B68C59009A09F6 /* dummypthread.h */ = {isa = PBXFileReference; fileEncoding = 4; lastKnownFileType = sourcecode.c.h; path = dummypthread.h; sourceTree = "<group>"; };
		115D77CD17B68C59009A09F6 /* logging_mosq.h */ = {isa = PBXFileReference; fileEncoding = 4; lastKnownFileType = sourcecode.c.h; path = logging_mosq.h; sourceTree = "<group>"; };
		115D77CE17B68C59009A09F6 /* memory_mosq.h */ = {isa = PBXFileReference; fileEncoding = 4; lastKnownFileType = sourcecode.c.h; path = memory_mosq.h; sourceTree = "<group>"; };
		115D77CF17B68C59009A09F6 /* messages_mosq.h */ = {isa = PBXFileReference; fileEncoding = 4; lastKnownFileType = sourcecode.c.h; path = messages_mosq.h; sourceTree = "<group>"; };
		115D77D017B68C59009A09F6 /* mosquitto_internal.h */ = {isa = PBXFileReference; fileEncoding = 4; lastKnownFileType = sourcecode.c.h; path = mosquitto_internal.h; sourceTree = "<group>"; };
		115D77D117B68C59009A09F6 /* mosquitto.h */ = {isa = PBXFileReference; fileEncoding = 4; lastKnownFileType = sourcecode.c.h; path = mosquitto.h; sourceTree = "<group>"; };
		115D77D217B68C59009A09F6 /* mqtt3_protocol.h */ = {isa = PBXFileReference; fileEncoding = 4; lastKnownFileType = sourcecode.c.h; path = mqtt3_protocol.h; sourceTree = "<group>"; };
		115D77D317B68C59009A09F6 /* net_mosq.h */ = {isa = PBXFileReference; fileEncoding = 4; lastKnownFileType = sourcecode.c.h; path = net_mosq.h; sourceTree = "<group>"; };
		115D77D417B68C59009A09F6 /* read_handle.h */ = {isa = PBXFileReference; fileEncoding = 4; lastKnownFileType = sourcecode.c.h; path = read_handle.h; sourceTree = "<group>"; };
		115D77D517B68C59009A09F6 /* send_mosq.h */ = {isa = PBXFileReference; fileEncoding = 4; lastKnownFileType = sourcecode.c.h; path = send_mosq.h; sourceTree = "<group>"; };
		115D77D617B68C59009A09F6 /* util_mosq.h */ = {isa = PBXFileReference; fileEncoding = 4; lastKnownFileType = sourcecode.c.h; path = util_mosq.h; sourceTree = "<group>"; };
		115D77D717B68C59009A09F6 /* will_mosq.h */ = {isa = PBXFileReference; fileEncoding = 4; lastKnownFileType = sourcecode.c.h; path = will_mosq.h; sourceTree = "<group>"; };
		115D77F217B68C73009A09F6 /* MosquittoClient.h */ = {isa = PBXFileReference; fileEncoding = 4; lastKnownFileType = sourcecode.c.h; path = MosquittoClient.h; sourceTree = "<group>"; };
		115D77F317B68C73009A09F6 /* MosquittoClient.m */ = {isa = PBXFileReference; fileEncoding = 4; lastKnownFileType = sourcecode.c.objc; path = MosquittoClient.m; sourceTree = "<group>"; };
		115D77F417B68C73009A09F6 /* MosquittoMessage.h */ = {isa = PBXFileReference; fileEncoding = 4; lastKnownFileType = sourcecode.c.h; path = MosquittoMessage.h; sourceTree = "<group>"; };
		115D77F517B68C73009A09F6 /* MosquittoMessage.m */ = {isa = PBXFileReference; fileEncoding = 4; lastKnownFileType = sourcecode.c.objc; path = MosquittoMessage.m; sourceTree = "<group>"; };
		115D783B17B73C4F009A09F6 /* TBinaryProtocol.h */ = {isa = PBXFileReference; fileEncoding = 4; lastKnownFileType = sourcecode.c.h; path = TBinaryProtocol.h; sourceTree = "<group>"; };
		115D783C17B73C4F009A09F6 /* TBinaryProtocol.m */ = {isa = PBXFileReference; fileEncoding = 4; lastKnownFileType = sourcecode.c.objc; path = TBinaryProtocol.m; sourceTree = "<group>"; };
		115D783D17B73C4F009A09F6 /* TProtocol.h */ = {isa = PBXFileReference; fileEncoding = 4; lastKnownFileType = sourcecode.c.h; path = TProtocol.h; sourceTree = "<group>"; };
		115D783E17B73C4F009A09F6 /* TProtocolException.h */ = {isa = PBXFileReference; fileEncoding = 4; lastKnownFileType = sourcecode.c.h; path = TProtocolException.h; sourceTree = "<group>"; };
		115D783F17B73C4F009A09F6 /* TProtocolException.m */ = {isa = PBXFileReference; fileEncoding = 4; lastKnownFileType = sourcecode.c.objc; path = TProtocolException.m; sourceTree = "<group>"; };
		115D784017B73C4F009A09F6 /* TProtocolFactory.h */ = {isa = PBXFileReference; fileEncoding = 4; lastKnownFileType = sourcecode.c.h; path = TProtocolFactory.h; sourceTree = "<group>"; };
		115D784117B73C4F009A09F6 /* TProtocolUtil.h */ = {isa = PBXFileReference; fileEncoding = 4; lastKnownFileType = sourcecode.c.h; path = TProtocolUtil.h; sourceTree = "<group>"; };
		115D784217B73C4F009A09F6 /* TProtocolUtil.m */ = {isa = PBXFileReference; fileEncoding = 4; lastKnownFileType = sourcecode.c.objc; path = TProtocolUtil.m; sourceTree = "<group>"; };
		115D784417B73C4F009A09F6 /* TSocketServer.h */ = {isa = PBXFileReference; fileEncoding = 4; lastKnownFileType = sourcecode.c.h; path = TSocketServer.h; sourceTree = "<group>"; };
		115D784517B73C4F009A09F6 /* TSocketServer.m */ = {isa = PBXFileReference; fileEncoding = 4; lastKnownFileType = sourcecode.c.objc; path = TSocketServer.m; sourceTree = "<group>"; };
		115D784617B73C4F009A09F6 /* TApplicationException.h */ = {isa = PBXFileReference; fileEncoding = 4; lastKnownFileType = sourcecode.c.h; path = TApplicationException.h; sourceTree = "<group>"; };
		115D784717B73C4F009A09F6 /* TApplicationException.m */ = {isa = PBXFileReference; fileEncoding = 4; lastKnownFileType = sourcecode.c.objc; path = TApplicationException.m; sourceTree = "<group>"; };
		115D784817B73C4F009A09F6 /* TException.h */ = {isa = PBXFileReference; fileEncoding = 4; lastKnownFileType = sourcecode.c.h; path = TException.h; sourceTree = "<group>"; };
		115D784917B73C4F009A09F6 /* TException.m */ = {isa = PBXFileReference; fileEncoding = 4; lastKnownFileType = sourcecode.c.objc; path = TException.m; sourceTree = "<group>"; };
		115D784A17B73C4F009A09F6 /* TObjective-C.h */ = {isa = PBXFileReference; fileEncoding = 4; lastKnownFileType = sourcecode.c.h; path = "TObjective-C.h"; sourceTree = "<group>"; };
		115D784B17B73C4F009A09F6 /* TProcessor.h */ = {isa = PBXFileReference; fileEncoding = 4; lastKnownFileType = sourcecode.c.h; path = TProcessor.h; sourceTree = "<group>"; };
		115D784C17B73C4F009A09F6 /* TProcessorFactory.h */ = {isa = PBXFileReference; fileEncoding = 4; lastKnownFileType = sourcecode.c.h; path = TProcessorFactory.h; sourceTree = "<group>"; };
		115D784E17B73C4F009A09F6 /* THTTPClient.h */ = {isa = PBXFileReference; fileEncoding = 4; lastKnownFileType = sourcecode.c.h; path = THTTPClient.h; sourceTree = "<group>"; };
		115D784F17B73C4F009A09F6 /* THTTPClient.m */ = {isa = PBXFileReference; fileEncoding = 4; lastKnownFileType = sourcecode.c.objc; path = THTTPClient.m; sourceTree = "<group>"; };
		115D785017B73C4F009A09F6 /* TMemoryBuffer.h */ = {isa = PBXFileReference; fileEncoding = 4; lastKnownFileType = sourcecode.c.h; path = TMemoryBuffer.h; sourceTree = "<group>"; };
		115D785117B73C4F009A09F6 /* TMemoryBuffer.m */ = {isa = PBXFileReference; fileEncoding = 4; lastKnownFileType = sourcecode.c.objc; path = TMemoryBuffer.m; sourceTree = "<group>"; };
		115D785217B73C4F009A09F6 /* TNSFileHandleTransport.h */ = {isa = PBXFileReference; fileEncoding = 4; lastKnownFileType = sourcecode.c.h; path = TNSFileHandleTransport.h; sourceTree = "<group>"; };
		115D785317B73C4F009A09F6 /* TNSFileHandleTransport.m */ = {isa = PBXFileReference; fileEncoding = 4; lastKnownFileType = sourcecode.c.objc; path = TNSFileHandleTransport.m; sourceTree = "<group>"; };
		115D785417B73C4F009A09F6 /* TNSStreamTransport.h */ = {isa = PBXFileReference; fileEncoding = 4; lastKnownFileType = sourcecode.c.h; path = TNSStreamTransport.h; sourceTree = "<group>"; };
		115D785517B73C4F009A09F6 /* TNSStreamTransport.m */ = {isa = PBXFileReference; fileEncoding = 4; lastKnownFileType = sourcecode.c.objc; path = TNSStreamTransport.m; sourceTree = "<group>"; };
		115D785617B73C4F009A09F6 /* TSocketClient.h */ = {isa = PBXFileReference; fileEncoding = 4; lastKnownFileType = sourcecode.c.h; path = TSocketClient.h; sourceTree = "<group>"; };
		115D785717B73C4F009A09F6 /* TSocketClient.m */ = {isa = PBXFileReference; fileEncoding = 4; lastKnownFileType = sourcecode.c.objc; path = TSocketClient.m; sourceTree = "<group>"; };
		115D785817B73C4F009A09F6 /* TTransport.h */ = {isa = PBXFileReference; fileEncoding = 4; lastKnownFileType = sourcecode.c.h; path = TTransport.h; sourceTree = "<group>"; };
		115D785917B73C4F009A09F6 /* TTransportException.h */ = {isa = PBXFileReference; fileEncoding = 4; lastKnownFileType = sourcecode.c.h; path = TTransportException.h; sourceTree = "<group>"; };
		115D785A17B73C4F009A09F6 /* TTransportException.m */ = {isa = PBXFileReference; fileEncoding = 4; lastKnownFileType = sourcecode.c.objc; path = TTransportException.m; sourceTree = "<group>"; };
		115D785B17B73C4F009A09F6 /* TSharedProcessorFactory.h */ = {isa = PBXFileReference; fileEncoding = 4; lastKnownFileType = sourcecode.c.h; path = TSharedProcessorFactory.h; sourceTree = "<group>"; };
		115D785C17B73C4F009A09F6 /* TSharedProcessorFactory.m */ = {isa = PBXFileReference; fileEncoding = 4; lastKnownFileType = sourcecode.c.objc; path = TSharedProcessorFactory.m; sourceTree = "<group>"; };
		1181042E17C932A600F2B3CB /* OpenSans-SemiboldItalic.ttf */ = {isa = PBXFileReference; lastKnownFileType = file; path = "OpenSans-SemiboldItalic.ttf"; sourceTree = "<group>"; };
		1181042F17C932A600F2B3CB /* OpenSans-Semibold.ttf */ = {isa = PBXFileReference; lastKnownFileType = file; path = "OpenSans-Semibold.ttf"; sourceTree = "<group>"; };
		1181043017C932A600F2B3CB /* OpenSans-Regular.ttf */ = {isa = PBXFileReference; lastKnownFileType = file; path = "OpenSans-Regular.ttf"; sourceTree = "<group>"; };
		1181043117C932A600F2B3CB /* OpenSans-LightItalic.ttf */ = {isa = PBXFileReference; lastKnownFileType = file; path = "OpenSans-LightItalic.ttf"; sourceTree = "<group>"; };
		1181043217C932A600F2B3CB /* OpenSans-Light.ttf */ = {isa = PBXFileReference; lastKnownFileType = file; path = "OpenSans-Light.ttf"; sourceTree = "<group>"; };
		1181043317C932A600F2B3CB /* OpenSans-Italic.ttf */ = {isa = PBXFileReference; lastKnownFileType = file; path = "OpenSans-Italic.ttf"; sourceTree = "<group>"; };
		1181043417C932A600F2B3CB /* OpenSans-ExtraBoldItalic.ttf */ = {isa = PBXFileReference; lastKnownFileType = file; path = "OpenSans-ExtraBoldItalic.ttf"; sourceTree = "<group>"; };
		1181043517C932A600F2B3CB /* OpenSans-ExtraBold.ttf */ = {isa = PBXFileReference; lastKnownFileType = file; path = "OpenSans-ExtraBold.ttf"; sourceTree = "<group>"; };
		1181043617C932A600F2B3CB /* OpenSans-BoldItalic.ttf */ = {isa = PBXFileReference; lastKnownFileType = file; path = "OpenSans-BoldItalic.ttf"; sourceTree = "<group>"; };
		1181043717C932A600F2B3CB /* OpenSans-Bold.ttf */ = {isa = PBXFileReference; lastKnownFileType = file; path = "OpenSans-Bold.ttf"; sourceTree = "<group>"; };
		1181044217C9340500F2B3CB /* nav_bg.png */ = {isa = PBXFileReference; lastKnownFileType = image.png; path = nav_bg.png; sourceTree = "<group>"; };
		1181044817C93A5000F2B3CB /* menu_btn.png */ = {isa = PBXFileReference; lastKnownFileType = image.png; path = menu_btn.png; sourceTree = "<group>"; };
		1181044A17C93E2800F2B3CB /* plus_btn.png */ = {isa = PBXFileReference; lastKnownFileType = image.png; path = plus_btn.png; sourceTree = "<group>"; };
		1181044C17C940DE00F2B3CB /* UIColor+FlatUI.h */ = {isa = PBXFileReference; fileEncoding = 4; lastKnownFileType = sourcecode.c.h; path = "UIColor+FlatUI.h"; sourceTree = "<group>"; };
		1181044D17C940DE00F2B3CB /* UIColor+FlatUI.m */ = {isa = PBXFileReference; fileEncoding = 4; lastKnownFileType = sourcecode.c.objc; path = "UIColor+FlatUI.m"; sourceTree = "<group>"; };
		1181045217CA3EE400F2B3CB /* CountryCodes.plist */ = {isa = PBXFileReference; fileEncoding = 4; lastKnownFileType = text.plist.xml; path = CountryCodes.plist; sourceTree = "<group>"; };
		1181045417CA405600F2B3CB /* SRIVerificationViewController.h */ = {isa = PBXFileReference; fileEncoding = 4; lastKnownFileType = sourcecode.c.h; path = SRIVerificationViewController.h; sourceTree = "<group>"; };
		1181045517CA405600F2B3CB /* SRIVerificationViewController.m */ = {isa = PBXFileReference; fileEncoding = 4; lastKnownFileType = sourcecode.c.objc; path = SRIVerificationViewController.m; sourceTree = "<group>"; };
		1181045A17CA469E00F2B3CB /* SRIWaitingVerificationCodeViewController.h */ = {isa = PBXFileReference; fileEncoding = 4; lastKnownFileType = sourcecode.c.h; path = SRIWaitingVerificationCodeViewController.h; sourceTree = "<group>"; };
		1181045B17CA469E00F2B3CB /* SRIWaitingVerificationCodeViewController.m */ = {isa = PBXFileReference; fileEncoding = 4; lastKnownFileType = sourcecode.c.objc; path = SRIWaitingVerificationCodeViewController.m; sourceTree = "<group>"; };
		1181045D17CA49F200F2B3CB /* back_btn.png */ = {isa = PBXFileReference; lastKnownFileType = image.png; path = back_btn.png; sourceTree = "<group>"; };
		1181045F17CA593D00F2B3CB /* SRIRoot.h */ = {isa = PBXFileReference; fileEncoding = 4; lastKnownFileType = sourcecode.c.h; path = SRIRoot.h; sourceTree = "<group>"; };
		1181046017CA593E00F2B3CB /* SRIRoot.m */ = {isa = PBXFileReference; fileEncoding = 4; lastKnownFileType = sourcecode.c.objc; path = SRIRoot.m; sourceTree = "<group>"; };
		1181046217CA6D5800F2B3CB /* services.h */ = {isa = PBXFileReference; fileEncoding = 4; lastKnownFileType = sourcecode.c.h; path = services.h; sourceTree = "<group>"; };
		1181046317CA6D5800F2B3CB /* services.m */ = {isa = PBXFileReference; fileEncoding = 4; lastKnownFileType = sourcecode.c.objc; path = services.m; sourceTree = "<group>"; };
		11A5981617B859EA00BF7647 /* RHCoreDataCollectionViewController.h */ = {isa = PBXFileReference; fileEncoding = 4; lastKnownFileType = sourcecode.c.h; path = RHCoreDataCollectionViewController.h; sourceTree = "<group>"; };
		11A5981717B859EA00BF7647 /* RHCoreDataCollectionViewController.m */ = {isa = PBXFileReference; fileEncoding = 4; lastKnownFileType = sourcecode.c.objc; path = RHCoreDataCollectionViewController.m; sourceTree = "<group>"; };
		11A5981817B859EA00BF7647 /* RHCoreDataTableViewController.h */ = {isa = PBXFileReference; fileEncoding = 4; lastKnownFileType = sourcecode.c.h; path = RHCoreDataTableViewController.h; sourceTree = "<group>"; };
		11A5981917B859EA00BF7647 /* RHCoreDataTableViewController.m */ = {isa = PBXFileReference; fileEncoding = 4; lastKnownFileType = sourcecode.c.objc; path = RHCoreDataTableViewController.m; sourceTree = "<group>"; };
		11A5981A17B859EA00BF7647 /* RHManagedObject.h */ = {isa = PBXFileReference; fileEncoding = 4; lastKnownFileType = sourcecode.c.h; path = RHManagedObject.h; sourceTree = "<group>"; };
		11A5981B17B859EA00BF7647 /* RHManagedObject.m */ = {isa = PBXFileReference; fileEncoding = 4; lastKnownFileType = sourcecode.c.objc; path = RHManagedObject.m; sourceTree = "<group>"; };
		11A5981C17B859EA00BF7647 /* RHManagedObjectContextManager.h */ = {isa = PBXFileReference; fileEncoding = 4; lastKnownFileType = sourcecode.c.h; path = RHManagedObjectContextManager.h; sourceTree = "<group>"; };
		11A5981D17B859EA00BF7647 /* RHManagedObjectContextManager.m */ = {isa = PBXFileReference; fileEncoding = 4; lastKnownFileType = sourcecode.c.objc; path = RHManagedObjectContextManager.m; sourceTree = "<group>"; };
		11A5982D17B85AFB00BF7647 /* CoreData.framework */ = {isa = PBXFileReference; lastKnownFileType = wrapper.framework; name = CoreData.framework; path = System/Library/Frameworks/CoreData.framework; sourceTree = SDKROOT; };
		11A5983017B85B8900BF7647 /* Narad.xcdatamodel */ = {isa = PBXFileReference; lastKnownFileType = wrapper.xcdatamodel; path = Narad.xcdatamodel; sourceTree = "<group>"; };
		11A5984417B85FBD00BF7647 /* SRIConversation.h */ = {isa = PBXFileReference; fileEncoding = 4; lastKnownFileType = sourcecode.c.h; path = SRIConversation.h; sourceTree = "<group>"; };
		11A5984517B85FBD00BF7647 /* SRIConversation.m */ = {isa = PBXFileReference; fileEncoding = 4; lastKnownFileType = sourcecode.c.objc; path = SRIConversation.m; sourceTree = "<group>"; };
		11BC549B17C2C187001CCDD7 /* SRISingleton.h */ = {isa = PBXFileReference; fileEncoding = 4; lastKnownFileType = sourcecode.c.h; path = SRISingleton.h; sourceTree = "<group>"; };
		11BC549C17C2C187001CCDD7 /* SRISingleton.m */ = {isa = PBXFileReference; fileEncoding = 4; lastKnownFileType = sourcecode.c.objc; path = SRISingleton.m; sourceTree = "<group>"; };
		11BC549E17C2C272001CCDD7 /* SRICredentialsManager.h */ = {isa = PBXFileReference; fileEncoding = 4; lastKnownFileType = sourcecode.c.h; path = SRICredentialsManager.h; sourceTree = "<group>"; };
		11BC549F17C2C272001CCDD7 /* SRICredentialsManager.m */ = {isa = PBXFileReference; fileEncoding = 4; lastKnownFileType = sourcecode.c.objc; path = SRICredentialsManager.m; sourceTree = "<group>"; };
		11BC54A117C2C450001CCDD7 /* Security.framework */ = {isa = PBXFileReference; lastKnownFileType = wrapper.framework; name = Security.framework; path = System/Library/Frameworks/Security.framework; sourceTree = SDKROOT; };
		11BCF1C717C2EF4E00CC2324 /* DirectMsgsViewController.h */ = {isa = PBXFileReference; fileEncoding = 4; lastKnownFileType = sourcecode.c.h; path = DirectMsgsViewController.h; sourceTree = "<group>"; };
		11BCF1C817C2EF4E00CC2324 /* DirectMsgsViewController.m */ = {isa = PBXFileReference; fileEncoding = 4; lastKnownFileType = sourcecode.c.objc; path = DirectMsgsViewController.m; sourceTree = "<group>"; };
		11EBF28B17B8618900550B9D /* SRIMessage.h */ = {isa = PBXFileReference; fileEncoding = 4; lastKnownFileType = sourcecode.c.h; path = SRIMessage.h; sourceTree = "<group>"; };
		11EBF28C17B8618900550B9D /* SRIMessage.m */ = {isa = PBXFileReference; fileEncoding = 4; lastKnownFileType = sourcecode.c.objc; path = SRIMessage.m; sourceTree = "<group>"; };
		11EBF28E17B861AC00550B9D /* SRIUser.h */ = {isa = PBXFileReference; fileEncoding = 4; lastKnownFileType = sourcecode.c.h; path = SRIUser.h; sourceTree = "<group>"; };
		11EBF28F17B861AC00550B9D /* SRIUser.m */ = {isa = PBXFileReference; fileEncoding = 4; lastKnownFileType = sourcecode.c.objc; path = SRIUser.m; sourceTree = "<group>"; };
		EB0718EE79BE4CFFB782C541 /* Pods.xcconfig */ = {isa = PBXFileReference; includeInIndex = 1; lastKnownFileType = text.xcconfig; name = Pods.xcconfig; path = Pods/Pods.xcconfig; sourceTree = SOURCE_ROOT; };
		FE7D065FAF8E48B18C41F163 /* libPods.a */ = {isa = PBXFileReference; explicitFileType = archive.ar; includeInIndex = 0; path = libPods.a; sourceTree = BUILT_PRODUCTS_DIR; };
/* End PBXFileReference section */

/* Begin PBXFrameworksBuildPhase section */
		115D777C17B68C05009A09F6 /* Frameworks */ = {
			isa = PBXFrameworksBuildPhase;
			buildActionMask = 2147483647;
			files = (
				110FFC6B17C30B8700CA056D /* libReactiveCocoa-iOS.a in Frameworks */,
				11BC54A217C2C450001CCDD7 /* Security.framework in Frameworks */,
				11A5982E17B85AFB00BF7647 /* CoreData.framework in Frameworks */,
				115D778317B68C05009A09F6 /* UIKit.framework in Frameworks */,
				115D778517B68C05009A09F6 /* Foundation.framework in Frameworks */,
				115D778717B68C05009A09F6 /* CoreGraphics.framework in Frameworks */,
				EB70A5D1F5A543A888FAE002 /* libPods.a in Frameworks */,
			);
			runOnlyForDeploymentPostprocessing = 0;
		};
		115D77A117B68C05009A09F6 /* Frameworks */ = {
			isa = PBXFrameworksBuildPhase;
			buildActionMask = 2147483647;
			files = (
				115D77A717B68C05009A09F6 /* SenTestingKit.framework in Frameworks */,
				115D77A817B68C05009A09F6 /* UIKit.framework in Frameworks */,
				115D77A917B68C05009A09F6 /* Foundation.framework in Frameworks */,
			);
			runOnlyForDeploymentPostprocessing = 0;
		};
/* End PBXFrameworksBuildPhase section */

/* Begin PBXGroup section */
		115D777617B68C05009A09F6 = {
			isa = PBXGroup;
			children = (
				110FFC6A17C30B8700CA056D /* libReactiveCocoa-iOS.a */,
				11BC54A117C2C450001CCDD7 /* Security.framework */,
				115D778817B68C05009A09F6 /* narad */,
				115D77AC17B68C05009A09F6 /* naradTests */,
				115D778117B68C05009A09F6 /* Frameworks */,
				115D778017B68C05009A09F6 /* Products */,
				EB0718EE79BE4CFFB782C541 /* Pods.xcconfig */,
			);
			sourceTree = "<group>";
		};
		115D778017B68C05009A09F6 /* Products */ = {
			isa = PBXGroup;
			children = (
				115D777F17B68C05009A09F6 /* narad.app */,
				115D77A517B68C05009A09F6 /* naradTests.octest */,
			);
			name = Products;
			sourceTree = "<group>";
		};
		115D778117B68C05009A09F6 /* Frameworks */ = {
			isa = PBXGroup;
			children = (
				11A5982D17B85AFB00BF7647 /* CoreData.framework */,
				115D778217B68C05009A09F6 /* UIKit.framework */,
				115D778417B68C05009A09F6 /* Foundation.framework */,
				115D778617B68C05009A09F6 /* CoreGraphics.framework */,
				115D77A617B68C05009A09F6 /* SenTestingKit.framework */,
				FE7D065FAF8E48B18C41F163 /* libPods.a */,
			);
			name = Frameworks;
			sourceTree = "<group>";
		};
		115D778817B68C05009A09F6 /* narad */ = {
			isa = PBXGroup;
			children = (
				1181044C17C940DE00F2B3CB /* UIColor+FlatUI.h */,
				1181044D17C940DE00F2B3CB /* UIColor+FlatUI.m */,
				1181042917C92A3500F2B3CB /* Controllers */,
				11A5982C17B85A2E00BF7647 /* model */,
				115D787717B73C94009A09F6 /* gen-cocoa */,
				115D783917B73C4F009A09F6 /* thrift */,
				115D77BD17B68C24009A09F6 /* libmosquitto */,
				115D779217B68C05009A09F6 /* SRIAppDelegate.m */,
				115D779117B68C05009A09F6 /* SRIAppDelegate.h */,
				11BC549B17C2C187001CCDD7 /* SRISingleton.h */,
				11BCF1C717C2EF4E00CC2324 /* DirectMsgsViewController.h */,
				11BCF1C817C2EF4E00CC2324 /* DirectMsgsViewController.m */,
				11BC549E17C2C272001CCDD7 /* SRICredentialsManager.h */,
				11BC549F17C2C272001CCDD7 /* SRICredentialsManager.m */,
				11BC549C17C2C187001CCDD7 /* SRISingleton.m */,
				115D779A17B68C05009A09F6 /* MainStoryboard.storyboard */,
				115D779D17B68C05009A09F6 /* SRIViewController.h */,
				115D77F217B68C73009A09F6 /* MosquittoClient.h */,
				115D77F317B68C73009A09F6 /* MosquittoClient.m */,
				115D77F417B68C73009A09F6 /* MosquittoMessage.h */,
				115D77F517B68C73009A09F6 /* MosquittoMessage.m */,
				115D779E17B68C05009A09F6 /* SRIViewController.m */,
				115D778917B68C05009A09F6 /* Supporting Files */,
			);
			path = narad;
			sourceTree = "<group>";
		};
		115D778917B68C05009A09F6 /* Supporting Files */ = {
			isa = PBXGroup;
			children = (
				1181045217CA3EE400F2B3CB /* CountryCodes.plist */,
				1181044A17C93E2800F2B3CB /* plus_btn.png */,
				1181042C17C9328D00F2B3CB /* Assets */,
				115D778A17B68C05009A09F6 /* narad-Info.plist */,
				1181044817C93A5000F2B3CB /* menu_btn.png */,
				1181044217C9340500F2B3CB /* nav_bg.png */,
				1181045D17CA49F200F2B3CB /* back_btn.png */,
				115D778B17B68C05009A09F6 /* InfoPlist.strings */,
				115D778E17B68C05009A09F6 /* main.m */,
				115D779017B68C05009A09F6 /* narad-Prefix.pch */,
				115D779417B68C05009A09F6 /* Default.png */,
				115D779617B68C05009A09F6 /* Default@2x.png */,
				115D779817B68C05009A09F6 /* Default-568h@2x.png */,
			);
			name = "Supporting Files";
			sourceTree = "<group>";
		};
		115D77AC17B68C05009A09F6 /* naradTests */ = {
			isa = PBXGroup;
			children = (
				115D77B217B68C05009A09F6 /* naradTests.h */,
				115D77B317B68C05009A09F6 /* naradTests.m */,
				115D77AD17B68C05009A09F6 /* Supporting Files */,
			);
			path = naradTests;
			sourceTree = "<group>";
		};
		115D77AD17B68C05009A09F6 /* Supporting Files */ = {
			isa = PBXGroup;
			children = (
				115D77AE17B68C05009A09F6 /* naradTests-Info.plist */,
				115D77AF17B68C05009A09F6 /* InfoPlist.strings */,
			);
			name = "Supporting Files";
			sourceTree = "<group>";
		};
		115D77BD17B68C24009A09F6 /* libmosquitto */ = {
			isa = PBXGroup;
			children = (
				115D77BE17B68C59009A09F6 /* config.h */,
				115D77BF17B68C59009A09F6 /* logging_mosq.c */,
				115D77C017B68C59009A09F6 /* memory_mosq.c */,
				115D77C117B68C59009A09F6 /* messages_mosq.c */,
				115D77C217B68C59009A09F6 /* mosquitto.c */,
				115D77C317B68C59009A09F6 /* net_mosq.c */,
				115D77C417B68C59009A09F6 /* read_handle_client.c */,
				115D77C517B68C59009A09F6 /* read_handle_shared.c */,
				115D77C617B68C59009A09F6 /* read_handle.c */,
				115D77C717B68C59009A09F6 /* send_client_mosq.c */,
				115D77C817B68C59009A09F6 /* send_mosq.c */,
				115D77C917B68C59009A09F6 /* thread_mosq.c */,
				115D77CA17B68C59009A09F6 /* util_mosq.c */,
				115D77CB17B68C59009A09F6 /* will_mosq.c */,
				115D77CC17B68C59009A09F6 /* dummypthread.h */,
				115D77CD17B68C59009A09F6 /* logging_mosq.h */,
				115D77CE17B68C59009A09F6 /* memory_mosq.h */,
				115D77CF17B68C59009A09F6 /* messages_mosq.h */,
				115D77D017B68C59009A09F6 /* mosquitto_internal.h */,
				115D77D117B68C59009A09F6 /* mosquitto.h */,
				115D77D217B68C59009A09F6 /* mqtt3_protocol.h */,
				115D77D317B68C59009A09F6 /* net_mosq.h */,
				115D77D417B68C59009A09F6 /* read_handle.h */,
				115D77D517B68C59009A09F6 /* send_mosq.h */,
				115D77D617B68C59009A09F6 /* util_mosq.h */,
				115D77D717B68C59009A09F6 /* will_mosq.h */,
			);
			name = libmosquitto;
			sourceTree = "<group>";
		};
		115D783917B73C4F009A09F6 /* thrift */ = {
			isa = PBXGroup;
			children = (
				115D783A17B73C4F009A09F6 /* protocol */,
				115D784317B73C4F009A09F6 /* server */,
				115D784617B73C4F009A09F6 /* TApplicationException.h */,
				115D784717B73C4F009A09F6 /* TApplicationException.m */,
				115D784817B73C4F009A09F6 /* TException.h */,
				115D784917B73C4F009A09F6 /* TException.m */,
				115D784A17B73C4F009A09F6 /* TObjective-C.h */,
				115D784B17B73C4F009A09F6 /* TProcessor.h */,
				115D784C17B73C4F009A09F6 /* TProcessorFactory.h */,
				115D784D17B73C4F009A09F6 /* transport */,
				115D785B17B73C4F009A09F6 /* TSharedProcessorFactory.h */,
				115D785C17B73C4F009A09F6 /* TSharedProcessorFactory.m */,
			);
			name = thrift;
			path = src;
			sourceTree = "<group>";
		};
		115D783A17B73C4F009A09F6 /* protocol */ = {
			isa = PBXGroup;
			children = (
				115D783B17B73C4F009A09F6 /* TBinaryProtocol.h */,
				115D783C17B73C4F009A09F6 /* TBinaryProtocol.m */,
				115D783D17B73C4F009A09F6 /* TProtocol.h */,
				115D783E17B73C4F009A09F6 /* TProtocolException.h */,
				115D783F17B73C4F009A09F6 /* TProtocolException.m */,
				115D784017B73C4F009A09F6 /* TProtocolFactory.h */,
				115D784117B73C4F009A09F6 /* TProtocolUtil.h */,
				115D784217B73C4F009A09F6 /* TProtocolUtil.m */,
			);
			path = protocol;
			sourceTree = "<group>";
		};
		115D784317B73C4F009A09F6 /* server */ = {
			isa = PBXGroup;
			children = (
				115D784417B73C4F009A09F6 /* TSocketServer.h */,
				115D784517B73C4F009A09F6 /* TSocketServer.m */,
			);
			path = server;
			sourceTree = "<group>";
		};
		115D784D17B73C4F009A09F6 /* transport */ = {
			isa = PBXGroup;
			children = (
				115D784E17B73C4F009A09F6 /* THTTPClient.h */,
				115D784F17B73C4F009A09F6 /* THTTPClient.m */,
				115D785017B73C4F009A09F6 /* TMemoryBuffer.h */,
				115D785117B73C4F009A09F6 /* TMemoryBuffer.m */,
				115D785217B73C4F009A09F6 /* TNSFileHandleTransport.h */,
				115D785317B73C4F009A09F6 /* TNSFileHandleTransport.m */,
				115D785417B73C4F009A09F6 /* TNSStreamTransport.h */,
				115D785517B73C4F009A09F6 /* TNSStreamTransport.m */,
				115D785617B73C4F009A09F6 /* TSocketClient.h */,
				115D785717B73C4F009A09F6 /* TSocketClient.m */,
				115D785817B73C4F009A09F6 /* TTransport.h */,
				115D785917B73C4F009A09F6 /* TTransportException.h */,
				115D785A17B73C4F009A09F6 /* TTransportException.m */,
			);
			path = transport;
			sourceTree = "<group>";
		};
		115D787717B73C94009A09F6 /* gen-cocoa */ = {
			isa = PBXGroup;
			children = (
				1181046217CA6D5800F2B3CB /* services.h */,
				1181046317CA6D5800F2B3CB /* services.m */,
			);
			name = "gen-cocoa";
			path = "../../../nordbe/src/rpc/gen-cocoa";
			sourceTree = "<group>";
		};
		1181042917C92A3500F2B3CB /* Controllers */ = {
			isa = PBXGroup;
			children = (
				1107F48617C8096300A09128 /* SRIInitialSlidingViewController.h */,
				1107F48717C8096300A09128 /* SRIInitialSlidingViewController.m */,
				1107F48917C80ABD00A09128 /* SRIMessagesViewController.h */,
				1107F48A17C80ABD00A09128 /* SRIMessagesViewController.m */,
				1107F48C17C80B5C00A09128 /* SRIMenuViewController.h */,
				1107F48D17C80B5C00A09128 /* SRIMenuViewController.m */,
				1107F48F17C80C7200A09128 /* SRIRightViewController.h */,
				1107F49017C80C7200A09128 /* SRIRightViewController.m */,
				1107F49217C8107B00A09128 /* SRINavigationTopViewController.h */,
				1107F49317C8107B00A09128 /* SRINavigationTopViewController.m */,
				1181045417CA405600F2B3CB /* SRIVerificationViewController.h */,
				1181045517CA405600F2B3CB /* SRIVerificationViewController.m */,
				1181045A17CA469E00F2B3CB /* SRIWaitingVerificationCodeViewController.h */,
				1181045B17CA469E00F2B3CB /* SRIWaitingVerificationCodeViewController.m */,
				1181045F17CA593D00F2B3CB /* SRIRoot.h */,
				1181046017CA593E00F2B3CB /* SRIRoot.m */,
			);
			name = Controllers;
			sourceTree = "<group>";
		};
		1181042C17C9328D00F2B3CB /* Assets */ = {
			isa = PBXGroup;
			children = (
				1181042D17C9329200F2B3CB /* Fonts */,
			);
			name = Assets;
			sourceTree = "<group>";
		};
		1181042D17C9329200F2B3CB /* Fonts */ = {
			isa = PBXGroup;
			children = (
				1181042E17C932A600F2B3CB /* OpenSans-SemiboldItalic.ttf */,
				1181042F17C932A600F2B3CB /* OpenSans-Semibold.ttf */,
				1181043017C932A600F2B3CB /* OpenSans-Regular.ttf */,
				1181043117C932A600F2B3CB /* OpenSans-LightItalic.ttf */,
				1181043217C932A600F2B3CB /* OpenSans-Light.ttf */,
				1181043317C932A600F2B3CB /* OpenSans-Italic.ttf */,
				1181043417C932A600F2B3CB /* OpenSans-ExtraBoldItalic.ttf */,
				1181043517C932A600F2B3CB /* OpenSans-ExtraBold.ttf */,
				1181043617C932A600F2B3CB /* OpenSans-BoldItalic.ttf */,
				1181043717C932A600F2B3CB /* OpenSans-Bold.ttf */,
			);
			name = Fonts;
			sourceTree = "<group>";
		};
		11A5982217B859F300BF7647 /* RHManagedObject */ = {
			isa = PBXGroup;
			children = (
				11A5981617B859EA00BF7647 /* RHCoreDataCollectionViewController.h */,
				11A5981717B859EA00BF7647 /* RHCoreDataCollectionViewController.m */,
				11A5981817B859EA00BF7647 /* RHCoreDataTableViewController.h */,
				11A5981917B859EA00BF7647 /* RHCoreDataTableViewController.m */,
				11A5981A17B859EA00BF7647 /* RHManagedObject.h */,
				11A5981B17B859EA00BF7647 /* RHManagedObject.m */,
				11A5981C17B859EA00BF7647 /* RHManagedObjectContextManager.h */,
				11A5981D17B859EA00BF7647 /* RHManagedObjectContextManager.m */,
			);
			name = RHManagedObject;
			sourceTree = "<group>";
		};
		11A5982C17B85A2E00BF7647 /* model */ = {
			isa = PBXGroup;
			children = (
				11A5982217B859F300BF7647 /* RHManagedObject */,
				11A5983017B85B8900BF7647 /* Narad.xcdatamodel */,
				1139D8F717BDC04A00564087 /* SRIMessageEntity.h */,
				1139D8F817BDC04A00564087 /* SRIMessageEntity.m */,
				1139D8F417BDC04900564087 /* SRIUserEntity.h */,
				1139D8F517BDC04900564087 /* SRIUserEntity.m */,
				1139D8F117BDC04800564087 /* SRIConversationEntity.h */,
				1139D8F217BDC04800564087 /* SRIConversationEntity.m */,
				11EBF28B17B8618900550B9D /* SRIMessage.h */,
				11EBF28C17B8618900550B9D /* SRIMessage.m */,
				11EBF28E17B861AC00550B9D /* SRIUser.h */,
				11EBF28F17B861AC00550B9D /* SRIUser.m */,
				11A5984417B85FBD00BF7647 /* SRIConversation.h */,
				11A5984517B85FBD00BF7647 /* SRIConversation.m */,
			);
			name = model;
			sourceTree = "<group>";
		};
/* End PBXGroup section */

/* Begin PBXNativeTarget section */
		115D777E17B68C05009A09F6 /* narad */ = {
			isa = PBXNativeTarget;
			buildConfigurationList = 115D77B717B68C05009A09F6 /* Build configuration list for PBXNativeTarget "narad" */;
			buildPhases = (
				AD9B39A9520E4D20AD56BF96 /* Check Pods Manifest.lock */,
				115D777B17B68C05009A09F6 /* Sources */,
				115D777C17B68C05009A09F6 /* Frameworks */,
				115D777D17B68C05009A09F6 /* Resources */,
				68B9BD0850914A9CB434468A /* Copy Pods Resources */,
			);
			buildRules = (
			);
			dependencies = (
			);
			name = narad;
			productName = narad;
			productReference = 115D777F17B68C05009A09F6 /* narad.app */;
			productType = "com.apple.product-type.application";
		};
		115D77A417B68C05009A09F6 /* naradTests */ = {
			isa = PBXNativeTarget;
			buildConfigurationList = 115D77BA17B68C05009A09F6 /* Build configuration list for PBXNativeTarget "naradTests" */;
			buildPhases = (
				115D77A017B68C05009A09F6 /* Sources */,
				115D77A117B68C05009A09F6 /* Frameworks */,
				115D77A217B68C05009A09F6 /* Resources */,
				115D77A317B68C05009A09F6 /* ShellScript */,
			);
			buildRules = (
			);
			dependencies = (
				115D77AB17B68C05009A09F6 /* PBXTargetDependency */,
			);
			name = naradTests;
			productName = naradTests;
			productReference = 115D77A517B68C05009A09F6 /* naradTests.octest */;
			productType = "com.apple.product-type.bundle";
		};
/* End PBXNativeTarget section */

/* Begin PBXProject section */
		115D777717B68C05009A09F6 /* Project object */ = {
			isa = PBXProject;
			attributes = {
				CLASSPREFIX = SRI;
				LastUpgradeCheck = 0460;
				ORGANIZATIONNAME = srjk;
			};
			buildConfigurationList = 115D777A17B68C05009A09F6 /* Build configuration list for PBXProject "narad" */;
			compatibilityVersion = "Xcode 3.2";
			developmentRegion = English;
			hasScannedForEncodings = 0;
			knownRegions = (
				en,
			);
			mainGroup = 115D777617B68C05009A09F6;
			productRefGroup = 115D778017B68C05009A09F6 /* Products */;
			projectDirPath = "";
			projectRoot = "";
			targets = (
				115D777E17B68C05009A09F6 /* narad */,
				115D77A417B68C05009A09F6 /* naradTests */,
			);
		};
/* End PBXProject section */

/* Begin PBXResourcesBuildPhase section */
		115D777D17B68C05009A09F6 /* Resources */ = {
			isa = PBXResourcesBuildPhase;
			buildActionMask = 2147483647;
			files = (
				115D778D17B68C05009A09F6 /* InfoPlist.strings in Resources */,
				115D779517B68C05009A09F6 /* Default.png in Resources */,
				115D779717B68C05009A09F6 /* Default@2x.png in Resources */,
				115D779917B68C05009A09F6 /* Default-568h@2x.png in Resources */,
				115D779C17B68C05009A09F6 /* MainStoryboard.storyboard in Resources */,
				1181043817C932A600F2B3CB /* OpenSans-SemiboldItalic.ttf in Resources */,
				1181043917C932A600F2B3CB /* OpenSans-Semibold.ttf in Resources */,
				1181043A17C932A600F2B3CB /* OpenSans-Regular.ttf in Resources */,
				1181043B17C932A600F2B3CB /* OpenSans-LightItalic.ttf in Resources */,
				1181043C17C932A600F2B3CB /* OpenSans-Light.ttf in Resources */,
				1181043D17C932A600F2B3CB /* OpenSans-Italic.ttf in Resources */,
				1181043E17C932A600F2B3CB /* OpenSans-ExtraBoldItalic.ttf in Resources */,
				1181043F17C932A600F2B3CB /* OpenSans-ExtraBold.ttf in Resources */,
				1181044017C932A600F2B3CB /* OpenSans-BoldItalic.ttf in Resources */,
				1181044117C932A600F2B3CB /* OpenSans-Bold.ttf in Resources */,
				1181044317C9340500F2B3CB /* nav_bg.png in Resources */,
				1181044917C93A5000F2B3CB /* menu_btn.png in Resources */,
				1181044B17C93E2900F2B3CB /* plus_btn.png in Resources */,
				1181045317CA3EE400F2B3CB /* CountryCodes.plist in Resources */,
				1181045E17CA49F200F2B3CB /* back_btn.png in Resources */,
			);
			runOnlyForDeploymentPostprocessing = 0;
		};
		115D77A217B68C05009A09F6 /* Resources */ = {
			isa = PBXResourcesBuildPhase;
			buildActionMask = 2147483647;
			files = (
				115D77B117B68C05009A09F6 /* InfoPlist.strings in Resources */,
			);
			runOnlyForDeploymentPostprocessing = 0;
		};
/* End PBXResourcesBuildPhase section */

/* Begin PBXShellScriptBuildPhase section */
		115D77A317B68C05009A09F6 /* ShellScript */ = {
			isa = PBXShellScriptBuildPhase;
			buildActionMask = 2147483647;
			files = (
			);
			inputPaths = (
			);
			outputPaths = (
			);
			runOnlyForDeploymentPostprocessing = 0;
			shellPath = /bin/sh;
			shellScript = "# Run the unit tests in this test bundle.\n\"${SYSTEM_DEVELOPER_DIR}/Tools/RunUnitTests\"\n";
		};
		68B9BD0850914A9CB434468A /* Copy Pods Resources */ = {
			isa = PBXShellScriptBuildPhase;
			buildActionMask = 2147483647;
			files = (
			);
			inputPaths = (
			);
			name = "Copy Pods Resources";
			outputPaths = (
			);
			runOnlyForDeploymentPostprocessing = 0;
			shellPath = /bin/sh;
			shellScript = "\"${SRCROOT}/Pods/Pods-resources.sh\"\n";
			showEnvVarsInLog = 0;
		};
		AD9B39A9520E4D20AD56BF96 /* Check Pods Manifest.lock */ = {
			isa = PBXShellScriptBuildPhase;
			buildActionMask = 2147483647;
			files = (
			);
			inputPaths = (
			);
			name = "Check Pods Manifest.lock";
			outputPaths = (
			);
			runOnlyForDeploymentPostprocessing = 0;
			shellPath = /bin/sh;
			shellScript = "diff \"${PODS_ROOT}/../Podfile.lock\" \"${PODS_ROOT}/Manifest.lock\" > /dev/null\nif [[ $? != 0 ]] ; then\n    cat << EOM\nerror: The sandbox is not in sync with the Podfile.lock. Run 'pod install' or update your CocoaPods installation.\nEOM\n    exit 1\nfi\n";
			showEnvVarsInLog = 0;
		};
/* End PBXShellScriptBuildPhase section */

/* Begin PBXSourcesBuildPhase section */
		115D777B17B68C05009A09F6 /* Sources */ = {
			isa = PBXSourcesBuildPhase;
			buildActionMask = 2147483647;
			files = (
				115D778F17B68C05009A09F6 /* main.m in Sources */,
				115D779317B68C05009A09F6 /* SRIAppDelegate.m in Sources */,
				115D779F17B68C05009A09F6 /* SRIViewController.m in Sources */,
				115D77D817B68C59009A09F6 /* logging_mosq.c in Sources */,
				115D77DA17B68C59009A09F6 /* memory_mosq.c in Sources */,
				115D77DC17B68C59009A09F6 /* messages_mosq.c in Sources */,
				115D77DE17B68C59009A09F6 /* mosquitto.c in Sources */,
				115D77E017B68C59009A09F6 /* net_mosq.c in Sources */,
				115D77E217B68C59009A09F6 /* read_handle_client.c in Sources */,
				115D77E417B68C59009A09F6 /* read_handle_shared.c in Sources */,
				115D77E617B68C59009A09F6 /* read_handle.c in Sources */,
				115D77E817B68C59009A09F6 /* send_client_mosq.c in Sources */,
				115D77EA17B68C59009A09F6 /* send_mosq.c in Sources */,
				115D77EC17B68C59009A09F6 /* thread_mosq.c in Sources */,
				115D77EE17B68C59009A09F6 /* util_mosq.c in Sources */,
				115D77F017B68C59009A09F6 /* will_mosq.c in Sources */,
				115D77F617B68C73009A09F6 /* MosquittoClient.m in Sources */,
				115D77F817B68C73009A09F6 /* MosquittoMessage.m in Sources */,
				115D785D17B73C4F009A09F6 /* TBinaryProtocol.m in Sources */,
				115D785F17B73C4F009A09F6 /* TProtocolException.m in Sources */,
				115D786117B73C4F009A09F6 /* TProtocolUtil.m in Sources */,
				115D786317B73C4F009A09F6 /* TSocketServer.m in Sources */,
				115D786517B73C4F009A09F6 /* TApplicationException.m in Sources */,
				115D786717B73C4F009A09F6 /* TException.m in Sources */,
				115D786917B73C4F009A09F6 /* THTTPClient.m in Sources */,
				115D786B17B73C4F009A09F6 /* TMemoryBuffer.m in Sources */,
				115D786D17B73C4F009A09F6 /* TNSFileHandleTransport.m in Sources */,
				115D786F17B73C4F009A09F6 /* TNSStreamTransport.m in Sources */,
				115D787117B73C4F009A09F6 /* TSocketClient.m in Sources */,
				115D787317B73C4F009A09F6 /* TTransportException.m in Sources */,
				115D787517B73C4F009A09F6 /* TSharedProcessorFactory.m in Sources */,
				11A5981E17B859EA00BF7647 /* RHCoreDataCollectionViewController.m in Sources */,
				11A5981F17B859EA00BF7647 /* RHCoreDataTableViewController.m in Sources */,
				11A5982017B859EA00BF7647 /* RHManagedObject.m in Sources */,
				11A5982117B859EA00BF7647 /* RHManagedObjectContextManager.m in Sources */,
				11A5983117B85B8900BF7647 /* Narad.xcdatamodel in Sources */,
				11A5984617B85FBD00BF7647 /* SRIConversation.m in Sources */,
				11EBF28D17B8618900550B9D /* SRIMessage.m in Sources */,
				11EBF29017B861AC00550B9D /* SRIUser.m in Sources */,
				1139D8F317BDC04900564087 /* SRIConversationEntity.m in Sources */,
				1139D8F617BDC04A00564087 /* SRIUserEntity.m in Sources */,
				1139D8F917BDC04A00564087 /* SRIMessageEntity.m in Sources */,
				11BC549D17C2C187001CCDD7 /* SRISingleton.m in Sources */,
				11BC54A017C2C272001CCDD7 /* SRICredentialsManager.m in Sources */,
				11BCF1C917C2EF4E00CC2324 /* DirectMsgsViewController.m in Sources */,
				1107F48817C8096300A09128 /* SRIInitialSlidingViewController.m in Sources */,
				1107F48B17C80ABD00A09128 /* SRIMessagesViewController.m in Sources */,
				1107F48E17C80B5C00A09128 /* SRIMenuViewController.m in Sources */,
				1107F49117C80C7300A09128 /* SRIRightViewController.m in Sources */,
				1107F49417C8107C00A09128 /* SRINavigationTopViewController.m in Sources */,
				1181044E17C940DF00F2B3CB /* UIColor+FlatUI.m in Sources */,
				1181045617CA405700F2B3CB /* SRIVerificationViewController.m in Sources */,
				1181045C17CA469F00F2B3CB /* SRIWaitingVerificationCodeViewController.m in Sources */,
				1181046117CA593F00F2B3CB /* SRIRoot.m in Sources */,
				1181046417CA6D5800F2B3CB /* services.m in Sources */,
			);
			runOnlyForDeploymentPostprocessing = 0;
		};
		115D77A017B68C05009A09F6 /* Sources */ = {
			isa = PBXSourcesBuildPhase;
			buildActionMask = 2147483647;
			files = (
				115D77B417B68C05009A09F6 /* naradTests.m in Sources */,
				115D77D917B68C59009A09F6 /* logging_mosq.c in Sources */,
				115D77DB17B68C59009A09F6 /* memory_mosq.c in Sources */,
				115D77DD17B68C59009A09F6 /* messages_mosq.c in Sources */,
				115D77DF17B68C59009A09F6 /* mosquitto.c in Sources */,
				115D77E117B68C59009A09F6 /* net_mosq.c in Sources */,
				115D77E317B68C59009A09F6 /* read_handle_client.c in Sources */,
				115D77E517B68C59009A09F6 /* read_handle_shared.c in Sources */,
				115D77E717B68C59009A09F6 /* read_handle.c in Sources */,
				115D77E917B68C59009A09F6 /* send_client_mosq.c in Sources */,
				115D77EB17B68C59009A09F6 /* send_mosq.c in Sources */,
				115D77ED17B68C59009A09F6 /* thread_mosq.c in Sources */,
				115D77EF17B68C59009A09F6 /* util_mosq.c in Sources */,
				115D77F117B68C59009A09F6 /* will_mosq.c in Sources */,
				115D77F717B68C73009A09F6 /* MosquittoClient.m in Sources */,
				115D77F917B68C73009A09F6 /* MosquittoMessage.m in Sources */,
				115D785E17B73C4F009A09F6 /* TBinaryProtocol.m in Sources */,
				115D786017B73C4F009A09F6 /* TProtocolException.m in Sources */,
				115D786217B73C4F009A09F6 /* TProtocolUtil.m in Sources */,
				115D786417B73C4F009A09F6 /* TSocketServer.m in Sources */,
				115D786617B73C4F009A09F6 /* TApplicationException.m in Sources */,
				115D786817B73C4F009A09F6 /* TException.m in Sources */,
				115D786A17B73C4F009A09F6 /* THTTPClient.m in Sources */,
				115D786C17B73C4F009A09F6 /* TMemoryBuffer.m in Sources */,
				115D786E17B73C4F009A09F6 /* TNSFileHandleTransport.m in Sources */,
				115D787017B73C4F009A09F6 /* TNSStreamTransport.m in Sources */,
				115D787217B73C4F009A09F6 /* TSocketClient.m in Sources */,
				115D787417B73C4F009A09F6 /* TTransportException.m in Sources */,
				115D787617B73C4F009A09F6 /* TSharedProcessorFactory.m in Sources */,
			);
			runOnlyForDeploymentPostprocessing = 0;
		};
/* End PBXSourcesBuildPhase section */

/* Begin PBXTargetDependency section */
		115D77AB17B68C05009A09F6 /* PBXTargetDependency */ = {
			isa = PBXTargetDependency;
			target = 115D777E17B68C05009A09F6 /* narad */;
			targetProxy = 115D77AA17B68C05009A09F6 /* PBXContainerItemProxy */;
		};
/* End PBXTargetDependency section */

/* Begin PBXVariantGroup section */
		115D778B17B68C05009A09F6 /* InfoPlist.strings */ = {
			isa = PBXVariantGroup;
			children = (
				115D778C17B68C05009A09F6 /* en */,
			);
			name = InfoPlist.strings;
			sourceTree = "<group>";
		};
		115D779A17B68C05009A09F6 /* MainStoryboard.storyboard */ = {
			isa = PBXVariantGroup;
			children = (
				115D779B17B68C05009A09F6 /* en */,
			);
			name = MainStoryboard.storyboard;
			sourceTree = "<group>";
		};
		115D77AF17B68C05009A09F6 /* InfoPlist.strings */ = {
			isa = PBXVariantGroup;
			children = (
				115D77B017B68C05009A09F6 /* en */,
			);
			name = InfoPlist.strings;
			sourceTree = "<group>";
		};
/* End PBXVariantGroup section */

/* Begin XCBuildConfiguration section */
		115D77B517B68C05009A09F6 /* Debug */ = {
			isa = XCBuildConfiguration;
			buildSettings = {
				ALWAYS_SEARCH_USER_PATHS = YES;
				CLANG_CXX_LANGUAGE_STANDARD = "gnu++0x";
				CLANG_CXX_LIBRARY = "libc++";
				CLANG_ENABLE_OBJC_ARC = YES;
				CLANG_WARN_CONSTANT_CONVERSION = YES;
				CLANG_WARN_EMPTY_BODY = YES;
				CLANG_WARN_ENUM_CONVERSION = YES;
				CLANG_WARN_INT_CONVERSION = YES;
				CLANG_WARN__DUPLICATE_METHOD_MATCH = YES;
				"CODE_SIGN_IDENTITY[sdk=iphoneos*]" = "iPhone Developer";
				COPY_PHASE_STRIP = NO;
				GCC_C_LANGUAGE_STANDARD = gnu99;
				GCC_DYNAMIC_NO_PIC = NO;
				GCC_OPTIMIZATION_LEVEL = 0;
				GCC_PREPROCESSOR_DEFINITIONS = (
					"DEBUG=1",
					"$(inherited)",
				);
				GCC_SYMBOLS_PRIVATE_EXTERN = NO;
				GCC_WARN_ABOUT_RETURN_TYPE = YES;
				GCC_WARN_UNINITIALIZED_AUTOS = YES;
				GCC_WARN_UNUSED_VARIABLE = YES;
				HEADER_SEARCH_PATHS = (
					libmosquitto,
					"gen-cocoa/**",
					"thrift/**",
				);
				IPHONEOS_DEPLOYMENT_TARGET = 6.1;
				LIBRARY_SEARCH_PATHS = "";
				ONLY_ACTIVE_ARCH = YES;
				SDKROOT = iphoneos;
			};
			name = Debug;
		};
		115D77B617B68C05009A09F6 /* Release */ = {
			isa = XCBuildConfiguration;
			buildSettings = {
				ALWAYS_SEARCH_USER_PATHS = YES;
				CLANG_CXX_LANGUAGE_STANDARD = "gnu++0x";
				CLANG_CXX_LIBRARY = "libc++";
				CLANG_ENABLE_OBJC_ARC = YES;
				CLANG_WARN_CONSTANT_CONVERSION = YES;
				CLANG_WARN_EMPTY_BODY = YES;
				CLANG_WARN_ENUM_CONVERSION = YES;
				CLANG_WARN_INT_CONVERSION = YES;
				CLANG_WARN__DUPLICATE_METHOD_MATCH = YES;
				"CODE_SIGN_IDENTITY[sdk=iphoneos*]" = "iPhone Developer";
				COPY_PHASE_STRIP = YES;
				GCC_C_LANGUAGE_STANDARD = gnu99;
				GCC_WARN_ABOUT_RETURN_TYPE = YES;
				GCC_WARN_UNINITIALIZED_AUTOS = YES;
				GCC_WARN_UNUSED_VARIABLE = YES;
				HEADER_SEARCH_PATHS = (
					libmosquitto,
					"gen-cocoa/**",
					"thrift/**",
				);
				IPHONEOS_DEPLOYMENT_TARGET = 6.1;
				LIBRARY_SEARCH_PATHS = "";
				OTHER_CFLAGS = "-DNS_BLOCK_ASSERTIONS=1";
				SDKROOT = iphoneos;
				VALIDATE_PRODUCT = YES;
			};
			name = Release;
		};
		115D77B817B68C05009A09F6 /* Debug */ = {
			isa = XCBuildConfiguration;
			baseConfigurationReference = EB0718EE79BE4CFFB782C541 /* Pods.xcconfig */;
			buildSettings = {
				GCC_PRECOMPILE_PREFIX_HEADER = YES;
				GCC_PREFIX_HEADER = "narad/narad-Prefix.pch";
				HEADER_SEARCH_PATHS = (
					libmosquitto,
					"$(BUILD_ROOT)/../IntermediateBuildFilesPath/UninstalledProducts/include",
					"$(inherited)",
				);
				INFOPLIST_FILE = "narad/narad-Info.plist";
				ONLY_ACTIVE_ARCH = YES;
				PRODUCT_NAME = "$(TARGET_NAME)";
				WRAPPER_EXTENSION = app;
			};
			name = Debug;
		};
		115D77B917B68C05009A09F6 /* Release */ = {
			isa = XCBuildConfiguration;
			baseConfigurationReference = EB0718EE79BE4CFFB782C541 /* Pods.xcconfig */;
			buildSettings = {
				GCC_PRECOMPILE_PREFIX_HEADER = YES;
				GCC_PREFIX_HEADER = "narad/narad-Prefix.pch";
				HEADER_SEARCH_PATHS = (
					libmosquitto,
					"$(BUILD_ROOT)/../IntermediateBuildFilesPath/UninstalledProducts/include",
					"$(inherited)",
				);
				INFOPLIST_FILE = "narad/narad-Info.plist";
				ONLY_ACTIVE_ARCH = YES;
				PRODUCT_NAME = "$(TARGET_NAME)";
				WRAPPER_EXTENSION = app;
			};
			name = Release;
		};
		115D77BB17B68C05009A09F6 /* Debug */ = {
			isa = XCBuildConfiguration;
			buildSettings = {
				BUNDLE_LOADER = "$(BUILT_PRODUCTS_DIR)/narad.app/narad";
				FRAMEWORK_SEARCH_PATHS = (
					"\"$(SDKROOT)/Developer/Library/Frameworks\"",
					"\"$(DEVELOPER_LIBRARY_DIR)/Frameworks\"",
				);
				GCC_PRECOMPILE_PREFIX_HEADER = YES;
				GCC_PREFIX_HEADER = "narad/narad-Prefix.pch";
				INFOPLIST_FILE = "naradTests/naradTests-Info.plist";
				PRODUCT_NAME = "$(TARGET_NAME)";
				TEST_HOST = "$(BUNDLE_LOADER)";
				WRAPPER_EXTENSION = octest;
			};
			name = Debug;
		};
		115D77BC17B68C05009A09F6 /* Release */ = {
			isa = XCBuildConfiguration;
			buildSettings = {
				BUNDLE_LOADER = "$(BUILT_PRODUCTS_DIR)/narad.app/narad";
				FRAMEWORK_SEARCH_PATHS = (
					"\"$(SDKROOT)/Developer/Library/Frameworks\"",
					"\"$(DEVELOPER_LIBRARY_DIR)/Frameworks\"",
				);
				GCC_PRECOMPILE_PREFIX_HEADER = YES;
				GCC_PREFIX_HEADER = "narad/narad-Prefix.pch";
				INFOPLIST_FILE = "naradTests/naradTests-Info.plist";
				PRODUCT_NAME = "$(TARGET_NAME)";
				TEST_HOST = "$(BUNDLE_LOADER)";
				WRAPPER_EXTENSION = octest;
			};
			name = Release;
		};
/* End XCBuildConfiguration section */

/* Begin XCConfigurationList section */
		115D777A17B68C05009A09F6 /* Build configuration list for PBXProject "narad" */ = {
			isa = XCConfigurationList;
			buildConfigurations = (
				115D77B517B68C05009A09F6 /* Debug */,
				115D77B617B68C05009A09F6 /* Release */,
			);
			defaultConfigurationIsVisible = 0;
			defaultConfigurationName = Release;
		};
		115D77B717B68C05009A09F6 /* Build configuration list for PBXNativeTarget "narad" */ = {
			isa = XCConfigurationList;
			buildConfigurations = (
				115D77B817B68C05009A09F6 /* Debug */,
				115D77B917B68C05009A09F6 /* Release */,
			);
			defaultConfigurationIsVisible = 0;
			defaultConfigurationName = Release;
		};
		115D77BA17B68C05009A09F6 /* Build configuration list for PBXNativeTarget "naradTests" */ = {
			isa = XCConfigurationList;
			buildConfigurations = (
				115D77BB17B68C05009A09F6 /* Debug */,
				115D77BC17B68C05009A09F6 /* Release */,
			);
			defaultConfigurationIsVisible = 0;
			defaultConfigurationName = Release;
		};
/* End XCConfigurationList section */
	};
	rootObject = 115D777717B68C05009A09F6 /* Project object */;
}
