<?xml version="1.0" encoding="UTF-8"?>
<!DOCTYPE plist PUBLIC "-//Apple//DTD PLIST 1.0//EN" "http://www.apple.com/DTDs/PropertyList-1.0.dtd">
<plist version="1.0">
<dict>
	<key>archiveVersion</key>
	<string>1</string>
	<key>classes</key>
	<dict/>
	<key>objectVersion</key>
	<string>46</string>
	<key>objects</key>
	<dict>
		<key>1139D8F117BDC04800564087</key>
		<dict>
			<key>fileEncoding</key>
			<string>4</string>
			<key>isa</key>
			<string>PBXFileReference</string>
			<key>lastKnownFileType</key>
			<string>sourcecode.c.h</string>
			<key>path</key>
			<string>SRIConversationEntity.h</string>
			<key>sourceTree</key>
			<string>&lt;group&gt;</string>
		</dict>
		<key>1139D8F217BDC04800564087</key>
		<dict>
			<key>fileEncoding</key>
			<string>4</string>
			<key>isa</key>
			<string>PBXFileReference</string>
			<key>lastKnownFileType</key>
			<string>sourcecode.c.objc</string>
			<key>path</key>
			<string>SRIConversationEntity.m</string>
			<key>sourceTree</key>
			<string>&lt;group&gt;</string>
		</dict>
		<key>1139D8F317BDC04900564087</key>
		<dict>
			<key>fileRef</key>
			<string>1139D8F217BDC04800564087</string>
			<key>isa</key>
			<string>PBXBuildFile</string>
		</dict>
		<key>1139D8F417BDC04900564087</key>
		<dict>
			<key>fileEncoding</key>
			<string>4</string>
			<key>isa</key>
			<string>PBXFileReference</string>
			<key>lastKnownFileType</key>
			<string>sourcecode.c.h</string>
			<key>path</key>
			<string>SRIUserEntity.h</string>
			<key>sourceTree</key>
			<string>&lt;group&gt;</string>
		</dict>
		<key>1139D8F517BDC04900564087</key>
		<dict>
			<key>fileEncoding</key>
			<string>4</string>
			<key>isa</key>
			<string>PBXFileReference</string>
			<key>lastKnownFileType</key>
			<string>sourcecode.c.objc</string>
			<key>path</key>
			<string>SRIUserEntity.m</string>
			<key>sourceTree</key>
			<string>&lt;group&gt;</string>
		</dict>
		<key>1139D8F617BDC04A00564087</key>
		<dict>
			<key>fileRef</key>
			<string>1139D8F517BDC04900564087</string>
			<key>isa</key>
			<string>PBXBuildFile</string>
		</dict>
		<key>1139D8F717BDC04A00564087</key>
		<dict>
			<key>fileEncoding</key>
			<string>4</string>
			<key>isa</key>
			<string>PBXFileReference</string>
			<key>lastKnownFileType</key>
			<string>sourcecode.c.h</string>
			<key>path</key>
			<string>SRIMessageEntity.h</string>
			<key>sourceTree</key>
			<string>&lt;group&gt;</string>
		</dict>
		<key>1139D8F817BDC04A00564087</key>
		<dict>
			<key>fileEncoding</key>
			<string>4</string>
			<key>isa</key>
			<string>PBXFileReference</string>
			<key>lastKnownFileType</key>
			<string>sourcecode.c.objc</string>
			<key>path</key>
			<string>SRIMessageEntity.m</string>
			<key>sourceTree</key>
			<string>&lt;group&gt;</string>
		</dict>
		<key>1139D8F917BDC04A00564087</key>
		<dict>
			<key>fileRef</key>
			<string>1139D8F817BDC04A00564087</string>
			<key>isa</key>
			<string>PBXBuildFile</string>
		</dict>
		<key>115D777617B68C05009A09F6</key>
		<dict>
			<key>children</key>
			<array>
				<string>11BC54A117C2C450001CCDD7</string>
				<string>115D778817B68C05009A09F6</string>
				<string>115D77AC17B68C05009A09F6</string>
				<string>115D778117B68C05009A09F6</string>
				<string>115D778017B68C05009A09F6</string>
				<string>EB0718EE79BE4CFFB782C541</string>
			</array>
			<key>isa</key>
			<string>PBXGroup</string>
			<key>sourceTree</key>
			<string>&lt;group&gt;</string>
		</dict>
		<key>115D777717B68C05009A09F6</key>
		<dict>
			<key>attributes</key>
			<dict>
				<key>CLASSPREFIX</key>
				<string>SRI</string>
				<key>LastUpgradeCheck</key>
				<string>0460</string>
				<key>ORGANIZATIONNAME</key>
				<string>srjk</string>
			</dict>
			<key>buildConfigurationList</key>
			<string>115D777A17B68C05009A09F6</string>
			<key>compatibilityVersion</key>
			<string>Xcode 3.2</string>
			<key>developmentRegion</key>
			<string>English</string>
			<key>hasScannedForEncodings</key>
			<string>0</string>
			<key>isa</key>
			<string>PBXProject</string>
			<key>knownRegions</key>
			<array>
				<string>en</string>
			</array>
			<key>mainGroup</key>
			<string>115D777617B68C05009A09F6</string>
			<key>productRefGroup</key>
			<string>115D778017B68C05009A09F6</string>
			<key>projectDirPath</key>
			<string></string>
			<key>projectReferences</key>
			<array/>
			<key>projectRoot</key>
			<string></string>
			<key>targets</key>
			<array>
				<string>115D777E17B68C05009A09F6</string>
				<string>115D77A417B68C05009A09F6</string>
			</array>
		</dict>
		<key>115D777A17B68C05009A09F6</key>
		<dict>
			<key>buildConfigurations</key>
			<array>
				<string>115D77B517B68C05009A09F6</string>
				<string>115D77B617B68C05009A09F6</string>
			</array>
			<key>defaultConfigurationIsVisible</key>
			<string>0</string>
			<key>defaultConfigurationName</key>
			<string>Release</string>
			<key>isa</key>
			<string>XCConfigurationList</string>
		</dict>
		<key>115D777B17B68C05009A09F6</key>
		<dict>
			<key>buildActionMask</key>
			<string>2147483647</string>
			<key>files</key>
			<array>
				<string>115D778F17B68C05009A09F6</string>
				<string>115D779317B68C05009A09F6</string>
				<string>115D779F17B68C05009A09F6</string>
				<string>115D77D817B68C59009A09F6</string>
				<string>115D77DA17B68C59009A09F6</string>
				<string>115D77DC17B68C59009A09F6</string>
				<string>115D77DE17B68C59009A09F6</string>
				<string>115D77E017B68C59009A09F6</string>
				<string>115D77E217B68C59009A09F6</string>
				<string>115D77E417B68C59009A09F6</string>
				<string>115D77E617B68C59009A09F6</string>
				<string>115D77E817B68C59009A09F6</string>
				<string>115D77EA17B68C59009A09F6</string>
				<string>115D77EC17B68C59009A09F6</string>
				<string>115D77EE17B68C59009A09F6</string>
				<string>115D77F017B68C59009A09F6</string>
				<string>115D77F617B68C73009A09F6</string>
				<string>115D77F817B68C73009A09F6</string>
				<string>115D785D17B73C4F009A09F6</string>
				<string>115D785F17B73C4F009A09F6</string>
				<string>115D786117B73C4F009A09F6</string>
				<string>115D786317B73C4F009A09F6</string>
				<string>115D786517B73C4F009A09F6</string>
				<string>115D786717B73C4F009A09F6</string>
				<string>115D786917B73C4F009A09F6</string>
				<string>115D786B17B73C4F009A09F6</string>
				<string>115D786D17B73C4F009A09F6</string>
				<string>115D786F17B73C4F009A09F6</string>
				<string>115D787117B73C4F009A09F6</string>
				<string>115D787317B73C4F009A09F6</string>
				<string>115D787517B73C4F009A09F6</string>
				<string>115D787A17B73C94009A09F6</string>
				<string>11A5981E17B859EA00BF7647</string>
				<string>11A5981F17B859EA00BF7647</string>
				<string>11A5982017B859EA00BF7647</string>
				<string>11A5982117B859EA00BF7647</string>
				<string>11A5983117B85B8900BF7647</string>
				<string>11A5984617B85FBD00BF7647</string>
				<string>11EBF28D17B8618900550B9D</string>
				<string>11EBF29017B861AC00550B9D</string>
				<string>1139D8F317BDC04900564087</string>
				<string>1139D8F617BDC04A00564087</string>
				<string>1139D8F917BDC04A00564087</string>
				<string>11BC549D17C2C187001CCDD7</string>
				<string>11BC54A017C2C272001CCDD7</string>
			</array>
			<key>isa</key>
			<string>PBXSourcesBuildPhase</string>
			<key>runOnlyForDeploymentPostprocessing</key>
			<string>0</string>
		</dict>
		<key>115D777C17B68C05009A09F6</key>
		<dict>
			<key>buildActionMask</key>
			<string>2147483647</string>
			<key>files</key>
			<array>
				<string>11BC54A217C2C450001CCDD7</string>
				<string>11A5982E17B85AFB00BF7647</string>
				<string>115D778317B68C05009A09F6</string>
				<string>115D778517B68C05009A09F6</string>
				<string>115D778717B68C05009A09F6</string>
				<string>EB70A5D1F5A543A888FAE002</string>
			</array>
			<key>isa</key>
			<string>PBXFrameworksBuildPhase</string>
			<key>runOnlyForDeploymentPostprocessing</key>
			<string>0</string>
		</dict>
		<key>115D777D17B68C05009A09F6</key>
		<dict>
			<key>buildActionMask</key>
			<string>2147483647</string>
			<key>files</key>
			<array>
				<string>115D778D17B68C05009A09F6</string>
				<string>115D779517B68C05009A09F6</string>
				<string>115D779717B68C05009A09F6</string>
				<string>115D779917B68C05009A09F6</string>
				<string>115D779C17B68C05009A09F6</string>
			</array>
			<key>isa</key>
			<string>PBXResourcesBuildPhase</string>
			<key>runOnlyForDeploymentPostprocessing</key>
			<string>0</string>
		</dict>
		<key>115D777E17B68C05009A09F6</key>
		<dict>
			<key>buildConfigurationList</key>
			<string>115D77B717B68C05009A09F6</string>
			<key>buildPhases</key>
			<array>
				<string>AD9B39A9520E4D20AD56BF96</string>
				<string>115D777B17B68C05009A09F6</string>
				<string>115D777C17B68C05009A09F6</string>
				<string>115D777D17B68C05009A09F6</string>
				<string>68B9BD0850914A9CB434468A</string>
			</array>
			<key>buildRules</key>
			<array/>
			<key>dependencies</key>
			<array/>
			<key>isa</key>
			<string>PBXNativeTarget</string>
			<key>name</key>
			<string>narad</string>
			<key>productName</key>
			<string>narad</string>
			<key>productReference</key>
			<string>115D777F17B68C05009A09F6</string>
			<key>productType</key>
			<string>com.apple.product-type.application</string>
		</dict>
		<key>115D777F17B68C05009A09F6</key>
		<dict>
			<key>explicitFileType</key>
			<string>wrapper.application</string>
			<key>includeInIndex</key>
			<string>0</string>
			<key>isa</key>
			<string>PBXFileReference</string>
			<key>path</key>
			<string>narad.app</string>
			<key>sourceTree</key>
			<string>BUILT_PRODUCTS_DIR</string>
		</dict>
		<key>115D778017B68C05009A09F6</key>
		<dict>
			<key>children</key>
			<array>
				<string>115D777F17B68C05009A09F6</string>
				<string>115D77A517B68C05009A09F6</string>
			</array>
			<key>isa</key>
			<string>PBXGroup</string>
			<key>name</key>
			<string>Products</string>
			<key>sourceTree</key>
			<string>&lt;group&gt;</string>
		</dict>
		<key>115D778117B68C05009A09F6</key>
		<dict>
			<key>children</key>
			<array>
				<string>11A5982D17B85AFB00BF7647</string>
				<string>115D778217B68C05009A09F6</string>
				<string>115D778417B68C05009A09F6</string>
				<string>115D778617B68C05009A09F6</string>
				<string>115D77A617B68C05009A09F6</string>
				<string>FE7D065FAF8E48B18C41F163</string>
			</array>
			<key>isa</key>
			<string>PBXGroup</string>
			<key>name</key>
			<string>Frameworks</string>
			<key>sourceTree</key>
			<string>&lt;group&gt;</string>
		</dict>
		<key>115D778217B68C05009A09F6</key>
		<dict>
			<key>isa</key>
			<string>PBXFileReference</string>
			<key>lastKnownFileType</key>
			<string>wrapper.framework</string>
			<key>name</key>
			<string>UIKit.framework</string>
			<key>path</key>
			<string>System/Library/Frameworks/UIKit.framework</string>
			<key>sourceTree</key>
			<string>SDKROOT</string>
		</dict>
		<key>115D778317B68C05009A09F6</key>
		<dict>
			<key>fileRef</key>
			<string>115D778217B68C05009A09F6</string>
			<key>isa</key>
			<string>PBXBuildFile</string>
		</dict>
		<key>115D778417B68C05009A09F6</key>
		<dict>
			<key>isa</key>
			<string>PBXFileReference</string>
			<key>lastKnownFileType</key>
			<string>wrapper.framework</string>
			<key>name</key>
			<string>Foundation.framework</string>
			<key>path</key>
			<string>System/Library/Frameworks/Foundation.framework</string>
			<key>sourceTree</key>
			<string>SDKROOT</string>
		</dict>
		<key>115D778517B68C05009A09F6</key>
		<dict>
			<key>fileRef</key>
			<string>115D778417B68C05009A09F6</string>
			<key>isa</key>
			<string>PBXBuildFile</string>
		</dict>
		<key>115D778617B68C05009A09F6</key>
		<dict>
			<key>isa</key>
			<string>PBXFileReference</string>
			<key>lastKnownFileType</key>
			<string>wrapper.framework</string>
			<key>name</key>
			<string>CoreGraphics.framework</string>
			<key>path</key>
			<string>System/Library/Frameworks/CoreGraphics.framework</string>
			<key>sourceTree</key>
			<string>SDKROOT</string>
		</dict>
		<key>115D778717B68C05009A09F6</key>
		<dict>
			<key>fileRef</key>
			<string>115D778617B68C05009A09F6</string>
			<key>isa</key>
			<string>PBXBuildFile</string>
		</dict>
		<key>115D778817B68C05009A09F6</key>
		<dict>
			<key>children</key>
			<array>
				<string>11A5982C17B85A2E00BF7647</string>
				<string>115D787717B73C94009A09F6</string>
				<string>115D783917B73C4F009A09F6</string>
				<string>115D77BD17B68C24009A09F6</string>
				<string>115D779117B68C05009A09F6</string>
				<string>115D779217B68C05009A09F6</string>
				<string>11BC549B17C2C187001CCDD7</string>
				<string>11BC549E17C2C272001CCDD7</string>
				<string>11BC549F17C2C272001CCDD7</string>
				<string>11BC549C17C2C187001CCDD7</string>
				<string>115D779A17B68C05009A09F6</string>
				<string>115D779D17B68C05009A09F6</string>
				<string>115D77F217B68C73009A09F6</string>
				<string>115D77F317B68C73009A09F6</string>
				<string>115D77F417B68C73009A09F6</string>
				<string>115D77F517B68C73009A09F6</string>
				<string>115D779E17B68C05009A09F6</string>
				<string>115D778917B68C05009A09F6</string>
			</array>
			<key>isa</key>
			<string>PBXGroup</string>
			<key>path</key>
			<string>narad</string>
			<key>sourceTree</key>
			<string>&lt;group&gt;</string>
		</dict>
		<key>115D778917B68C05009A09F6</key>
		<dict>
			<key>children</key>
			<array>
				<string>115D778A17B68C05009A09F6</string>
				<string>115D778B17B68C05009A09F6</string>
				<string>115D778E17B68C05009A09F6</string>
				<string>115D779017B68C05009A09F6</string>
				<string>115D779417B68C05009A09F6</string>
				<string>115D779617B68C05009A09F6</string>
				<string>115D779817B68C05009A09F6</string>
			</array>
			<key>isa</key>
			<string>PBXGroup</string>
			<key>name</key>
			<string>Supporting Files</string>
			<key>sourceTree</key>
			<string>&lt;group&gt;</string>
		</dict>
		<key>115D778A17B68C05009A09F6</key>
		<dict>
			<key>isa</key>
			<string>PBXFileReference</string>
			<key>lastKnownFileType</key>
			<string>text.plist.xml</string>
			<key>path</key>
			<string>narad-Info.plist</string>
			<key>sourceTree</key>
			<string>&lt;group&gt;</string>
		</dict>
		<key>115D778B17B68C05009A09F6</key>
		<dict>
			<key>children</key>
			<array>
				<string>115D778C17B68C05009A09F6</string>
			</array>
			<key>isa</key>
			<string>PBXVariantGroup</string>
			<key>name</key>
			<string>InfoPlist.strings</string>
			<key>sourceTree</key>
			<string>&lt;group&gt;</string>
		</dict>
		<key>115D778C17B68C05009A09F6</key>
		<dict>
			<key>isa</key>
			<string>PBXFileReference</string>
			<key>lastKnownFileType</key>
			<string>text.plist.strings</string>
			<key>name</key>
			<string>en</string>
			<key>path</key>
			<string>en.lproj/InfoPlist.strings</string>
			<key>sourceTree</key>
			<string>&lt;group&gt;</string>
		</dict>
		<key>115D778D17B68C05009A09F6</key>
		<dict>
			<key>fileRef</key>
			<string>115D778B17B68C05009A09F6</string>
			<key>isa</key>
			<string>PBXBuildFile</string>
		</dict>
		<key>115D778E17B68C05009A09F6</key>
		<dict>
			<key>isa</key>
			<string>PBXFileReference</string>
			<key>lastKnownFileType</key>
			<string>sourcecode.c.objc</string>
			<key>path</key>
			<string>main.m</string>
			<key>sourceTree</key>
			<string>&lt;group&gt;</string>
		</dict>
		<key>115D778F17B68C05009A09F6</key>
		<dict>
			<key>fileRef</key>
			<string>115D778E17B68C05009A09F6</string>
			<key>isa</key>
			<string>PBXBuildFile</string>
		</dict>
		<key>115D779017B68C05009A09F6</key>
		<dict>
			<key>isa</key>
			<string>PBXFileReference</string>
			<key>lastKnownFileType</key>
			<string>sourcecode.c.h</string>
			<key>path</key>
			<string>narad-Prefix.pch</string>
			<key>sourceTree</key>
			<string>&lt;group&gt;</string>
		</dict>
		<key>115D779117B68C05009A09F6</key>
		<dict>
			<key>isa</key>
			<string>PBXFileReference</string>
			<key>lastKnownFileType</key>
			<string>sourcecode.c.h</string>
			<key>path</key>
			<string>SRIAppDelegate.h</string>
			<key>sourceTree</key>
			<string>&lt;group&gt;</string>
		</dict>
		<key>115D779217B68C05009A09F6</key>
		<dict>
			<key>isa</key>
			<string>PBXFileReference</string>
			<key>lastKnownFileType</key>
			<string>sourcecode.c.objc</string>
			<key>path</key>
			<string>SRIAppDelegate.m</string>
			<key>sourceTree</key>
			<string>&lt;group&gt;</string>
		</dict>
		<key>115D779317B68C05009A09F6</key>
		<dict>
			<key>fileRef</key>
			<string>115D779217B68C05009A09F6</string>
			<key>isa</key>
			<string>PBXBuildFile</string>
		</dict>
		<key>115D779417B68C05009A09F6</key>
		<dict>
			<key>isa</key>
			<string>PBXFileReference</string>
			<key>lastKnownFileType</key>
			<string>image.png</string>
			<key>path</key>
			<string>Default.png</string>
			<key>sourceTree</key>
			<string>&lt;group&gt;</string>
		</dict>
		<key>115D779517B68C05009A09F6</key>
		<dict>
			<key>fileRef</key>
			<string>115D779417B68C05009A09F6</string>
			<key>isa</key>
			<string>PBXBuildFile</string>
		</dict>
		<key>115D779617B68C05009A09F6</key>
		<dict>
			<key>isa</key>
			<string>PBXFileReference</string>
			<key>lastKnownFileType</key>
			<string>image.png</string>
			<key>path</key>
			<string>Default@2x.png</string>
			<key>sourceTree</key>
			<string>&lt;group&gt;</string>
		</dict>
		<key>115D779717B68C05009A09F6</key>
		<dict>
			<key>fileRef</key>
			<string>115D779617B68C05009A09F6</string>
			<key>isa</key>
			<string>PBXBuildFile</string>
		</dict>
		<key>115D779817B68C05009A09F6</key>
		<dict>
			<key>isa</key>
			<string>PBXFileReference</string>
			<key>lastKnownFileType</key>
			<string>image.png</string>
			<key>path</key>
			<string>Default-568h@2x.png</string>
			<key>sourceTree</key>
			<string>&lt;group&gt;</string>
		</dict>
		<key>115D779917B68C05009A09F6</key>
		<dict>
			<key>fileRef</key>
			<string>115D779817B68C05009A09F6</string>
			<key>isa</key>
			<string>PBXBuildFile</string>
		</dict>
		<key>115D779A17B68C05009A09F6</key>
		<dict>
			<key>children</key>
			<array>
				<string>115D779B17B68C05009A09F6</string>
			</array>
			<key>isa</key>
			<string>PBXVariantGroup</string>
			<key>name</key>
			<string>MainStoryboard.storyboard</string>
			<key>sourceTree</key>
			<string>&lt;group&gt;</string>
		</dict>
		<key>115D779B17B68C05009A09F6</key>
		<dict>
			<key>isa</key>
			<string>PBXFileReference</string>
			<key>lastKnownFileType</key>
			<string>file.storyboard</string>
			<key>name</key>
			<string>en</string>
			<key>path</key>
			<string>en.lproj/MainStoryboard.storyboard</string>
			<key>sourceTree</key>
			<string>&lt;group&gt;</string>
		</dict>
		<key>115D779C17B68C05009A09F6</key>
		<dict>
			<key>fileRef</key>
			<string>115D779A17B68C05009A09F6</string>
			<key>isa</key>
			<string>PBXBuildFile</string>
		</dict>
		<key>115D779D17B68C05009A09F6</key>
		<dict>
			<key>isa</key>
			<string>PBXFileReference</string>
			<key>lastKnownFileType</key>
			<string>sourcecode.c.h</string>
			<key>path</key>
			<string>SRIViewController.h</string>
			<key>sourceTree</key>
			<string>&lt;group&gt;</string>
		</dict>
		<key>115D779E17B68C05009A09F6</key>
		<dict>
			<key>isa</key>
			<string>PBXFileReference</string>
			<key>lastKnownFileType</key>
			<string>sourcecode.c.objc</string>
			<key>path</key>
			<string>SRIViewController.m</string>
			<key>sourceTree</key>
			<string>&lt;group&gt;</string>
		</dict>
		<key>115D779F17B68C05009A09F6</key>
		<dict>
			<key>fileRef</key>
			<string>115D779E17B68C05009A09F6</string>
			<key>isa</key>
			<string>PBXBuildFile</string>
		</dict>
		<key>115D77A017B68C05009A09F6</key>
		<dict>
			<key>buildActionMask</key>
			<string>2147483647</string>
			<key>files</key>
			<array>
				<string>115D77B417B68C05009A09F6</string>
				<string>115D77D917B68C59009A09F6</string>
				<string>115D77DB17B68C59009A09F6</string>
				<string>115D77DD17B68C59009A09F6</string>
				<string>115D77DF17B68C59009A09F6</string>
				<string>115D77E117B68C59009A09F6</string>
				<string>115D77E317B68C59009A09F6</string>
				<string>115D77E517B68C59009A09F6</string>
				<string>115D77E717B68C59009A09F6</string>
				<string>115D77E917B68C59009A09F6</string>
				<string>115D77EB17B68C59009A09F6</string>
				<string>115D77ED17B68C59009A09F6</string>
				<string>115D77EF17B68C59009A09F6</string>
				<string>115D77F117B68C59009A09F6</string>
				<string>115D77F717B68C73009A09F6</string>
				<string>115D77F917B68C73009A09F6</string>
				<string>115D785E17B73C4F009A09F6</string>
				<string>115D786017B73C4F009A09F6</string>
				<string>115D786217B73C4F009A09F6</string>
				<string>115D786417B73C4F009A09F6</string>
				<string>115D786617B73C4F009A09F6</string>
				<string>115D786817B73C4F009A09F6</string>
				<string>115D786A17B73C4F009A09F6</string>
				<string>115D786C17B73C4F009A09F6</string>
				<string>115D786E17B73C4F009A09F6</string>
				<string>115D787017B73C4F009A09F6</string>
				<string>115D787217B73C4F009A09F6</string>
				<string>115D787417B73C4F009A09F6</string>
				<string>115D787617B73C4F009A09F6</string>
				<string>115D787B17B73C94009A09F6</string>
			</array>
			<key>isa</key>
			<string>PBXSourcesBuildPhase</string>
			<key>runOnlyForDeploymentPostprocessing</key>
			<string>0</string>
		</dict>
		<key>115D77A117B68C05009A09F6</key>
		<dict>
			<key>buildActionMask</key>
			<string>2147483647</string>
			<key>files</key>
			<array>
				<string>115D77A717B68C05009A09F6</string>
				<string>115D77A817B68C05009A09F6</string>
				<string>115D77A917B68C05009A09F6</string>
			</array>
			<key>isa</key>
			<string>PBXFrameworksBuildPhase</string>
			<key>runOnlyForDeploymentPostprocessing</key>
			<string>0</string>
		</dict>
		<key>115D77A217B68C05009A09F6</key>
		<dict>
			<key>buildActionMask</key>
			<string>2147483647</string>
			<key>files</key>
			<array>
				<string>115D77B117B68C05009A09F6</string>
			</array>
			<key>isa</key>
			<string>PBXResourcesBuildPhase</string>
			<key>runOnlyForDeploymentPostprocessing</key>
			<string>0</string>
		</dict>
		<key>115D77A317B68C05009A09F6</key>
		<dict>
			<key>buildActionMask</key>
			<string>2147483647</string>
			<key>files</key>
			<array/>
			<key>inputPaths</key>
			<array/>
			<key>isa</key>
			<string>PBXShellScriptBuildPhase</string>
			<key>outputPaths</key>
			<array/>
			<key>runOnlyForDeploymentPostprocessing</key>
			<string>0</string>
			<key>shellPath</key>
			<string>/bin/sh</string>
			<key>shellScript</key>
			<string># Run the unit tests in this test bundle.
"${SYSTEM_DEVELOPER_DIR}/Tools/RunUnitTests"
</string>
		</dict>
		<key>115D77A417B68C05009A09F6</key>
		<dict>
			<key>buildConfigurationList</key>
			<string>115D77BA17B68C05009A09F6</string>
			<key>buildPhases</key>
			<array>
				<string>115D77A017B68C05009A09F6</string>
				<string>115D77A117B68C05009A09F6</string>
				<string>115D77A217B68C05009A09F6</string>
				<string>115D77A317B68C05009A09F6</string>
			</array>
			<key>buildRules</key>
			<array/>
			<key>dependencies</key>
			<array>
				<string>115D77AB17B68C05009A09F6</string>
			</array>
			<key>isa</key>
			<string>PBXNativeTarget</string>
			<key>name</key>
			<string>naradTests</string>
			<key>productName</key>
			<string>naradTests</string>
			<key>productReference</key>
			<string>115D77A517B68C05009A09F6</string>
			<key>productType</key>
			<string>com.apple.product-type.bundle</string>
		</dict>
		<key>115D77A517B68C05009A09F6</key>
		<dict>
			<key>explicitFileType</key>
			<string>wrapper.cfbundle</string>
			<key>includeInIndex</key>
			<string>0</string>
			<key>isa</key>
			<string>PBXFileReference</string>
			<key>path</key>
			<string>naradTests.octest</string>
			<key>sourceTree</key>
			<string>BUILT_PRODUCTS_DIR</string>
		</dict>
		<key>115D77A617B68C05009A09F6</key>
		<dict>
			<key>isa</key>
			<string>PBXFileReference</string>
			<key>lastKnownFileType</key>
			<string>wrapper.framework</string>
			<key>name</key>
			<string>SenTestingKit.framework</string>
			<key>path</key>
			<string>Library/Frameworks/SenTestingKit.framework</string>
			<key>sourceTree</key>
			<string>DEVELOPER_DIR</string>
		</dict>
		<key>115D77A717B68C05009A09F6</key>
		<dict>
			<key>fileRef</key>
			<string>115D77A617B68C05009A09F6</string>
			<key>isa</key>
			<string>PBXBuildFile</string>
		</dict>
		<key>115D77A817B68C05009A09F6</key>
		<dict>
			<key>fileRef</key>
			<string>115D778217B68C05009A09F6</string>
			<key>isa</key>
			<string>PBXBuildFile</string>
		</dict>
		<key>115D77A917B68C05009A09F6</key>
		<dict>
			<key>fileRef</key>
			<string>115D778417B68C05009A09F6</string>
			<key>isa</key>
			<string>PBXBuildFile</string>
		</dict>
		<key>115D77AA17B68C05009A09F6</key>
		<dict>
			<key>containerPortal</key>
			<string>115D777717B68C05009A09F6</string>
			<key>isa</key>
			<string>PBXContainerItemProxy</string>
			<key>proxyType</key>
			<string>1</string>
			<key>remoteGlobalIDString</key>
			<string>115D777E17B68C05009A09F6</string>
			<key>remoteInfo</key>
			<string>narad</string>
		</dict>
		<key>115D77AB17B68C05009A09F6</key>
		<dict>
			<key>isa</key>
			<string>PBXTargetDependency</string>
			<key>target</key>
			<string>115D777E17B68C05009A09F6</string>
			<key>targetProxy</key>
			<string>115D77AA17B68C05009A09F6</string>
		</dict>
		<key>115D77AC17B68C05009A09F6</key>
		<dict>
			<key>children</key>
			<array>
				<string>115D77B217B68C05009A09F6</string>
				<string>115D77B317B68C05009A09F6</string>
				<string>115D77AD17B68C05009A09F6</string>
			</array>
			<key>isa</key>
			<string>PBXGroup</string>
			<key>path</key>
			<string>naradTests</string>
			<key>sourceTree</key>
			<string>&lt;group&gt;</string>
		</dict>
		<key>115D77AD17B68C05009A09F6</key>
		<dict>
			<key>children</key>
			<array>
				<string>115D77AE17B68C05009A09F6</string>
				<string>115D77AF17B68C05009A09F6</string>
			</array>
			<key>isa</key>
			<string>PBXGroup</string>
			<key>name</key>
			<string>Supporting Files</string>
			<key>sourceTree</key>
			<string>&lt;group&gt;</string>
		</dict>
		<key>115D77AE17B68C05009A09F6</key>
		<dict>
			<key>isa</key>
			<string>PBXFileReference</string>
			<key>lastKnownFileType</key>
			<string>text.plist.xml</string>
			<key>path</key>
			<string>naradTests-Info.plist</string>
			<key>sourceTree</key>
			<string>&lt;group&gt;</string>
		</dict>
		<key>115D77AF17B68C05009A09F6</key>
		<dict>
			<key>children</key>
			<array>
				<string>115D77B017B68C05009A09F6</string>
			</array>
			<key>isa</key>
			<string>PBXVariantGroup</string>
			<key>name</key>
			<string>InfoPlist.strings</string>
			<key>sourceTree</key>
			<string>&lt;group&gt;</string>
		</dict>
		<key>115D77B017B68C05009A09F6</key>
		<dict>
			<key>isa</key>
			<string>PBXFileReference</string>
			<key>lastKnownFileType</key>
			<string>text.plist.strings</string>
			<key>name</key>
			<string>en</string>
			<key>path</key>
			<string>en.lproj/InfoPlist.strings</string>
			<key>sourceTree</key>
			<string>&lt;group&gt;</string>
		</dict>
		<key>115D77B117B68C05009A09F6</key>
		<dict>
			<key>fileRef</key>
			<string>115D77AF17B68C05009A09F6</string>
			<key>isa</key>
			<string>PBXBuildFile</string>
		</dict>
		<key>115D77B217B68C05009A09F6</key>
		<dict>
			<key>isa</key>
			<string>PBXFileReference</string>
			<key>lastKnownFileType</key>
			<string>sourcecode.c.h</string>
			<key>path</key>
			<string>naradTests.h</string>
			<key>sourceTree</key>
			<string>&lt;group&gt;</string>
		</dict>
		<key>115D77B317B68C05009A09F6</key>
		<dict>
			<key>isa</key>
			<string>PBXFileReference</string>
			<key>lastKnownFileType</key>
			<string>sourcecode.c.objc</string>
			<key>path</key>
			<string>naradTests.m</string>
			<key>sourceTree</key>
			<string>&lt;group&gt;</string>
		</dict>
		<key>115D77B417B68C05009A09F6</key>
		<dict>
			<key>fileRef</key>
			<string>115D77B317B68C05009A09F6</string>
			<key>isa</key>
			<string>PBXBuildFile</string>
		</dict>
		<key>115D77B517B68C05009A09F6</key>
		<dict>
			<key>buildSettings</key>
			<dict>
				<key>ALWAYS_SEARCH_USER_PATHS</key>
				<string>YES</string>
				<key>CLANG_CXX_LANGUAGE_STANDARD</key>
				<string>gnu++0x</string>
				<key>CLANG_CXX_LIBRARY</key>
				<string>libc++</string>
				<key>CLANG_ENABLE_OBJC_ARC</key>
				<string>YES</string>
				<key>CLANG_WARN_CONSTANT_CONVERSION</key>
				<string>YES</string>
				<key>CLANG_WARN_EMPTY_BODY</key>
				<string>YES</string>
				<key>CLANG_WARN_ENUM_CONVERSION</key>
				<string>YES</string>
				<key>CLANG_WARN_INT_CONVERSION</key>
				<string>YES</string>
				<key>CLANG_WARN__DUPLICATE_METHOD_MATCH</key>
				<string>YES</string>
				<key>CODE_SIGN_IDENTITY[sdk=iphoneos*]</key>
				<string>iPhone Developer</string>
				<key>COPY_PHASE_STRIP</key>
				<string>NO</string>
				<key>GCC_C_LANGUAGE_STANDARD</key>
				<string>gnu99</string>
				<key>GCC_DYNAMIC_NO_PIC</key>
				<string>NO</string>
				<key>GCC_OPTIMIZATION_LEVEL</key>
				<string>0</string>
				<key>GCC_PREPROCESSOR_DEFINITIONS</key>
				<array>
					<string>DEBUG=1</string>
					<string>$(inherited)</string>
				</array>
				<key>GCC_SYMBOLS_PRIVATE_EXTERN</key>
				<string>NO</string>
				<key>GCC_WARN_ABOUT_RETURN_TYPE</key>
				<string>YES</string>
				<key>GCC_WARN_UNINITIALIZED_AUTOS</key>
				<string>YES</string>
				<key>GCC_WARN_UNUSED_VARIABLE</key>
				<string>YES</string>
				<key>HEADER_SEARCH_PATHS</key>
				<array>
					<string>libmosquitto</string>
					<string>gen-cocoa/**</string>
					<string>thrift/**</string>
				</array>
				<key>IPHONEOS_DEPLOYMENT_TARGET</key>
				<string>6.1</string>
				<key>LIBRARY_SEARCH_PATHS</key>
				<string></string>
				<key>ONLY_ACTIVE_ARCH</key>
				<string>YES</string>
				<key>SDKROOT</key>
				<string>iphoneos</string>
			</dict>
			<key>isa</key>
			<string>XCBuildConfiguration</string>
			<key>name</key>
			<string>Debug</string>
		</dict>
		<key>115D77B617B68C05009A09F6</key>
		<dict>
			<key>buildSettings</key>
			<dict>
				<key>ALWAYS_SEARCH_USER_PATHS</key>
				<string>YES</string>
				<key>CLANG_CXX_LANGUAGE_STANDARD</key>
				<string>gnu++0x</string>
				<key>CLANG_CXX_LIBRARY</key>
				<string>libc++</string>
				<key>CLANG_ENABLE_OBJC_ARC</key>
				<string>YES</string>
				<key>CLANG_WARN_CONSTANT_CONVERSION</key>
				<string>YES</string>
				<key>CLANG_WARN_EMPTY_BODY</key>
				<string>YES</string>
				<key>CLANG_WARN_ENUM_CONVERSION</key>
				<string>YES</string>
				<key>CLANG_WARN_INT_CONVERSION</key>
				<string>YES</string>
				<key>CLANG_WARN__DUPLICATE_METHOD_MATCH</key>
				<string>YES</string>
				<key>CODE_SIGN_IDENTITY[sdk=iphoneos*]</key>
				<string>iPhone Developer</string>
				<key>COPY_PHASE_STRIP</key>
				<string>YES</string>
				<key>GCC_C_LANGUAGE_STANDARD</key>
				<string>gnu99</string>
				<key>GCC_WARN_ABOUT_RETURN_TYPE</key>
				<string>YES</string>
				<key>GCC_WARN_UNINITIALIZED_AUTOS</key>
				<string>YES</string>
				<key>GCC_WARN_UNUSED_VARIABLE</key>
				<string>YES</string>
				<key>HEADER_SEARCH_PATHS</key>
				<array>
					<string>libmosquitto</string>
					<string>gen-cocoa/**</string>
					<string>thrift/**</string>
				</array>
				<key>IPHONEOS_DEPLOYMENT_TARGET</key>
				<string>6.1</string>
				<key>LIBRARY_SEARCH_PATHS</key>
				<string></string>
				<key>OTHER_CFLAGS</key>
				<string>-DNS_BLOCK_ASSERTIONS=1</string>
				<key>SDKROOT</key>
				<string>iphoneos</string>
				<key>VALIDATE_PRODUCT</key>
				<string>YES</string>
			</dict>
			<key>isa</key>
			<string>XCBuildConfiguration</string>
			<key>name</key>
			<string>Release</string>
		</dict>
		<key>115D77B717B68C05009A09F6</key>
		<dict>
			<key>buildConfigurations</key>
			<array>
				<string>115D77B817B68C05009A09F6</string>
				<string>115D77B917B68C05009A09F6</string>
			</array>
			<key>defaultConfigurationIsVisible</key>
			<string>0</string>
			<key>defaultConfigurationName</key>
			<string>Release</string>
			<key>isa</key>
			<string>XCConfigurationList</string>
		</dict>
		<key>115D77B817B68C05009A09F6</key>
		<dict>
			<key>baseConfigurationReference</key>
			<string>EB0718EE79BE4CFFB782C541</string>
			<key>buildSettings</key>
			<dict>
				<key>GCC_PRECOMPILE_PREFIX_HEADER</key>
				<string>YES</string>
				<key>GCC_PREFIX_HEADER</key>
				<string>narad/narad-Prefix.pch</string>
				<key>HEADER_SEARCH_PATHS</key>
				<string>libmosquitto</string>
				<key>INFOPLIST_FILE</key>
				<string>narad/narad-Info.plist</string>
				<key>ONLY_ACTIVE_ARCH</key>
				<string>YES</string>
				<key>PRODUCT_NAME</key>
				<string>$(TARGET_NAME)</string>
				<key>WRAPPER_EXTENSION</key>
				<string>app</string>
			</dict>
			<key>isa</key>
			<string>XCBuildConfiguration</string>
			<key>name</key>
			<string>Debug</string>
		</dict>
		<key>115D77B917B68C05009A09F6</key>
		<dict>
			<key>baseConfigurationReference</key>
			<string>EB0718EE79BE4CFFB782C541</string>
			<key>buildSettings</key>
			<dict>
				<key>GCC_PRECOMPILE_PREFIX_HEADER</key>
				<string>YES</string>
				<key>GCC_PREFIX_HEADER</key>
				<string>narad/narad-Prefix.pch</string>
				<key>HEADER_SEARCH_PATHS</key>
				<string>libmosquitto</string>
				<key>INFOPLIST_FILE</key>
				<string>narad/narad-Info.plist</string>
				<key>ONLY_ACTIVE_ARCH</key>
				<string>YES</string>
				<key>PRODUCT_NAME</key>
				<string>$(TARGET_NAME)</string>
				<key>WRAPPER_EXTENSION</key>
				<string>app</string>
			</dict>
			<key>isa</key>
			<string>XCBuildConfiguration</string>
			<key>name</key>
			<string>Release</string>
		</dict>
		<key>115D77BA17B68C05009A09F6</key>
		<dict>
			<key>buildConfigurations</key>
			<array>
				<string>115D77BB17B68C05009A09F6</string>
				<string>115D77BC17B68C05009A09F6</string>
			</array>
			<key>defaultConfigurationIsVisible</key>
			<string>0</string>
			<key>defaultConfigurationName</key>
			<string>Release</string>
			<key>isa</key>
			<string>XCConfigurationList</string>
		</dict>
		<key>115D77BB17B68C05009A09F6</key>
		<dict>
			<key>buildSettings</key>
			<dict>
				<key>BUNDLE_LOADER</key>
				<string>$(BUILT_PRODUCTS_DIR)/narad.app/narad</string>
				<key>FRAMEWORK_SEARCH_PATHS</key>
				<array>
					<string>"$(SDKROOT)/Developer/Library/Frameworks"</string>
					<string>"$(DEVELOPER_LIBRARY_DIR)/Frameworks"</string>
				</array>
				<key>GCC_PRECOMPILE_PREFIX_HEADER</key>
				<string>YES</string>
				<key>GCC_PREFIX_HEADER</key>
				<string>narad/narad-Prefix.pch</string>
				<key>INFOPLIST_FILE</key>
				<string>naradTests/naradTests-Info.plist</string>
				<key>PRODUCT_NAME</key>
				<string>$(TARGET_NAME)</string>
				<key>TEST_HOST</key>
				<string>$(BUNDLE_LOADER)</string>
				<key>WRAPPER_EXTENSION</key>
				<string>octest</string>
			</dict>
			<key>isa</key>
			<string>XCBuildConfiguration</string>
			<key>name</key>
			<string>Debug</string>
		</dict>
		<key>115D77BC17B68C05009A09F6</key>
		<dict>
			<key>buildSettings</key>
			<dict>
				<key>BUNDLE_LOADER</key>
				<string>$(BUILT_PRODUCTS_DIR)/narad.app/narad</string>
				<key>FRAMEWORK_SEARCH_PATHS</key>
				<array>
					<string>"$(SDKROOT)/Developer/Library/Frameworks"</string>
					<string>"$(DEVELOPER_LIBRARY_DIR)/Frameworks"</string>
				</array>
				<key>GCC_PRECOMPILE_PREFIX_HEADER</key>
				<string>YES</string>
				<key>GCC_PREFIX_HEADER</key>
				<string>narad/narad-Prefix.pch</string>
				<key>INFOPLIST_FILE</key>
				<string>naradTests/naradTests-Info.plist</string>
				<key>PRODUCT_NAME</key>
				<string>$(TARGET_NAME)</string>
				<key>TEST_HOST</key>
				<string>$(BUNDLE_LOADER)</string>
				<key>WRAPPER_EXTENSION</key>
				<string>octest</string>
			</dict>
			<key>isa</key>
			<string>XCBuildConfiguration</string>
			<key>name</key>
			<string>Release</string>
		</dict>
		<key>115D77BD17B68C24009A09F6</key>
		<dict>
			<key>children</key>
			<array>
				<string>115D77BE17B68C59009A09F6</string>
				<string>115D77BF17B68C59009A09F6</string>
				<string>115D77C017B68C59009A09F6</string>
				<string>115D77C117B68C59009A09F6</string>
				<string>115D77C217B68C59009A09F6</string>
				<string>115D77C317B68C59009A09F6</string>
				<string>115D77C417B68C59009A09F6</string>
				<string>115D77C517B68C59009A09F6</string>
				<string>115D77C617B68C59009A09F6</string>
				<string>115D77C717B68C59009A09F6</string>
				<string>115D77C817B68C59009A09F6</string>
				<string>115D77C917B68C59009A09F6</string>
				<string>115D77CA17B68C59009A09F6</string>
				<string>115D77CB17B68C59009A09F6</string>
				<string>115D77CC17B68C59009A09F6</string>
				<string>115D77CD17B68C59009A09F6</string>
				<string>115D77CE17B68C59009A09F6</string>
				<string>115D77CF17B68C59009A09F6</string>
				<string>115D77D017B68C59009A09F6</string>
				<string>115D77D117B68C59009A09F6</string>
				<string>115D77D217B68C59009A09F6</string>
				<string>115D77D317B68C59009A09F6</string>
				<string>115D77D417B68C59009A09F6</string>
				<string>115D77D517B68C59009A09F6</string>
				<string>115D77D617B68C59009A09F6</string>
				<string>115D77D717B68C59009A09F6</string>
			</array>
			<key>isa</key>
			<string>PBXGroup</string>
			<key>name</key>
			<string>libmosquitto</string>
			<key>sourceTree</key>
			<string>&lt;group&gt;</string>
		</dict>
		<key>115D77BE17B68C59009A09F6</key>
		<dict>
			<key>fileEncoding</key>
			<string>4</string>
			<key>isa</key>
			<string>PBXFileReference</string>
			<key>lastKnownFileType</key>
			<string>sourcecode.c.h</string>
			<key>path</key>
			<string>config.h</string>
			<key>sourceTree</key>
			<string>&lt;group&gt;</string>
		</dict>
		<key>115D77BF17B68C59009A09F6</key>
		<dict>
			<key>fileEncoding</key>
			<string>4</string>
			<key>isa</key>
			<string>PBXFileReference</string>
			<key>lastKnownFileType</key>
			<string>sourcecode.c.c</string>
			<key>path</key>
			<string>logging_mosq.c</string>
			<key>sourceTree</key>
			<string>&lt;group&gt;</string>
		</dict>
		<key>115D77C017B68C59009A09F6</key>
		<dict>
			<key>fileEncoding</key>
			<string>4</string>
			<key>isa</key>
			<string>PBXFileReference</string>
			<key>lastKnownFileType</key>
			<string>sourcecode.c.c</string>
			<key>path</key>
			<string>memory_mosq.c</string>
			<key>sourceTree</key>
			<string>&lt;group&gt;</string>
		</dict>
		<key>115D77C117B68C59009A09F6</key>
		<dict>
			<key>fileEncoding</key>
			<string>4</string>
			<key>isa</key>
			<string>PBXFileReference</string>
			<key>lastKnownFileType</key>
			<string>sourcecode.c.c</string>
			<key>path</key>
			<string>messages_mosq.c</string>
			<key>sourceTree</key>
			<string>&lt;group&gt;</string>
		</dict>
		<key>115D77C217B68C59009A09F6</key>
		<dict>
			<key>fileEncoding</key>
			<string>4</string>
			<key>isa</key>
			<string>PBXFileReference</string>
			<key>lastKnownFileType</key>
			<string>sourcecode.c.c</string>
			<key>path</key>
			<string>mosquitto.c</string>
			<key>sourceTree</key>
			<string>&lt;group&gt;</string>
		</dict>
		<key>115D77C317B68C59009A09F6</key>
		<dict>
			<key>fileEncoding</key>
			<string>4</string>
			<key>isa</key>
			<string>PBXFileReference</string>
			<key>lastKnownFileType</key>
			<string>sourcecode.c.c</string>
			<key>path</key>
			<string>net_mosq.c</string>
			<key>sourceTree</key>
			<string>&lt;group&gt;</string>
		</dict>
		<key>115D77C417B68C59009A09F6</key>
		<dict>
			<key>fileEncoding</key>
			<string>4</string>
			<key>isa</key>
			<string>PBXFileReference</string>
			<key>lastKnownFileType</key>
			<string>sourcecode.c.c</string>
			<key>path</key>
			<string>read_handle_client.c</string>
			<key>sourceTree</key>
			<string>&lt;group&gt;</string>
		</dict>
		<key>115D77C517B68C59009A09F6</key>
		<dict>
			<key>fileEncoding</key>
			<string>4</string>
			<key>isa</key>
			<string>PBXFileReference</string>
			<key>lastKnownFileType</key>
			<string>sourcecode.c.c</string>
			<key>path</key>
			<string>read_handle_shared.c</string>
			<key>sourceTree</key>
			<string>&lt;group&gt;</string>
		</dict>
		<key>115D77C617B68C59009A09F6</key>
		<dict>
			<key>fileEncoding</key>
			<string>4</string>
			<key>isa</key>
			<string>PBXFileReference</string>
			<key>lastKnownFileType</key>
			<string>sourcecode.c.c</string>
			<key>path</key>
			<string>read_handle.c</string>
			<key>sourceTree</key>
			<string>&lt;group&gt;</string>
		</dict>
		<key>115D77C717B68C59009A09F6</key>
		<dict>
			<key>fileEncoding</key>
			<string>4</string>
			<key>isa</key>
			<string>PBXFileReference</string>
			<key>lastKnownFileType</key>
			<string>sourcecode.c.c</string>
			<key>path</key>
			<string>send_client_mosq.c</string>
			<key>sourceTree</key>
			<string>&lt;group&gt;</string>
		</dict>
		<key>115D77C817B68C59009A09F6</key>
		<dict>
			<key>fileEncoding</key>
			<string>4</string>
			<key>isa</key>
			<string>PBXFileReference</string>
			<key>lastKnownFileType</key>
			<string>sourcecode.c.c</string>
			<key>path</key>
			<string>send_mosq.c</string>
			<key>sourceTree</key>
			<string>&lt;group&gt;</string>
		</dict>
		<key>115D77C917B68C59009A09F6</key>
		<dict>
			<key>fileEncoding</key>
			<string>4</string>
			<key>isa</key>
			<string>PBXFileReference</string>
			<key>lastKnownFileType</key>
			<string>sourcecode.c.c</string>
			<key>path</key>
			<string>thread_mosq.c</string>
			<key>sourceTree</key>
			<string>&lt;group&gt;</string>
		</dict>
		<key>115D77CA17B68C59009A09F6</key>
		<dict>
			<key>fileEncoding</key>
			<string>4</string>
			<key>isa</key>
			<string>PBXFileReference</string>
			<key>lastKnownFileType</key>
			<string>sourcecode.c.c</string>
			<key>path</key>
			<string>util_mosq.c</string>
			<key>sourceTree</key>
			<string>&lt;group&gt;</string>
		</dict>
		<key>115D77CB17B68C59009A09F6</key>
		<dict>
			<key>fileEncoding</key>
			<string>4</string>
			<key>isa</key>
			<string>PBXFileReference</string>
			<key>lastKnownFileType</key>
			<string>sourcecode.c.c</string>
			<key>path</key>
			<string>will_mosq.c</string>
			<key>sourceTree</key>
			<string>&lt;group&gt;</string>
		</dict>
		<key>115D77CC17B68C59009A09F6</key>
		<dict>
			<key>fileEncoding</key>
			<string>4</string>
			<key>isa</key>
			<string>PBXFileReference</string>
			<key>lastKnownFileType</key>
			<string>sourcecode.c.h</string>
			<key>path</key>
			<string>dummypthread.h</string>
			<key>sourceTree</key>
			<string>&lt;group&gt;</string>
		</dict>
		<key>115D77CD17B68C59009A09F6</key>
		<dict>
			<key>fileEncoding</key>
			<string>4</string>
			<key>isa</key>
			<string>PBXFileReference</string>
			<key>lastKnownFileType</key>
			<string>sourcecode.c.h</string>
			<key>path</key>
			<string>logging_mosq.h</string>
			<key>sourceTree</key>
			<string>&lt;group&gt;</string>
		</dict>
		<key>115D77CE17B68C59009A09F6</key>
		<dict>
			<key>fileEncoding</key>
			<string>4</string>
			<key>isa</key>
			<string>PBXFileReference</string>
			<key>lastKnownFileType</key>
			<string>sourcecode.c.h</string>
			<key>path</key>
			<string>memory_mosq.h</string>
			<key>sourceTree</key>
			<string>&lt;group&gt;</string>
		</dict>
		<key>115D77CF17B68C59009A09F6</key>
		<dict>
			<key>fileEncoding</key>
			<string>4</string>
			<key>isa</key>
			<string>PBXFileReference</string>
			<key>lastKnownFileType</key>
			<string>sourcecode.c.h</string>
			<key>path</key>
			<string>messages_mosq.h</string>
			<key>sourceTree</key>
			<string>&lt;group&gt;</string>
		</dict>
		<key>115D77D017B68C59009A09F6</key>
		<dict>
			<key>fileEncoding</key>
			<string>4</string>
			<key>isa</key>
			<string>PBXFileReference</string>
			<key>lastKnownFileType</key>
			<string>sourcecode.c.h</string>
			<key>path</key>
			<string>mosquitto_internal.h</string>
			<key>sourceTree</key>
			<string>&lt;group&gt;</string>
		</dict>
		<key>115D77D117B68C59009A09F6</key>
		<dict>
			<key>fileEncoding</key>
			<string>4</string>
			<key>isa</key>
			<string>PBXFileReference</string>
			<key>lastKnownFileType</key>
			<string>sourcecode.c.h</string>
			<key>path</key>
			<string>mosquitto.h</string>
			<key>sourceTree</key>
			<string>&lt;group&gt;</string>
		</dict>
		<key>115D77D217B68C59009A09F6</key>
		<dict>
			<key>fileEncoding</key>
			<string>4</string>
			<key>isa</key>
			<string>PBXFileReference</string>
			<key>lastKnownFileType</key>
			<string>sourcecode.c.h</string>
			<key>path</key>
			<string>mqtt3_protocol.h</string>
			<key>sourceTree</key>
			<string>&lt;group&gt;</string>
		</dict>
		<key>115D77D317B68C59009A09F6</key>
		<dict>
			<key>fileEncoding</key>
			<string>4</string>
			<key>isa</key>
			<string>PBXFileReference</string>
			<key>lastKnownFileType</key>
			<string>sourcecode.c.h</string>
			<key>path</key>
			<string>net_mosq.h</string>
			<key>sourceTree</key>
			<string>&lt;group&gt;</string>
		</dict>
		<key>115D77D417B68C59009A09F6</key>
		<dict>
			<key>fileEncoding</key>
			<string>4</string>
			<key>isa</key>
			<string>PBXFileReference</string>
			<key>lastKnownFileType</key>
			<string>sourcecode.c.h</string>
			<key>path</key>
			<string>read_handle.h</string>
			<key>sourceTree</key>
			<string>&lt;group&gt;</string>
		</dict>
		<key>115D77D517B68C59009A09F6</key>
		<dict>
			<key>fileEncoding</key>
			<string>4</string>
			<key>isa</key>
			<string>PBXFileReference</string>
			<key>lastKnownFileType</key>
			<string>sourcecode.c.h</string>
			<key>path</key>
			<string>send_mosq.h</string>
			<key>sourceTree</key>
			<string>&lt;group&gt;</string>
		</dict>
		<key>115D77D617B68C59009A09F6</key>
		<dict>
			<key>fileEncoding</key>
			<string>4</string>
			<key>isa</key>
			<string>PBXFileReference</string>
			<key>lastKnownFileType</key>
			<string>sourcecode.c.h</string>
			<key>path</key>
			<string>util_mosq.h</string>
			<key>sourceTree</key>
			<string>&lt;group&gt;</string>
		</dict>
		<key>115D77D717B68C59009A09F6</key>
		<dict>
			<key>fileEncoding</key>
			<string>4</string>
			<key>isa</key>
			<string>PBXFileReference</string>
			<key>lastKnownFileType</key>
			<string>sourcecode.c.h</string>
			<key>path</key>
			<string>will_mosq.h</string>
			<key>sourceTree</key>
			<string>&lt;group&gt;</string>
		</dict>
		<key>115D77D817B68C59009A09F6</key>
		<dict>
			<key>fileRef</key>
			<string>115D77BF17B68C59009A09F6</string>
			<key>isa</key>
			<string>PBXBuildFile</string>
		</dict>
		<key>115D77D917B68C59009A09F6</key>
		<dict>
			<key>fileRef</key>
			<string>115D77BF17B68C59009A09F6</string>
			<key>isa</key>
			<string>PBXBuildFile</string>
		</dict>
		<key>115D77DA17B68C59009A09F6</key>
		<dict>
			<key>fileRef</key>
			<string>115D77C017B68C59009A09F6</string>
			<key>isa</key>
			<string>PBXBuildFile</string>
		</dict>
		<key>115D77DB17B68C59009A09F6</key>
		<dict>
			<key>fileRef</key>
			<string>115D77C017B68C59009A09F6</string>
			<key>isa</key>
			<string>PBXBuildFile</string>
		</dict>
		<key>115D77DC17B68C59009A09F6</key>
		<dict>
			<key>fileRef</key>
			<string>115D77C117B68C59009A09F6</string>
			<key>isa</key>
			<string>PBXBuildFile</string>
		</dict>
		<key>115D77DD17B68C59009A09F6</key>
		<dict>
			<key>fileRef</key>
			<string>115D77C117B68C59009A09F6</string>
			<key>isa</key>
			<string>PBXBuildFile</string>
		</dict>
		<key>115D77DE17B68C59009A09F6</key>
		<dict>
			<key>fileRef</key>
			<string>115D77C217B68C59009A09F6</string>
			<key>isa</key>
			<string>PBXBuildFile</string>
		</dict>
		<key>115D77DF17B68C59009A09F6</key>
		<dict>
			<key>fileRef</key>
			<string>115D77C217B68C59009A09F6</string>
			<key>isa</key>
			<string>PBXBuildFile</string>
		</dict>
		<key>115D77E017B68C59009A09F6</key>
		<dict>
			<key>fileRef</key>
			<string>115D77C317B68C59009A09F6</string>
			<key>isa</key>
			<string>PBXBuildFile</string>
		</dict>
		<key>115D77E117B68C59009A09F6</key>
		<dict>
			<key>fileRef</key>
			<string>115D77C317B68C59009A09F6</string>
			<key>isa</key>
			<string>PBXBuildFile</string>
		</dict>
		<key>115D77E217B68C59009A09F6</key>
		<dict>
			<key>fileRef</key>
			<string>115D77C417B68C59009A09F6</string>
			<key>isa</key>
			<string>PBXBuildFile</string>
		</dict>
		<key>115D77E317B68C59009A09F6</key>
		<dict>
			<key>fileRef</key>
			<string>115D77C417B68C59009A09F6</string>
			<key>isa</key>
			<string>PBXBuildFile</string>
		</dict>
		<key>115D77E417B68C59009A09F6</key>
		<dict>
			<key>fileRef</key>
			<string>115D77C517B68C59009A09F6</string>
			<key>isa</key>
			<string>PBXBuildFile</string>
		</dict>
		<key>115D77E517B68C59009A09F6</key>
		<dict>
			<key>fileRef</key>
			<string>115D77C517B68C59009A09F6</string>
			<key>isa</key>
			<string>PBXBuildFile</string>
		</dict>
		<key>115D77E617B68C59009A09F6</key>
		<dict>
			<key>fileRef</key>
			<string>115D77C617B68C59009A09F6</string>
			<key>isa</key>
			<string>PBXBuildFile</string>
		</dict>
		<key>115D77E717B68C59009A09F6</key>
		<dict>
			<key>fileRef</key>
			<string>115D77C617B68C59009A09F6</string>
			<key>isa</key>
			<string>PBXBuildFile</string>
		</dict>
		<key>115D77E817B68C59009A09F6</key>
		<dict>
			<key>fileRef</key>
			<string>115D77C717B68C59009A09F6</string>
			<key>isa</key>
			<string>PBXBuildFile</string>
		</dict>
		<key>115D77E917B68C59009A09F6</key>
		<dict>
			<key>fileRef</key>
			<string>115D77C717B68C59009A09F6</string>
			<key>isa</key>
			<string>PBXBuildFile</string>
		</dict>
		<key>115D77EA17B68C59009A09F6</key>
		<dict>
			<key>fileRef</key>
			<string>115D77C817B68C59009A09F6</string>
			<key>isa</key>
			<string>PBXBuildFile</string>
		</dict>
		<key>115D77EB17B68C59009A09F6</key>
		<dict>
			<key>fileRef</key>
			<string>115D77C817B68C59009A09F6</string>
			<key>isa</key>
			<string>PBXBuildFile</string>
		</dict>
		<key>115D77EC17B68C59009A09F6</key>
		<dict>
			<key>fileRef</key>
			<string>115D77C917B68C59009A09F6</string>
			<key>isa</key>
			<string>PBXBuildFile</string>
		</dict>
		<key>115D77ED17B68C59009A09F6</key>
		<dict>
			<key>fileRef</key>
			<string>115D77C917B68C59009A09F6</string>
			<key>isa</key>
			<string>PBXBuildFile</string>
		</dict>
		<key>115D77EE17B68C59009A09F6</key>
		<dict>
			<key>fileRef</key>
			<string>115D77CA17B68C59009A09F6</string>
			<key>isa</key>
			<string>PBXBuildFile</string>
		</dict>
		<key>115D77EF17B68C59009A09F6</key>
		<dict>
			<key>fileRef</key>
			<string>115D77CA17B68C59009A09F6</string>
			<key>isa</key>
			<string>PBXBuildFile</string>
		</dict>
		<key>115D77F017B68C59009A09F6</key>
		<dict>
			<key>fileRef</key>
			<string>115D77CB17B68C59009A09F6</string>
			<key>isa</key>
			<string>PBXBuildFile</string>
		</dict>
		<key>115D77F117B68C59009A09F6</key>
		<dict>
			<key>fileRef</key>
			<string>115D77CB17B68C59009A09F6</string>
			<key>isa</key>
			<string>PBXBuildFile</string>
		</dict>
		<key>115D77F217B68C73009A09F6</key>
		<dict>
			<key>fileEncoding</key>
			<string>4</string>
			<key>isa</key>
			<string>PBXFileReference</string>
			<key>lastKnownFileType</key>
			<string>sourcecode.c.h</string>
			<key>path</key>
			<string>MosquittoClient.h</string>
			<key>sourceTree</key>
			<string>&lt;group&gt;</string>
		</dict>
		<key>115D77F317B68C73009A09F6</key>
		<dict>
			<key>fileEncoding</key>
			<string>4</string>
			<key>isa</key>
			<string>PBXFileReference</string>
			<key>lastKnownFileType</key>
			<string>sourcecode.c.objc</string>
			<key>path</key>
			<string>MosquittoClient.m</string>
			<key>sourceTree</key>
			<string>&lt;group&gt;</string>
		</dict>
		<key>115D77F417B68C73009A09F6</key>
		<dict>
			<key>fileEncoding</key>
			<string>4</string>
			<key>isa</key>
			<string>PBXFileReference</string>
			<key>lastKnownFileType</key>
			<string>sourcecode.c.h</string>
			<key>path</key>
			<string>MosquittoMessage.h</string>
			<key>sourceTree</key>
			<string>&lt;group&gt;</string>
		</dict>
		<key>115D77F517B68C73009A09F6</key>
		<dict>
			<key>fileEncoding</key>
			<string>4</string>
			<key>isa</key>
			<string>PBXFileReference</string>
			<key>lastKnownFileType</key>
			<string>sourcecode.c.objc</string>
			<key>path</key>
			<string>MosquittoMessage.m</string>
			<key>sourceTree</key>
			<string>&lt;group&gt;</string>
		</dict>
		<key>115D77F617B68C73009A09F6</key>
		<dict>
			<key>fileRef</key>
			<string>115D77F317B68C73009A09F6</string>
			<key>isa</key>
			<string>PBXBuildFile</string>
		</dict>
		<key>115D77F717B68C73009A09F6</key>
		<dict>
			<key>fileRef</key>
			<string>115D77F317B68C73009A09F6</string>
			<key>isa</key>
			<string>PBXBuildFile</string>
		</dict>
		<key>115D77F817B68C73009A09F6</key>
		<dict>
			<key>fileRef</key>
			<string>115D77F517B68C73009A09F6</string>
			<key>isa</key>
			<string>PBXBuildFile</string>
		</dict>
		<key>115D77F917B68C73009A09F6</key>
		<dict>
			<key>fileRef</key>
			<string>115D77F517B68C73009A09F6</string>
			<key>isa</key>
			<string>PBXBuildFile</string>
		</dict>
		<key>115D783917B73C4F009A09F6</key>
		<dict>
			<key>children</key>
			<array>
				<string>115D783A17B73C4F009A09F6</string>
				<string>115D784317B73C4F009A09F6</string>
				<string>115D784617B73C4F009A09F6</string>
				<string>115D784717B73C4F009A09F6</string>
				<string>115D784817B73C4F009A09F6</string>
				<string>115D784917B73C4F009A09F6</string>
				<string>115D784A17B73C4F009A09F6</string>
				<string>115D784B17B73C4F009A09F6</string>
				<string>115D784C17B73C4F009A09F6</string>
				<string>115D784D17B73C4F009A09F6</string>
				<string>115D785B17B73C4F009A09F6</string>
				<string>115D785C17B73C4F009A09F6</string>
			</array>
			<key>isa</key>
			<string>PBXGroup</string>
			<key>name</key>
			<string>thrift</string>
			<key>path</key>
			<string>src</string>
			<key>sourceTree</key>
			<string>&lt;group&gt;</string>
		</dict>
		<key>115D783A17B73C4F009A09F6</key>
		<dict>
			<key>children</key>
			<array>
				<string>115D783B17B73C4F009A09F6</string>
				<string>115D783C17B73C4F009A09F6</string>
				<string>115D783D17B73C4F009A09F6</string>
				<string>115D783E17B73C4F009A09F6</string>
				<string>115D783F17B73C4F009A09F6</string>
				<string>115D784017B73C4F009A09F6</string>
				<string>115D784117B73C4F009A09F6</string>
				<string>115D784217B73C4F009A09F6</string>
			</array>
			<key>isa</key>
			<string>PBXGroup</string>
			<key>path</key>
			<string>protocol</string>
			<key>sourceTree</key>
			<string>&lt;group&gt;</string>
		</dict>
		<key>115D783B17B73C4F009A09F6</key>
		<dict>
			<key>fileEncoding</key>
			<string>4</string>
			<key>isa</key>
			<string>PBXFileReference</string>
			<key>lastKnownFileType</key>
			<string>sourcecode.c.h</string>
			<key>path</key>
			<string>TBinaryProtocol.h</string>
			<key>sourceTree</key>
			<string>&lt;group&gt;</string>
		</dict>
		<key>115D783C17B73C4F009A09F6</key>
		<dict>
			<key>fileEncoding</key>
			<string>4</string>
			<key>isa</key>
			<string>PBXFileReference</string>
			<key>lastKnownFileType</key>
			<string>sourcecode.c.objc</string>
			<key>path</key>
			<string>TBinaryProtocol.m</string>
			<key>sourceTree</key>
			<string>&lt;group&gt;</string>
		</dict>
		<key>115D783D17B73C4F009A09F6</key>
		<dict>
			<key>fileEncoding</key>
			<string>4</string>
			<key>isa</key>
			<string>PBXFileReference</string>
			<key>lastKnownFileType</key>
			<string>sourcecode.c.h</string>
			<key>path</key>
			<string>TProtocol.h</string>
			<key>sourceTree</key>
			<string>&lt;group&gt;</string>
		</dict>
		<key>115D783E17B73C4F009A09F6</key>
		<dict>
			<key>fileEncoding</key>
			<string>4</string>
			<key>isa</key>
			<string>PBXFileReference</string>
			<key>lastKnownFileType</key>
			<string>sourcecode.c.h</string>
			<key>path</key>
			<string>TProtocolException.h</string>
			<key>sourceTree</key>
			<string>&lt;group&gt;</string>
		</dict>
		<key>115D783F17B73C4F009A09F6</key>
		<dict>
			<key>fileEncoding</key>
			<string>4</string>
			<key>isa</key>
			<string>PBXFileReference</string>
			<key>lastKnownFileType</key>
			<string>sourcecode.c.objc</string>
			<key>path</key>
			<string>TProtocolException.m</string>
			<key>sourceTree</key>
			<string>&lt;group&gt;</string>
		</dict>
		<key>115D784017B73C4F009A09F6</key>
		<dict>
			<key>fileEncoding</key>
			<string>4</string>
			<key>isa</key>
			<string>PBXFileReference</string>
			<key>lastKnownFileType</key>
			<string>sourcecode.c.h</string>
			<key>path</key>
			<string>TProtocolFactory.h</string>
			<key>sourceTree</key>
			<string>&lt;group&gt;</string>
		</dict>
		<key>115D784117B73C4F009A09F6</key>
		<dict>
			<key>fileEncoding</key>
			<string>4</string>
			<key>isa</key>
			<string>PBXFileReference</string>
			<key>lastKnownFileType</key>
			<string>sourcecode.c.h</string>
			<key>path</key>
			<string>TProtocolUtil.h</string>
			<key>sourceTree</key>
			<string>&lt;group&gt;</string>
		</dict>
		<key>115D784217B73C4F009A09F6</key>
		<dict>
			<key>fileEncoding</key>
			<string>4</string>
			<key>isa</key>
			<string>PBXFileReference</string>
			<key>lastKnownFileType</key>
			<string>sourcecode.c.objc</string>
			<key>path</key>
			<string>TProtocolUtil.m</string>
			<key>sourceTree</key>
			<string>&lt;group&gt;</string>
		</dict>
		<key>115D784317B73C4F009A09F6</key>
		<dict>
			<key>children</key>
			<array>
				<string>115D784417B73C4F009A09F6</string>
				<string>115D784517B73C4F009A09F6</string>
			</array>
			<key>isa</key>
			<string>PBXGroup</string>
			<key>path</key>
			<string>server</string>
			<key>sourceTree</key>
			<string>&lt;group&gt;</string>
		</dict>
		<key>115D784417B73C4F009A09F6</key>
		<dict>
			<key>fileEncoding</key>
			<string>4</string>
			<key>isa</key>
			<string>PBXFileReference</string>
			<key>lastKnownFileType</key>
			<string>sourcecode.c.h</string>
			<key>path</key>
			<string>TSocketServer.h</string>
			<key>sourceTree</key>
			<string>&lt;group&gt;</string>
		</dict>
		<key>115D784517B73C4F009A09F6</key>
		<dict>
			<key>fileEncoding</key>
			<string>4</string>
			<key>isa</key>
			<string>PBXFileReference</string>
			<key>lastKnownFileType</key>
			<string>sourcecode.c.objc</string>
			<key>path</key>
			<string>TSocketServer.m</string>
			<key>sourceTree</key>
			<string>&lt;group&gt;</string>
		</dict>
		<key>115D784617B73C4F009A09F6</key>
		<dict>
			<key>fileEncoding</key>
			<string>4</string>
			<key>isa</key>
			<string>PBXFileReference</string>
			<key>lastKnownFileType</key>
			<string>sourcecode.c.h</string>
			<key>path</key>
			<string>TApplicationException.h</string>
			<key>sourceTree</key>
			<string>&lt;group&gt;</string>
		</dict>
		<key>115D784717B73C4F009A09F6</key>
		<dict>
			<key>fileEncoding</key>
			<string>4</string>
			<key>isa</key>
			<string>PBXFileReference</string>
			<key>lastKnownFileType</key>
			<string>sourcecode.c.objc</string>
			<key>path</key>
			<string>TApplicationException.m</string>
			<key>sourceTree</key>
			<string>&lt;group&gt;</string>
		</dict>
		<key>115D784817B73C4F009A09F6</key>
		<dict>
			<key>fileEncoding</key>
			<string>4</string>
			<key>isa</key>
			<string>PBXFileReference</string>
			<key>lastKnownFileType</key>
			<string>sourcecode.c.h</string>
			<key>path</key>
			<string>TException.h</string>
			<key>sourceTree</key>
			<string>&lt;group&gt;</string>
		</dict>
		<key>115D784917B73C4F009A09F6</key>
		<dict>
			<key>fileEncoding</key>
			<string>4</string>
			<key>isa</key>
			<string>PBXFileReference</string>
			<key>lastKnownFileType</key>
			<string>sourcecode.c.objc</string>
			<key>path</key>
			<string>TException.m</string>
			<key>sourceTree</key>
			<string>&lt;group&gt;</string>
		</dict>
		<key>115D784A17B73C4F009A09F6</key>
		<dict>
			<key>fileEncoding</key>
			<string>4</string>
			<key>isa</key>
			<string>PBXFileReference</string>
			<key>lastKnownFileType</key>
			<string>sourcecode.c.h</string>
			<key>path</key>
			<string>TObjective-C.h</string>
			<key>sourceTree</key>
			<string>&lt;group&gt;</string>
		</dict>
		<key>115D784B17B73C4F009A09F6</key>
		<dict>
			<key>fileEncoding</key>
			<string>4</string>
			<key>isa</key>
			<string>PBXFileReference</string>
			<key>lastKnownFileType</key>
			<string>sourcecode.c.h</string>
			<key>path</key>
			<string>TProcessor.h</string>
			<key>sourceTree</key>
			<string>&lt;group&gt;</string>
		</dict>
		<key>115D784C17B73C4F009A09F6</key>
		<dict>
			<key>fileEncoding</key>
			<string>4</string>
			<key>isa</key>
			<string>PBXFileReference</string>
			<key>lastKnownFileType</key>
			<string>sourcecode.c.h</string>
			<key>path</key>
			<string>TProcessorFactory.h</string>
			<key>sourceTree</key>
			<string>&lt;group&gt;</string>
		</dict>
		<key>115D784D17B73C4F009A09F6</key>
		<dict>
			<key>children</key>
			<array>
				<string>115D784E17B73C4F009A09F6</string>
				<string>115D784F17B73C4F009A09F6</string>
				<string>115D785017B73C4F009A09F6</string>
				<string>115D785117B73C4F009A09F6</string>
				<string>115D785217B73C4F009A09F6</string>
				<string>115D785317B73C4F009A09F6</string>
				<string>115D785417B73C4F009A09F6</string>
				<string>115D785517B73C4F009A09F6</string>
				<string>115D785617B73C4F009A09F6</string>
				<string>115D785717B73C4F009A09F6</string>
				<string>115D785817B73C4F009A09F6</string>
				<string>115D785917B73C4F009A09F6</string>
				<string>115D785A17B73C4F009A09F6</string>
			</array>
			<key>isa</key>
			<string>PBXGroup</string>
			<key>path</key>
			<string>transport</string>
			<key>sourceTree</key>
			<string>&lt;group&gt;</string>
		</dict>
		<key>115D784E17B73C4F009A09F6</key>
		<dict>
			<key>fileEncoding</key>
			<string>4</string>
			<key>isa</key>
			<string>PBXFileReference</string>
			<key>lastKnownFileType</key>
			<string>sourcecode.c.h</string>
			<key>path</key>
			<string>THTTPClient.h</string>
			<key>sourceTree</key>
			<string>&lt;group&gt;</string>
		</dict>
		<key>115D784F17B73C4F009A09F6</key>
		<dict>
			<key>fileEncoding</key>
			<string>4</string>
			<key>isa</key>
			<string>PBXFileReference</string>
			<key>lastKnownFileType</key>
			<string>sourcecode.c.objc</string>
			<key>path</key>
			<string>THTTPClient.m</string>
			<key>sourceTree</key>
			<string>&lt;group&gt;</string>
		</dict>
		<key>115D785017B73C4F009A09F6</key>
		<dict>
			<key>fileEncoding</key>
			<string>4</string>
			<key>isa</key>
			<string>PBXFileReference</string>
			<key>lastKnownFileType</key>
			<string>sourcecode.c.h</string>
			<key>path</key>
			<string>TMemoryBuffer.h</string>
			<key>sourceTree</key>
			<string>&lt;group&gt;</string>
		</dict>
		<key>115D785117B73C4F009A09F6</key>
		<dict>
			<key>fileEncoding</key>
			<string>4</string>
			<key>isa</key>
			<string>PBXFileReference</string>
			<key>lastKnownFileType</key>
			<string>sourcecode.c.objc</string>
			<key>path</key>
			<string>TMemoryBuffer.m</string>
			<key>sourceTree</key>
			<string>&lt;group&gt;</string>
		</dict>
		<key>115D785217B73C4F009A09F6</key>
		<dict>
			<key>fileEncoding</key>
			<string>4</string>
			<key>isa</key>
			<string>PBXFileReference</string>
			<key>lastKnownFileType</key>
			<string>sourcecode.c.h</string>
			<key>path</key>
			<string>TNSFileHandleTransport.h</string>
			<key>sourceTree</key>
			<string>&lt;group&gt;</string>
		</dict>
		<key>115D785317B73C4F009A09F6</key>
		<dict>
			<key>fileEncoding</key>
			<string>4</string>
			<key>isa</key>
			<string>PBXFileReference</string>
			<key>lastKnownFileType</key>
			<string>sourcecode.c.objc</string>
			<key>path</key>
			<string>TNSFileHandleTransport.m</string>
			<key>sourceTree</key>
			<string>&lt;group&gt;</string>
		</dict>
		<key>115D785417B73C4F009A09F6</key>
		<dict>
			<key>fileEncoding</key>
			<string>4</string>
			<key>isa</key>
			<string>PBXFileReference</string>
			<key>lastKnownFileType</key>
			<string>sourcecode.c.h</string>
			<key>path</key>
			<string>TNSStreamTransport.h</string>
			<key>sourceTree</key>
			<string>&lt;group&gt;</string>
		</dict>
		<key>115D785517B73C4F009A09F6</key>
		<dict>
			<key>fileEncoding</key>
			<string>4</string>
			<key>isa</key>
			<string>PBXFileReference</string>
			<key>lastKnownFileType</key>
			<string>sourcecode.c.objc</string>
			<key>path</key>
			<string>TNSStreamTransport.m</string>
			<key>sourceTree</key>
			<string>&lt;group&gt;</string>
		</dict>
		<key>115D785617B73C4F009A09F6</key>
		<dict>
			<key>fileEncoding</key>
			<string>4</string>
			<key>isa</key>
			<string>PBXFileReference</string>
			<key>lastKnownFileType</key>
			<string>sourcecode.c.h</string>
			<key>path</key>
			<string>TSocketClient.h</string>
			<key>sourceTree</key>
			<string>&lt;group&gt;</string>
		</dict>
		<key>115D785717B73C4F009A09F6</key>
		<dict>
			<key>fileEncoding</key>
			<string>4</string>
			<key>isa</key>
			<string>PBXFileReference</string>
			<key>lastKnownFileType</key>
			<string>sourcecode.c.objc</string>
			<key>path</key>
			<string>TSocketClient.m</string>
			<key>sourceTree</key>
			<string>&lt;group&gt;</string>
		</dict>
		<key>115D785817B73C4F009A09F6</key>
		<dict>
			<key>fileEncoding</key>
			<string>4</string>
			<key>isa</key>
			<string>PBXFileReference</string>
			<key>lastKnownFileType</key>
			<string>sourcecode.c.h</string>
			<key>path</key>
			<string>TTransport.h</string>
			<key>sourceTree</key>
			<string>&lt;group&gt;</string>
		</dict>
		<key>115D785917B73C4F009A09F6</key>
		<dict>
			<key>fileEncoding</key>
			<string>4</string>
			<key>isa</key>
			<string>PBXFileReference</string>
			<key>lastKnownFileType</key>
			<string>sourcecode.c.h</string>
			<key>path</key>
			<string>TTransportException.h</string>
			<key>sourceTree</key>
			<string>&lt;group&gt;</string>
		</dict>
		<key>115D785A17B73C4F009A09F6</key>
		<dict>
			<key>fileEncoding</key>
			<string>4</string>
			<key>isa</key>
			<string>PBXFileReference</string>
			<key>lastKnownFileType</key>
			<string>sourcecode.c.objc</string>
			<key>path</key>
			<string>TTransportException.m</string>
			<key>sourceTree</key>
			<string>&lt;group&gt;</string>
		</dict>
		<key>115D785B17B73C4F009A09F6</key>
		<dict>
			<key>fileEncoding</key>
			<string>4</string>
			<key>isa</key>
			<string>PBXFileReference</string>
			<key>lastKnownFileType</key>
			<string>sourcecode.c.h</string>
			<key>path</key>
			<string>TSharedProcessorFactory.h</string>
			<key>sourceTree</key>
			<string>&lt;group&gt;</string>
		</dict>
		<key>115D785C17B73C4F009A09F6</key>
		<dict>
			<key>fileEncoding</key>
			<string>4</string>
			<key>isa</key>
			<string>PBXFileReference</string>
			<key>lastKnownFileType</key>
			<string>sourcecode.c.objc</string>
			<key>path</key>
			<string>TSharedProcessorFactory.m</string>
			<key>sourceTree</key>
			<string>&lt;group&gt;</string>
		</dict>
		<key>115D785D17B73C4F009A09F6</key>
		<dict>
			<key>fileRef</key>
			<string>115D783C17B73C4F009A09F6</string>
			<key>isa</key>
			<string>PBXBuildFile</string>
		</dict>
		<key>115D785E17B73C4F009A09F6</key>
		<dict>
			<key>fileRef</key>
			<string>115D783C17B73C4F009A09F6</string>
			<key>isa</key>
			<string>PBXBuildFile</string>
		</dict>
		<key>115D785F17B73C4F009A09F6</key>
		<dict>
			<key>fileRef</key>
			<string>115D783F17B73C4F009A09F6</string>
			<key>isa</key>
			<string>PBXBuildFile</string>
		</dict>
		<key>115D786017B73C4F009A09F6</key>
		<dict>
			<key>fileRef</key>
			<string>115D783F17B73C4F009A09F6</string>
			<key>isa</key>
			<string>PBXBuildFile</string>
		</dict>
		<key>115D786117B73C4F009A09F6</key>
		<dict>
			<key>fileRef</key>
			<string>115D784217B73C4F009A09F6</string>
			<key>isa</key>
			<string>PBXBuildFile</string>
		</dict>
		<key>115D786217B73C4F009A09F6</key>
		<dict>
			<key>fileRef</key>
			<string>115D784217B73C4F009A09F6</string>
			<key>isa</key>
			<string>PBXBuildFile</string>
		</dict>
		<key>115D786317B73C4F009A09F6</key>
		<dict>
			<key>fileRef</key>
			<string>115D784517B73C4F009A09F6</string>
			<key>isa</key>
			<string>PBXBuildFile</string>
		</dict>
		<key>115D786417B73C4F009A09F6</key>
		<dict>
			<key>fileRef</key>
			<string>115D784517B73C4F009A09F6</string>
			<key>isa</key>
			<string>PBXBuildFile</string>
		</dict>
		<key>115D786517B73C4F009A09F6</key>
		<dict>
			<key>fileRef</key>
			<string>115D784717B73C4F009A09F6</string>
			<key>isa</key>
			<string>PBXBuildFile</string>
		</dict>
		<key>115D786617B73C4F009A09F6</key>
		<dict>
			<key>fileRef</key>
			<string>115D784717B73C4F009A09F6</string>
			<key>isa</key>
			<string>PBXBuildFile</string>
		</dict>
		<key>115D786717B73C4F009A09F6</key>
		<dict>
			<key>fileRef</key>
			<string>115D784917B73C4F009A09F6</string>
			<key>isa</key>
			<string>PBXBuildFile</string>
		</dict>
		<key>115D786817B73C4F009A09F6</key>
		<dict>
			<key>fileRef</key>
			<string>115D784917B73C4F009A09F6</string>
			<key>isa</key>
			<string>PBXBuildFile</string>
		</dict>
		<key>115D786917B73C4F009A09F6</key>
		<dict>
			<key>fileRef</key>
			<string>115D784F17B73C4F009A09F6</string>
			<key>isa</key>
			<string>PBXBuildFile</string>
		</dict>
		<key>115D786A17B73C4F009A09F6</key>
		<dict>
			<key>fileRef</key>
			<string>115D784F17B73C4F009A09F6</string>
			<key>isa</key>
			<string>PBXBuildFile</string>
		</dict>
		<key>115D786B17B73C4F009A09F6</key>
		<dict>
			<key>fileRef</key>
			<string>115D785117B73C4F009A09F6</string>
			<key>isa</key>
			<string>PBXBuildFile</string>
		</dict>
		<key>115D786C17B73C4F009A09F6</key>
		<dict>
			<key>fileRef</key>
			<string>115D785117B73C4F009A09F6</string>
			<key>isa</key>
			<string>PBXBuildFile</string>
		</dict>
		<key>115D786D17B73C4F009A09F6</key>
		<dict>
			<key>fileRef</key>
			<string>115D785317B73C4F009A09F6</string>
			<key>isa</key>
			<string>PBXBuildFile</string>
		</dict>
		<key>115D786E17B73C4F009A09F6</key>
		<dict>
			<key>fileRef</key>
			<string>115D785317B73C4F009A09F6</string>
			<key>isa</key>
			<string>PBXBuildFile</string>
		</dict>
		<key>115D786F17B73C4F009A09F6</key>
		<dict>
			<key>fileRef</key>
			<string>115D785517B73C4F009A09F6</string>
			<key>isa</key>
			<string>PBXBuildFile</string>
		</dict>
		<key>115D787017B73C4F009A09F6</key>
		<dict>
			<key>fileRef</key>
			<string>115D785517B73C4F009A09F6</string>
			<key>isa</key>
			<string>PBXBuildFile</string>
		</dict>
		<key>115D787117B73C4F009A09F6</key>
		<dict>
			<key>fileRef</key>
			<string>115D785717B73C4F009A09F6</string>
			<key>isa</key>
			<string>PBXBuildFile</string>
		</dict>
		<key>115D787217B73C4F009A09F6</key>
		<dict>
			<key>fileRef</key>
			<string>115D785717B73C4F009A09F6</string>
			<key>isa</key>
			<string>PBXBuildFile</string>
		</dict>
		<key>115D787317B73C4F009A09F6</key>
		<dict>
			<key>fileRef</key>
			<string>115D785A17B73C4F009A09F6</string>
			<key>isa</key>
			<string>PBXBuildFile</string>
		</dict>
		<key>115D787417B73C4F009A09F6</key>
		<dict>
			<key>fileRef</key>
			<string>115D785A17B73C4F009A09F6</string>
			<key>isa</key>
			<string>PBXBuildFile</string>
		</dict>
		<key>115D787517B73C4F009A09F6</key>
		<dict>
			<key>fileRef</key>
			<string>115D785C17B73C4F009A09F6</string>
			<key>isa</key>
			<string>PBXBuildFile</string>
		</dict>
		<key>115D787617B73C4F009A09F6</key>
		<dict>
			<key>fileRef</key>
			<string>115D785C17B73C4F009A09F6</string>
			<key>isa</key>
			<string>PBXBuildFile</string>
		</dict>
		<key>115D787717B73C94009A09F6</key>
		<dict>
			<key>children</key>
			<array>
				<string>115D787817B73C94009A09F6</string>
				<string>115D787917B73C94009A09F6</string>
			</array>
			<key>isa</key>
			<string>PBXGroup</string>
			<key>name</key>
			<string>gen-cocoa</string>
			<key>path</key>
			<string>../../../nordbe/src/rpc/gen-cocoa</string>
			<key>sourceTree</key>
			<string>&lt;group&gt;</string>
		</dict>
		<key>115D787817B73C94009A09F6</key>
		<dict>
			<key>fileEncoding</key>
			<string>4</string>
			<key>isa</key>
			<string>PBXFileReference</string>
			<key>lastKnownFileType</key>
			<string>sourcecode.c.h</string>
			<key>path</key>
			<string>services.h</string>
			<key>sourceTree</key>
			<string>&lt;group&gt;</string>
		</dict>
		<key>115D787917B73C94009A09F6</key>
		<dict>
			<key>fileEncoding</key>
			<string>4</string>
			<key>isa</key>
			<string>PBXFileReference</string>
			<key>lastKnownFileType</key>
			<string>sourcecode.c.objc</string>
			<key>path</key>
			<string>services.m</string>
			<key>sourceTree</key>
			<string>&lt;group&gt;</string>
		</dict>
		<key>115D787A17B73C94009A09F6</key>
		<dict>
			<key>fileRef</key>
			<string>115D787917B73C94009A09F6</string>
			<key>isa</key>
			<string>PBXBuildFile</string>
		</dict>
		<key>115D787B17B73C94009A09F6</key>
		<dict>
			<key>fileRef</key>
			<string>115D787917B73C94009A09F6</string>
			<key>isa</key>
			<string>PBXBuildFile</string>
		</dict>
		<key>11A5981617B859EA00BF7647</key>
		<dict>
			<key>fileEncoding</key>
			<string>4</string>
			<key>isa</key>
			<string>PBXFileReference</string>
			<key>lastKnownFileType</key>
			<string>sourcecode.c.h</string>
			<key>path</key>
			<string>RHCoreDataCollectionViewController.h</string>
			<key>sourceTree</key>
			<string>&lt;group&gt;</string>
		</dict>
		<key>11A5981717B859EA00BF7647</key>
		<dict>
			<key>fileEncoding</key>
			<string>4</string>
			<key>isa</key>
			<string>PBXFileReference</string>
			<key>lastKnownFileType</key>
			<string>sourcecode.c.objc</string>
			<key>path</key>
			<string>RHCoreDataCollectionViewController.m</string>
			<key>sourceTree</key>
			<string>&lt;group&gt;</string>
		</dict>
		<key>11A5981817B859EA00BF7647</key>
		<dict>
			<key>fileEncoding</key>
			<string>4</string>
			<key>isa</key>
			<string>PBXFileReference</string>
			<key>lastKnownFileType</key>
			<string>sourcecode.c.h</string>
			<key>path</key>
			<string>RHCoreDataTableViewController.h</string>
			<key>sourceTree</key>
			<string>&lt;group&gt;</string>
		</dict>
		<key>11A5981917B859EA00BF7647</key>
		<dict>
			<key>fileEncoding</key>
			<string>4</string>
			<key>isa</key>
			<string>PBXFileReference</string>
			<key>lastKnownFileType</key>
			<string>sourcecode.c.objc</string>
			<key>path</key>
			<string>RHCoreDataTableViewController.m</string>
			<key>sourceTree</key>
			<string>&lt;group&gt;</string>
		</dict>
		<key>11A5981A17B859EA00BF7647</key>
		<dict>
			<key>fileEncoding</key>
			<string>4</string>
			<key>isa</key>
			<string>PBXFileReference</string>
			<key>lastKnownFileType</key>
			<string>sourcecode.c.h</string>
			<key>path</key>
			<string>RHManagedObject.h</string>
			<key>sourceTree</key>
			<string>&lt;group&gt;</string>
		</dict>
		<key>11A5981B17B859EA00BF7647</key>
		<dict>
			<key>fileEncoding</key>
			<string>4</string>
			<key>isa</key>
			<string>PBXFileReference</string>
			<key>lastKnownFileType</key>
			<string>sourcecode.c.objc</string>
			<key>path</key>
			<string>RHManagedObject.m</string>
			<key>sourceTree</key>
			<string>&lt;group&gt;</string>
		</dict>
		<key>11A5981C17B859EA00BF7647</key>
		<dict>
			<key>fileEncoding</key>
			<string>4</string>
			<key>isa</key>
			<string>PBXFileReference</string>
			<key>lastKnownFileType</key>
			<string>sourcecode.c.h</string>
			<key>path</key>
			<string>RHManagedObjectContextManager.h</string>
			<key>sourceTree</key>
			<string>&lt;group&gt;</string>
		</dict>
		<key>11A5981D17B859EA00BF7647</key>
		<dict>
			<key>fileEncoding</key>
			<string>4</string>
			<key>isa</key>
			<string>PBXFileReference</string>
			<key>lastKnownFileType</key>
			<string>sourcecode.c.objc</string>
			<key>path</key>
			<string>RHManagedObjectContextManager.m</string>
			<key>sourceTree</key>
			<string>&lt;group&gt;</string>
		</dict>
		<key>11A5981E17B859EA00BF7647</key>
		<dict>
			<key>fileRef</key>
			<string>11A5981717B859EA00BF7647</string>
			<key>isa</key>
			<string>PBXBuildFile</string>
		</dict>
		<key>11A5981F17B859EA00BF7647</key>
		<dict>
			<key>fileRef</key>
			<string>11A5981917B859EA00BF7647</string>
			<key>isa</key>
			<string>PBXBuildFile</string>
		</dict>
		<key>11A5982017B859EA00BF7647</key>
		<dict>
			<key>fileRef</key>
			<string>11A5981B17B859EA00BF7647</string>
			<key>isa</key>
			<string>PBXBuildFile</string>
		</dict>
		<key>11A5982117B859EA00BF7647</key>
		<dict>
			<key>fileRef</key>
			<string>11A5981D17B859EA00BF7647</string>
			<key>isa</key>
			<string>PBXBuildFile</string>
		</dict>
		<key>11A5982217B859F300BF7647</key>
		<dict>
			<key>children</key>
			<array>
				<string>11A5981617B859EA00BF7647</string>
				<string>11A5981717B859EA00BF7647</string>
				<string>11A5981817B859EA00BF7647</string>
				<string>11A5981917B859EA00BF7647</string>
				<string>11A5981A17B859EA00BF7647</string>
				<string>11A5981B17B859EA00BF7647</string>
				<string>11A5981C17B859EA00BF7647</string>
				<string>11A5981D17B859EA00BF7647</string>
			</array>
			<key>isa</key>
			<string>PBXGroup</string>
			<key>name</key>
			<string>RHManagedObject</string>
			<key>sourceTree</key>
			<string>&lt;group&gt;</string>
		</dict>
		<key>11A5982C17B85A2E00BF7647</key>
		<dict>
			<key>children</key>
			<array>
				<string>11A5982217B859F300BF7647</string>
				<string>11A5983017B85B8900BF7647</string>
				<string>1139D8F717BDC04A00564087</string>
				<string>1139D8F817BDC04A00564087</string>
				<string>1139D8F417BDC04900564087</string>
				<string>1139D8F517BDC04900564087</string>
				<string>1139D8F117BDC04800564087</string>
				<string>1139D8F217BDC04800564087</string>
				<string>11EBF28B17B8618900550B9D</string>
				<string>11EBF28C17B8618900550B9D</string>
				<string>11EBF28E17B861AC00550B9D</string>
				<string>11EBF28F17B861AC00550B9D</string>
				<string>11A5984417B85FBD00BF7647</string>
				<string>11A5984517B85FBD00BF7647</string>
			</array>
			<key>isa</key>
			<string>PBXGroup</string>
			<key>name</key>
			<string>model</string>
			<key>sourceTree</key>
			<string>&lt;group&gt;</string>
		</dict>
		<key>11A5982D17B85AFB00BF7647</key>
		<dict>
			<key>isa</key>
			<string>PBXFileReference</string>
			<key>lastKnownFileType</key>
			<string>wrapper.framework</string>
			<key>name</key>
			<string>CoreData.framework</string>
			<key>path</key>
			<string>System/Library/Frameworks/CoreData.framework</string>
			<key>sourceTree</key>
			<string>SDKROOT</string>
		</dict>
		<key>11A5982E17B85AFB00BF7647</key>
		<dict>
			<key>fileRef</key>
			<string>11A5982D17B85AFB00BF7647</string>
			<key>isa</key>
			<string>PBXBuildFile</string>
		</dict>
		<key>11A5983017B85B8900BF7647</key>
		<dict>
			<key>isa</key>
			<string>PBXFileReference</string>
			<key>lastKnownFileType</key>
			<string>wrapper.xcdatamodel</string>
			<key>path</key>
			<string>Narad.xcdatamodel</string>
			<key>sourceTree</key>
			<string>&lt;group&gt;</string>
		</dict>
		<key>11A5983117B85B8900BF7647</key>
		<dict>
			<key>fileRef</key>
			<string>11A5983017B85B8900BF7647</string>
			<key>isa</key>
			<string>PBXBuildFile</string>
		</dict>
		<key>11A5984417B85FBD00BF7647</key>
		<dict>
			<key>fileEncoding</key>
			<string>4</string>
			<key>isa</key>
			<string>PBXFileReference</string>
			<key>lastKnownFileType</key>
			<string>sourcecode.c.h</string>
			<key>path</key>
			<string>SRIConversation.h</string>
			<key>sourceTree</key>
			<string>&lt;group&gt;</string>
		</dict>
		<key>11A5984517B85FBD00BF7647</key>
		<dict>
			<key>fileEncoding</key>
			<string>4</string>
			<key>isa</key>
			<string>PBXFileReference</string>
			<key>lastKnownFileType</key>
			<string>sourcecode.c.objc</string>
			<key>path</key>
			<string>SRIConversation.m</string>
			<key>sourceTree</key>
			<string>&lt;group&gt;</string>
		</dict>
		<key>11A5984617B85FBD00BF7647</key>
		<dict>
			<key>fileRef</key>
			<string>11A5984517B85FBD00BF7647</string>
			<key>isa</key>
			<string>PBXBuildFile</string>
		</dict>
		<key>11BC549B17C2C187001CCDD7</key>
		<dict>
			<key>fileEncoding</key>
			<string>4</string>
			<key>isa</key>
			<string>PBXFileReference</string>
			<key>lastKnownFileType</key>
			<string>sourcecode.c.h</string>
			<key>path</key>
			<string>SRISingleton.h</string>
			<key>sourceTree</key>
			<string>&lt;group&gt;</string>
		</dict>
		<key>11BC549C17C2C187001CCDD7</key>
		<dict>
			<key>fileEncoding</key>
			<string>4</string>
			<key>isa</key>
			<string>PBXFileReference</string>
			<key>lastKnownFileType</key>
			<string>sourcecode.c.objc</string>
			<key>path</key>
			<string>SRISingleton.m</string>
			<key>sourceTree</key>
			<string>&lt;group&gt;</string>
		</dict>
		<key>11BC549D17C2C187001CCDD7</key>
		<dict>
			<key>fileRef</key>
			<string>11BC549C17C2C187001CCDD7</string>
			<key>isa</key>
			<string>PBXBuildFile</string>
		</dict>
		<key>11BC549E17C2C272001CCDD7</key>
		<dict>
			<key>fileEncoding</key>
			<string>4</string>
			<key>isa</key>
			<string>PBXFileReference</string>
			<key>lastKnownFileType</key>
			<string>sourcecode.c.h</string>
			<key>path</key>
			<string>SRICredentialsManager.h</string>
			<key>sourceTree</key>
			<string>&lt;group&gt;</string>
		</dict>
		<key>11BC549F17C2C272001CCDD7</key>
		<dict>
			<key>fileEncoding</key>
			<string>4</string>
			<key>isa</key>
			<string>PBXFileReference</string>
			<key>lastKnownFileType</key>
			<string>sourcecode.c.objc</string>
			<key>path</key>
			<string>SRICredentialsManager.m</string>
			<key>sourceTree</key>
			<string>&lt;group&gt;</string>
		</dict>
		<key>11BC54A017C2C272001CCDD7</key>
		<dict>
			<key>fileRef</key>
			<string>11BC549F17C2C272001CCDD7</string>
			<key>isa</key>
			<string>PBXBuildFile</string>
		</dict>
		<key>11BC54A117C2C450001CCDD7</key>
		<dict>
			<key>isa</key>
			<string>PBXFileReference</string>
			<key>lastKnownFileType</key>
			<string>wrapper.framework</string>
			<key>name</key>
			<string>Security.framework</string>
			<key>path</key>
			<string>System/Library/Frameworks/Security.framework</string>
			<key>sourceTree</key>
			<string>SDKROOT</string>
		</dict>
		<key>11BC54A217C2C450001CCDD7</key>
		<dict>
			<key>fileRef</key>
			<string>11BC54A117C2C450001CCDD7</string>
			<key>isa</key>
			<string>PBXBuildFile</string>
		</dict>
		<key>11EBF28B17B8618900550B9D</key>
		<dict>
			<key>fileEncoding</key>
			<string>4</string>
			<key>isa</key>
			<string>PBXFileReference</string>
			<key>lastKnownFileType</key>
			<string>sourcecode.c.h</string>
			<key>path</key>
			<string>SRIMessage.h</string>
			<key>sourceTree</key>
			<string>&lt;group&gt;</string>
		</dict>
		<key>11EBF28C17B8618900550B9D</key>
		<dict>
			<key>fileEncoding</key>
			<string>4</string>
			<key>isa</key>
			<string>PBXFileReference</string>
			<key>lastKnownFileType</key>
			<string>sourcecode.c.objc</string>
			<key>path</key>
			<string>SRIMessage.m</string>
			<key>sourceTree</key>
			<string>&lt;group&gt;</string>
		</dict>
		<key>11EBF28D17B8618900550B9D</key>
		<dict>
			<key>fileRef</key>
			<string>11EBF28C17B8618900550B9D</string>
			<key>isa</key>
			<string>PBXBuildFile</string>
		</dict>
		<key>11EBF28E17B861AC00550B9D</key>
		<dict>
			<key>fileEncoding</key>
			<string>4</string>
			<key>isa</key>
			<string>PBXFileReference</string>
			<key>lastKnownFileType</key>
			<string>sourcecode.c.h</string>
			<key>path</key>
			<string>SRIUser.h</string>
			<key>sourceTree</key>
			<string>&lt;group&gt;</string>
		</dict>
		<key>11EBF28F17B861AC00550B9D</key>
		<dict>
			<key>fileEncoding</key>
			<string>4</string>
			<key>isa</key>
			<string>PBXFileReference</string>
			<key>lastKnownFileType</key>
			<string>sourcecode.c.objc</string>
			<key>path</key>
			<string>SRIUser.m</string>
			<key>sourceTree</key>
			<string>&lt;group&gt;</string>
		</dict>
		<key>11EBF29017B861AC00550B9D</key>
		<dict>
			<key>fileRef</key>
			<string>11EBF28F17B861AC00550B9D</string>
			<key>isa</key>
			<string>PBXBuildFile</string>
		</dict>
		<key>68B9BD0850914A9CB434468A</key>
		<dict>
			<key>buildActionMask</key>
			<string>2147483647</string>
			<key>files</key>
			<array/>
			<key>inputPaths</key>
			<array/>
			<key>isa</key>
			<string>PBXShellScriptBuildPhase</string>
			<key>name</key>
			<string>Copy Pods Resources</string>
			<key>outputPaths</key>
			<array/>
			<key>runOnlyForDeploymentPostprocessing</key>
			<string>0</string>
			<key>shellPath</key>
			<string>/bin/sh</string>
			<key>shellScript</key>
			<string>"${SRCROOT}/Pods/Pods-resources.sh"
</string>
			<key>showEnvVarsInLog</key>
			<string>0</string>
		</dict>
		<key>AD9B39A9520E4D20AD56BF96</key>
		<dict>
			<key>buildActionMask</key>
			<string>2147483647</string>
			<key>files</key>
			<array/>
			<key>inputPaths</key>
			<array/>
			<key>isa</key>
			<string>PBXShellScriptBuildPhase</string>
			<key>name</key>
			<string>Check Pods Manifest.lock</string>
			<key>outputPaths</key>
			<array/>
			<key>runOnlyForDeploymentPostprocessing</key>
			<string>0</string>
			<key>shellPath</key>
			<string>/bin/sh</string>
			<key>shellScript</key>
			<string>diff "${PODS_ROOT}/../Podfile.lock" "${PODS_ROOT}/Manifest.lock" &gt; /dev/null
if [[ $? != 0 ]] ; then
    cat &lt;&lt; EOM
error: The sandbox is not in sync with the Podfile.lock. Run 'pod install' or update your CocoaPods installation.
EOM
    exit 1
fi
</string>
			<key>showEnvVarsInLog</key>
			<string>0</string>
		</dict>
		<key>EB0718EE79BE4CFFB782C541</key>
		<dict>
			<key>includeInIndex</key>
			<string>1</string>
			<key>isa</key>
			<string>PBXFileReference</string>
			<key>lastKnownFileType</key>
			<string>text.xcconfig</string>
			<key>name</key>
			<string>Pods.xcconfig</string>
			<key>path</key>
			<string>Pods/Pods.xcconfig</string>
			<key>sourceTree</key>
			<string>SOURCE_ROOT</string>
		</dict>
		<key>EB70A5D1F5A543A888FAE002</key>
		<dict>
			<key>fileRef</key>
			<string>FE7D065FAF8E48B18C41F163</string>
			<key>isa</key>
			<string>PBXBuildFile</string>
		</dict>
		<key>FE7D065FAF8E48B18C41F163</key>
		<dict>
			<key>explicitFileType</key>
			<string>archive.ar</string>
			<key>includeInIndex</key>
			<string>0</string>
			<key>isa</key>
			<string>PBXFileReference</string>
			<key>path</key>
			<string>libPods.a</string>
			<key>sourceTree</key>
			<string>BUILT_PRODUCTS_DIR</string>
		</dict>
	</dict>
	<key>rootObject</key>
	<string>115D777717B68C05009A09F6</string>
</dict>
</plist>
